
Microsoft Visual Studio Solution File, Format Version 12.00
# Visual Studio Version 17
VisualStudioVersion = 17.0.32112.339
MinimumVisualStudioVersion = 10.0.40219.1
Project("{2150E333-8FDC-42A3-9474-1A3956D46DE8}") = "Solution Items", "Solution Items", "{BEC97CEE-C95E-4C8E-9AEC-526D27C06EC6}"
	ProjectSection(SolutionItems) = preProject
		BHL.vsmdi = BHL.vsmdi
		Local.testsettings = Local.testsettings
		TraceAndTestImpact.testsettings = TraceAndTestImpact.testsettings
	EndProjectSection
EndProject
Project("{9A19103F-16F7-4668-BE54-9A1E7A4F7556}") = "BHLApiDAL", "NameServiceDAL\BHLApiDAL.csproj", "{DB3BF959-1D08-441B-8622-F4E066DE91DC}"
EndProject
Project("{9A19103F-16F7-4668-BE54-9A1E7A4F7556}") = "BHLApiDataObjects", "NameServiceDataObjects\BHLApiDataObjects.csproj", "{EF8580AD-4BF2-4143-AAC8-03B8136BF151}"
EndProject
Project("{9A19103F-16F7-4668-BE54-9A1E7A4F7556}") = "BHLDataObjects", "BHLDataObjects\BHLDataObjects.csproj", "{65499E9E-4829-469E-8B5E-3F96012649AF}"
EndProject
Project("{9A19103F-16F7-4668-BE54-9A1E7A4F7556}") = "BHLCoreDAL", "BHLCoreDAL\BHLCoreDAL.csproj", "{96BF5B64-D65D-43F2-A2F3-500F9E28FE53}"
EndProject
Project("{9A19103F-16F7-4668-BE54-9A1E7A4F7556}") = "BHLServer", "BHLServer\BHLServer.csproj", "{20FC0F67-C32A-46FE-9FF2-BA5FC74725AF}"
EndProject
Project("{9A19103F-16F7-4668-BE54-9A1E7A4F7556}") = "BHLWebUtilities", "BHLWebUtilities\BHLWebUtilities.csproj", "{7E1631E8-F28A-4F9E-97E4-F8A69522D9DD}"
EndProject
Project("{9A19103F-16F7-4668-BE54-9A1E7A4F7556}") = "OpenUrlUtilities", "OpenUrlUtilities\OpenUrlUtilities.csproj", "{DFD7C2B7-C26C-4ECC-865B-FD1AC8B4E9F1}"
EndProject
Project("{9A19103F-16F7-4668-BE54-9A1E7A4F7556}") = "BHLOpenUrlProvider", "BHLOpenUrlProvider\BHLOpenUrlProvider.csproj", "{9BDC2629-FF28-4E60-B5BE-DFE071E621D6}"
EndProject
Project("{9A19103F-16F7-4668-BE54-9A1E7A4F7556}") = "BHLApi", "BHLApi\BHLApi.csproj", "{1C2EAD88-F194-4DF0-A82B-3D402F7ABC21}"
EndProject
Project("{9A19103F-16F7-4668-BE54-9A1E7A4F7556}") = "BHLApiDataObjects2", "BHLApiDataObjects2\BHLApiDataObjects2.csproj", "{A4039079-6627-4D17-8B92-3B8B73B187E2}"
EndProject
Project("{9A19103F-16F7-4668-BE54-9A1E7A4F7556}") = "OAI2", "OAI2\OAI2.csproj", "{01E14D33-194F-4583-BAE4-0AF91A7BE756}"
EndProject
Project("{9A19103F-16F7-4668-BE54-9A1E7A4F7556}") = "OAIDC", "OAIDC\OAIDC.csproj", "{307A963A-42B0-490F-B634-1F66BD43AEB2}"
EndProject
Project("{9A19103F-16F7-4668-BE54-9A1E7A4F7556}") = "OAIMODS", "OAIMODS\OAIMODS.csproj", "{FB23E2B6-AA57-46E0-BB71-BB215E783CF2}"
EndProject
Project("{9A19103F-16F7-4668-BE54-9A1E7A4F7556}") = "BHLApiDALTest", "BHLApiDALTest\BHLApiDALTest.csproj", "{D26F8B49-9AC0-41A2-B832-B46E5A43AD9C}"
EndProject
Project("{FAE04EC0-301F-11D3-BF4B-00C04F79EFBC}") = "BHLUSWeb2", "BHLUSWeb2\BHLUSWeb2.csproj", "{107F9C1A-12AB-42D5-AD12-333BC5B2DBDA}"
EndProject
Project("{9A19103F-16F7-4668-BE54-9A1E7A4F7556}") = "BHLUtility", "BHLUtility\BHLUtility.csproj", "{270E7816-13EC-4D51-A27F-C959981B1275}"
EndProject
Project("{9A19103F-16F7-4668-BE54-9A1E7A4F7556}") = "DocumentResolver", "DocumentResolver\DocumentResolver.csproj", "{7AE91F63-3D78-4D12-821D-90050A816F66}"
EndProject
Project("{00D1A9C2-B5F0-4AF3-8072-F6C62B433612}") = "Database-BHL", "Database-BHL\Database-BHL.sqlproj", "{1EBA8419-B379-473B-B641-7AA6FDDB30A7}"
EndProject
Project("{00D1A9C2-B5F0-4AF3-8072-F6C62B433612}") = "Database-BHLAuditArchive", "Database-BHLAuditArchive\Database-BHLAuditArchive.sqlproj", "{CC68E020-303D-47DD-AAB9-864D3E2C8F13}"
EndProject
Project("{9A19103F-16F7-4668-BE54-9A1E7A4F7556}") = "CustomDataAccess", "CustomDataAccess\CustomDataAccess.csproj", "{28227DF3-62E5-46B2-BABB-C21684EA7425}"
EndProject
Project("{9A19103F-16F7-4668-BE54-9A1E7A4F7556}") = "BHLFileAccess", "BHLFileAccess\BHLFileAccess.csproj", "{90020027-AD6A-4052-820E-057BEBAA8E2E}"
EndProject
Project("{9A19103F-16F7-4668-BE54-9A1E7A4F7556}") = "OAIOLEF", "OAIOLEF\OAIOLEF.csproj", "{4EDB0375-9817-474B-9C3D-01A0867FCCD2}"
EndProject
Project("{2150E333-8FDC-42A3-9474-1A3956D46DE8}") = ".nuget", ".nuget", "{90CB2D5B-206D-4DBC-BA36-8D8C2824D61B}"
	ProjectSection(SolutionItems) = preProject
		.nuget\NuGet.Config = .nuget\NuGet.Config
		.nuget\NuGet.exe = .nuget\NuGet.exe
		.nuget\NuGet.targets = .nuget\NuGet.targets
	EndProjectSection
EndProject
Project("{9A19103F-16F7-4668-BE54-9A1E7A4F7556}") = "BHLServerTest", "BHLServerTest\BHLServerTest.csproj", "{D0593A3C-D424-44A1-B3FF-42C20EF53B33}"
EndProject
Project("{9A19103F-16F7-4668-BE54-9A1E7A4F7556}") = "SearchBHL", "SearchBHL\SearchBHL.csproj", "{331E4BA6-E31A-488A-A9F0-EF0D81969B4C}"
EndProject
Project("{9A19103F-16F7-4668-BE54-9A1E7A4F7556}") = "SearchElastic", "SearchElastic\SearchElastic.csproj", "{D253C132-E830-47C7-90B9-E8B69288539C}"
EndProject
Project("{9A19103F-16F7-4668-BE54-9A1E7A4F7556}") = "SearchOffline", "SearchOffline\SearchOffline.csproj", "{07E617F9-4CAC-4F83-807E-C00E9526389E}"
EndProject
Project("{9A19103F-16F7-4668-BE54-9A1E7A4F7556}") = "SearchSQL", "SearchSQL\SearchSQL.csproj", "{B792F1C8-5971-400B-8CED-65A8E0B9BD3F}"
EndProject
Project("{9A19103F-16F7-4668-BE54-9A1E7A4F7556}") = "BHLApiDataObjects3", "BHLApiDataObjects3\BHLApiDataObjects3.csproj", "{C5A231C5-6079-4204-B023-AC180388C10A}"
EndProject
Project("{9A19103F-16F7-4668-BE54-9A1E7A4F7556}") = "IIIFUtility", "IIIFUtility\IIIFUtility.csproj", "{9D4F7066-F859-43B6-BAB1-E8A33CA3BFF7}"
EndProject
Project("{9A19103F-16F7-4668-BE54-9A1E7A4F7556}") = "QueueUtility", "QueueUtility\QueueUtility.csproj", "{79343FE4-0C40-40F5-AD7D-27234279959A}"
EndProject
Project("{9A19103F-16F7-4668-BE54-9A1E7A4F7556}") = "SiteServicesREST.v1", "SiteServiceREST.v1\SiteServicesREST.v1.csproj", "{AF3F298B-B7CB-4F29-B4CD-C87C52C1D220}"
EndProject
Project("{9A19103F-16F7-4668-BE54-9A1E7A4F7556}") = "SiteServicesREST.v1.Client", "SiteServiceREST.v1.Client\SiteServicesREST.v1.Client.csproj", "{AEFE2BDB-BEA0-4DCE-B12D-57F1E1335BAB}"
EndProject
Project("{9A19103F-16F7-4668-BE54-9A1E7A4F7556}") = "BHLCoreDALTest", "BHLCoreDALTest\BHLCoreDALTest.csproj", "{CF3E5086-06E8-4F58-B054-A9E796E100A5}"
EndProject
Project("{9A19103F-16F7-4668-BE54-9A1E7A4F7556}") = "BHLUtilityTest", "BHLUtilityTest\BHLUtilityTest.csproj", "{4D16967F-C60C-44D3-971A-15B4A68C213D}"
EndProject
Project("{FAE04EC0-301F-11D3-BF4B-00C04F79EFBC}") = "SearchElasticTest", "SearchElasticTest\SearchElasticTest.csproj", "{E4CC25FA-C58B-4850-A38F-E7485DF13D97}"
EndProject
Global
	GlobalSection(SolutionConfigurationPlatforms) = preSolution
		Debug|Any CPU = Debug|Any CPU
		Debug|Mixed Platforms = Debug|Mixed Platforms
		Debug|x86 = Debug|x86
		Release|Any CPU = Release|Any CPU
		Release|Mixed Platforms = Release|Mixed Platforms
		Release|x86 = Release|x86
	EndGlobalSection
	GlobalSection(ProjectConfigurationPlatforms) = postSolution
		{DB3BF959-1D08-441B-8622-F4E066DE91DC}.Debug|Any CPU.ActiveCfg = Debug|Any CPU
		{DB3BF959-1D08-441B-8622-F4E066DE91DC}.Debug|Any CPU.Build.0 = Debug|Any CPU
		{DB3BF959-1D08-441B-8622-F4E066DE91DC}.Debug|Mixed Platforms.ActiveCfg = Debug|Any CPU
		{DB3BF959-1D08-441B-8622-F4E066DE91DC}.Debug|Mixed Platforms.Build.0 = Debug|Any CPU
		{DB3BF959-1D08-441B-8622-F4E066DE91DC}.Debug|x86.ActiveCfg = Debug|Any CPU
		{DB3BF959-1D08-441B-8622-F4E066DE91DC}.Release|Any CPU.ActiveCfg = Release|Any CPU
		{DB3BF959-1D08-441B-8622-F4E066DE91DC}.Release|Any CPU.Build.0 = Release|Any CPU
		{DB3BF959-1D08-441B-8622-F4E066DE91DC}.Release|Mixed Platforms.ActiveCfg = Release|Any CPU
		{DB3BF959-1D08-441B-8622-F4E066DE91DC}.Release|Mixed Platforms.Build.0 = Release|Any CPU
		{DB3BF959-1D08-441B-8622-F4E066DE91DC}.Release|x86.ActiveCfg = Release|Any CPU
		{EF8580AD-4BF2-4143-AAC8-03B8136BF151}.Debug|Any CPU.ActiveCfg = Debug|Any CPU
		{EF8580AD-4BF2-4143-AAC8-03B8136BF151}.Debug|Any CPU.Build.0 = Debug|Any CPU
		{EF8580AD-4BF2-4143-AAC8-03B8136BF151}.Debug|Mixed Platforms.ActiveCfg = Debug|Any CPU
		{EF8580AD-4BF2-4143-AAC8-03B8136BF151}.Debug|Mixed Platforms.Build.0 = Debug|Any CPU
		{EF8580AD-4BF2-4143-AAC8-03B8136BF151}.Debug|x86.ActiveCfg = Debug|Any CPU
		{EF8580AD-4BF2-4143-AAC8-03B8136BF151}.Release|Any CPU.ActiveCfg = Release|Any CPU
		{EF8580AD-4BF2-4143-AAC8-03B8136BF151}.Release|Any CPU.Build.0 = Release|Any CPU
		{EF8580AD-4BF2-4143-AAC8-03B8136BF151}.Release|Mixed Platforms.ActiveCfg = Release|Any CPU
		{EF8580AD-4BF2-4143-AAC8-03B8136BF151}.Release|Mixed Platforms.Build.0 = Release|Any CPU
		{EF8580AD-4BF2-4143-AAC8-03B8136BF151}.Release|x86.ActiveCfg = Release|Any CPU
		{65499E9E-4829-469E-8B5E-3F96012649AF}.Debug|Any CPU.ActiveCfg = Debug|Any CPU
		{65499E9E-4829-469E-8B5E-3F96012649AF}.Debug|Any CPU.Build.0 = Debug|Any CPU
		{65499E9E-4829-469E-8B5E-3F96012649AF}.Debug|Mixed Platforms.ActiveCfg = Debug|Any CPU
		{65499E9E-4829-469E-8B5E-3F96012649AF}.Debug|Mixed Platforms.Build.0 = Debug|Any CPU
		{65499E9E-4829-469E-8B5E-3F96012649AF}.Debug|x86.ActiveCfg = Debug|Any CPU
		{65499E9E-4829-469E-8B5E-3F96012649AF}.Release|Any CPU.ActiveCfg = Release|Any CPU
		{65499E9E-4829-469E-8B5E-3F96012649AF}.Release|Any CPU.Build.0 = Release|Any CPU
		{65499E9E-4829-469E-8B5E-3F96012649AF}.Release|Mixed Platforms.ActiveCfg = Release|Any CPU
		{65499E9E-4829-469E-8B5E-3F96012649AF}.Release|Mixed Platforms.Build.0 = Release|Any CPU
		{65499E9E-4829-469E-8B5E-3F96012649AF}.Release|x86.ActiveCfg = Release|Any CPU
		{96BF5B64-D65D-43F2-A2F3-500F9E28FE53}.Debug|Any CPU.ActiveCfg = Debug|Any CPU
		{96BF5B64-D65D-43F2-A2F3-500F9E28FE53}.Debug|Any CPU.Build.0 = Debug|Any CPU
		{96BF5B64-D65D-43F2-A2F3-500F9E28FE53}.Debug|Mixed Platforms.ActiveCfg = Debug|Any CPU
		{96BF5B64-D65D-43F2-A2F3-500F9E28FE53}.Debug|Mixed Platforms.Build.0 = Debug|Any CPU
		{96BF5B64-D65D-43F2-A2F3-500F9E28FE53}.Debug|x86.ActiveCfg = Debug|Any CPU
		{96BF5B64-D65D-43F2-A2F3-500F9E28FE53}.Release|Any CPU.ActiveCfg = Release|Any CPU
		{96BF5B64-D65D-43F2-A2F3-500F9E28FE53}.Release|Any CPU.Build.0 = Release|Any CPU
		{96BF5B64-D65D-43F2-A2F3-500F9E28FE53}.Release|Mixed Platforms.ActiveCfg = Release|Any CPU
		{96BF5B64-D65D-43F2-A2F3-500F9E28FE53}.Release|Mixed Platforms.Build.0 = Release|Any CPU
		{96BF5B64-D65D-43F2-A2F3-500F9E28FE53}.Release|x86.ActiveCfg = Release|Any CPU
		{20FC0F67-C32A-46FE-9FF2-BA5FC74725AF}.Debug|Any CPU.ActiveCfg = Debug|Any CPU
		{20FC0F67-C32A-46FE-9FF2-BA5FC74725AF}.Debug|Any CPU.Build.0 = Debug|Any CPU
		{20FC0F67-C32A-46FE-9FF2-BA5FC74725AF}.Debug|Mixed Platforms.ActiveCfg = Debug|Any CPU
		{20FC0F67-C32A-46FE-9FF2-BA5FC74725AF}.Debug|Mixed Platforms.Build.0 = Debug|Any CPU
		{20FC0F67-C32A-46FE-9FF2-BA5FC74725AF}.Debug|x86.ActiveCfg = Debug|Any CPU
		{20FC0F67-C32A-46FE-9FF2-BA5FC74725AF}.Release|Any CPU.ActiveCfg = Release|Any CPU
		{20FC0F67-C32A-46FE-9FF2-BA5FC74725AF}.Release|Any CPU.Build.0 = Release|Any CPU
		{20FC0F67-C32A-46FE-9FF2-BA5FC74725AF}.Release|Mixed Platforms.ActiveCfg = Release|Any CPU
		{20FC0F67-C32A-46FE-9FF2-BA5FC74725AF}.Release|Mixed Platforms.Build.0 = Release|Any CPU
		{20FC0F67-C32A-46FE-9FF2-BA5FC74725AF}.Release|x86.ActiveCfg = Release|Any CPU
		{7E1631E8-F28A-4F9E-97E4-F8A69522D9DD}.Debug|Any CPU.ActiveCfg = Debug|Any CPU
		{7E1631E8-F28A-4F9E-97E4-F8A69522D9DD}.Debug|Any CPU.Build.0 = Debug|Any CPU
		{7E1631E8-F28A-4F9E-97E4-F8A69522D9DD}.Debug|Mixed Platforms.ActiveCfg = Debug|Any CPU
		{7E1631E8-F28A-4F9E-97E4-F8A69522D9DD}.Debug|Mixed Platforms.Build.0 = Debug|Any CPU
		{7E1631E8-F28A-4F9E-97E4-F8A69522D9DD}.Debug|x86.ActiveCfg = Debug|Any CPU
		{7E1631E8-F28A-4F9E-97E4-F8A69522D9DD}.Release|Any CPU.ActiveCfg = Release|Any CPU
		{7E1631E8-F28A-4F9E-97E4-F8A69522D9DD}.Release|Any CPU.Build.0 = Release|Any CPU
		{7E1631E8-F28A-4F9E-97E4-F8A69522D9DD}.Release|Mixed Platforms.ActiveCfg = Release|Any CPU
		{7E1631E8-F28A-4F9E-97E4-F8A69522D9DD}.Release|Mixed Platforms.Build.0 = Release|Any CPU
		{7E1631E8-F28A-4F9E-97E4-F8A69522D9DD}.Release|x86.ActiveCfg = Release|Any CPU
		{DFD7C2B7-C26C-4ECC-865B-FD1AC8B4E9F1}.Debug|Any CPU.ActiveCfg = Debug|Any CPU
		{DFD7C2B7-C26C-4ECC-865B-FD1AC8B4E9F1}.Debug|Any CPU.Build.0 = Debug|Any CPU
		{DFD7C2B7-C26C-4ECC-865B-FD1AC8B4E9F1}.Debug|Mixed Platforms.ActiveCfg = Debug|Any CPU
		{DFD7C2B7-C26C-4ECC-865B-FD1AC8B4E9F1}.Debug|Mixed Platforms.Build.0 = Debug|Any CPU
		{DFD7C2B7-C26C-4ECC-865B-FD1AC8B4E9F1}.Debug|x86.ActiveCfg = Debug|Any CPU
		{DFD7C2B7-C26C-4ECC-865B-FD1AC8B4E9F1}.Release|Any CPU.ActiveCfg = Release|Any CPU
		{DFD7C2B7-C26C-4ECC-865B-FD1AC8B4E9F1}.Release|Any CPU.Build.0 = Release|Any CPU
		{DFD7C2B7-C26C-4ECC-865B-FD1AC8B4E9F1}.Release|Mixed Platforms.ActiveCfg = Release|Any CPU
		{DFD7C2B7-C26C-4ECC-865B-FD1AC8B4E9F1}.Release|Mixed Platforms.Build.0 = Release|Any CPU
		{DFD7C2B7-C26C-4ECC-865B-FD1AC8B4E9F1}.Release|x86.ActiveCfg = Release|Any CPU
		{9BDC2629-FF28-4E60-B5BE-DFE071E621D6}.Debug|Any CPU.ActiveCfg = Debug|Any CPU
		{9BDC2629-FF28-4E60-B5BE-DFE071E621D6}.Debug|Any CPU.Build.0 = Debug|Any CPU
		{9BDC2629-FF28-4E60-B5BE-DFE071E621D6}.Debug|Mixed Platforms.ActiveCfg = Debug|Any CPU
		{9BDC2629-FF28-4E60-B5BE-DFE071E621D6}.Debug|Mixed Platforms.Build.0 = Debug|Any CPU
		{9BDC2629-FF28-4E60-B5BE-DFE071E621D6}.Debug|x86.ActiveCfg = Debug|Any CPU
		{9BDC2629-FF28-4E60-B5BE-DFE071E621D6}.Release|Any CPU.ActiveCfg = Release|Any CPU
		{9BDC2629-FF28-4E60-B5BE-DFE071E621D6}.Release|Any CPU.Build.0 = Release|Any CPU
		{9BDC2629-FF28-4E60-B5BE-DFE071E621D6}.Release|Mixed Platforms.ActiveCfg = Release|Any CPU
		{9BDC2629-FF28-4E60-B5BE-DFE071E621D6}.Release|Mixed Platforms.Build.0 = Release|Any CPU
		{9BDC2629-FF28-4E60-B5BE-DFE071E621D6}.Release|x86.ActiveCfg = Release|Any CPU
		{1C2EAD88-F194-4DF0-A82B-3D402F7ABC21}.Debug|Any CPU.ActiveCfg = Debug|Any CPU
		{1C2EAD88-F194-4DF0-A82B-3D402F7ABC21}.Debug|Any CPU.Build.0 = Debug|Any CPU
		{1C2EAD88-F194-4DF0-A82B-3D402F7ABC21}.Debug|Mixed Platforms.ActiveCfg = Debug|Any CPU
		{1C2EAD88-F194-4DF0-A82B-3D402F7ABC21}.Debug|Mixed Platforms.Build.0 = Debug|Any CPU
		{1C2EAD88-F194-4DF0-A82B-3D402F7ABC21}.Debug|x86.ActiveCfg = Debug|Any CPU
		{1C2EAD88-F194-4DF0-A82B-3D402F7ABC21}.Release|Any CPU.ActiveCfg = Release|Any CPU
		{1C2EAD88-F194-4DF0-A82B-3D402F7ABC21}.Release|Any CPU.Build.0 = Release|Any CPU
		{1C2EAD88-F194-4DF0-A82B-3D402F7ABC21}.Release|Mixed Platforms.ActiveCfg = Release|Any CPU
		{1C2EAD88-F194-4DF0-A82B-3D402F7ABC21}.Release|Mixed Platforms.Build.0 = Release|Any CPU
		{1C2EAD88-F194-4DF0-A82B-3D402F7ABC21}.Release|x86.ActiveCfg = Release|Any CPU
		{A4039079-6627-4D17-8B92-3B8B73B187E2}.Debug|Any CPU.ActiveCfg = Debug|Any CPU
		{A4039079-6627-4D17-8B92-3B8B73B187E2}.Debug|Any CPU.Build.0 = Debug|Any CPU
		{A4039079-6627-4D17-8B92-3B8B73B187E2}.Debug|Mixed Platforms.ActiveCfg = Debug|Any CPU
		{A4039079-6627-4D17-8B92-3B8B73B187E2}.Debug|Mixed Platforms.Build.0 = Debug|Any CPU
		{A4039079-6627-4D17-8B92-3B8B73B187E2}.Debug|x86.ActiveCfg = Debug|Any CPU
		{A4039079-6627-4D17-8B92-3B8B73B187E2}.Release|Any CPU.ActiveCfg = Release|Any CPU
		{A4039079-6627-4D17-8B92-3B8B73B187E2}.Release|Any CPU.Build.0 = Release|Any CPU
		{A4039079-6627-4D17-8B92-3B8B73B187E2}.Release|Mixed Platforms.ActiveCfg = Release|Any CPU
		{A4039079-6627-4D17-8B92-3B8B73B187E2}.Release|Mixed Platforms.Build.0 = Release|Any CPU
		{A4039079-6627-4D17-8B92-3B8B73B187E2}.Release|x86.ActiveCfg = Release|Any CPU
		{01E14D33-194F-4583-BAE4-0AF91A7BE756}.Debug|Any CPU.ActiveCfg = Debug|Any CPU
		{01E14D33-194F-4583-BAE4-0AF91A7BE756}.Debug|Any CPU.Build.0 = Debug|Any CPU
		{01E14D33-194F-4583-BAE4-0AF91A7BE756}.Debug|Mixed Platforms.ActiveCfg = Debug|Any CPU
		{01E14D33-194F-4583-BAE4-0AF91A7BE756}.Debug|Mixed Platforms.Build.0 = Debug|Any CPU
		{01E14D33-194F-4583-BAE4-0AF91A7BE756}.Debug|x86.ActiveCfg = Debug|Any CPU
		{01E14D33-194F-4583-BAE4-0AF91A7BE756}.Release|Any CPU.ActiveCfg = Release|Any CPU
		{01E14D33-194F-4583-BAE4-0AF91A7BE756}.Release|Any CPU.Build.0 = Release|Any CPU
		{01E14D33-194F-4583-BAE4-0AF91A7BE756}.Release|Mixed Platforms.ActiveCfg = Release|Any CPU
		{01E14D33-194F-4583-BAE4-0AF91A7BE756}.Release|Mixed Platforms.Build.0 = Release|Any CPU
		{01E14D33-194F-4583-BAE4-0AF91A7BE756}.Release|x86.ActiveCfg = Release|Any CPU
		{307A963A-42B0-490F-B634-1F66BD43AEB2}.Debug|Any CPU.ActiveCfg = Debug|Any CPU
		{307A963A-42B0-490F-B634-1F66BD43AEB2}.Debug|Any CPU.Build.0 = Debug|Any CPU
		{307A963A-42B0-490F-B634-1F66BD43AEB2}.Debug|Mixed Platforms.ActiveCfg = Debug|Any CPU
		{307A963A-42B0-490F-B634-1F66BD43AEB2}.Debug|Mixed Platforms.Build.0 = Debug|Any CPU
		{307A963A-42B0-490F-B634-1F66BD43AEB2}.Debug|x86.ActiveCfg = Debug|Any CPU
		{307A963A-42B0-490F-B634-1F66BD43AEB2}.Release|Any CPU.ActiveCfg = Release|Any CPU
		{307A963A-42B0-490F-B634-1F66BD43AEB2}.Release|Any CPU.Build.0 = Release|Any CPU
		{307A963A-42B0-490F-B634-1F66BD43AEB2}.Release|Mixed Platforms.ActiveCfg = Release|Any CPU
		{307A963A-42B0-490F-B634-1F66BD43AEB2}.Release|Mixed Platforms.Build.0 = Release|Any CPU
		{307A963A-42B0-490F-B634-1F66BD43AEB2}.Release|x86.ActiveCfg = Release|Any CPU
		{FB23E2B6-AA57-46E0-BB71-BB215E783CF2}.Debug|Any CPU.ActiveCfg = Debug|Any CPU
		{FB23E2B6-AA57-46E0-BB71-BB215E783CF2}.Debug|Any CPU.Build.0 = Debug|Any CPU
		{FB23E2B6-AA57-46E0-BB71-BB215E783CF2}.Debug|Mixed Platforms.ActiveCfg = Debug|Any CPU
		{FB23E2B6-AA57-46E0-BB71-BB215E783CF2}.Debug|Mixed Platforms.Build.0 = Debug|Any CPU
		{FB23E2B6-AA57-46E0-BB71-BB215E783CF2}.Debug|x86.ActiveCfg = Debug|Any CPU
		{FB23E2B6-AA57-46E0-BB71-BB215E783CF2}.Release|Any CPU.ActiveCfg = Release|Any CPU
		{FB23E2B6-AA57-46E0-BB71-BB215E783CF2}.Release|Any CPU.Build.0 = Release|Any CPU
		{FB23E2B6-AA57-46E0-BB71-BB215E783CF2}.Release|Mixed Platforms.ActiveCfg = Release|Any CPU
		{FB23E2B6-AA57-46E0-BB71-BB215E783CF2}.Release|Mixed Platforms.Build.0 = Release|Any CPU
		{FB23E2B6-AA57-46E0-BB71-BB215E783CF2}.Release|x86.ActiveCfg = Release|Any CPU
		{D26F8B49-9AC0-41A2-B832-B46E5A43AD9C}.Debug|Any CPU.ActiveCfg = Debug|Any CPU
		{D26F8B49-9AC0-41A2-B832-B46E5A43AD9C}.Debug|Any CPU.Build.0 = Debug|Any CPU
		{D26F8B49-9AC0-41A2-B832-B46E5A43AD9C}.Debug|Mixed Platforms.ActiveCfg = Debug|Any CPU
		{D26F8B49-9AC0-41A2-B832-B46E5A43AD9C}.Debug|Mixed Platforms.Build.0 = Debug|Any CPU
		{D26F8B49-9AC0-41A2-B832-B46E5A43AD9C}.Debug|x86.ActiveCfg = Debug|Any CPU
		{D26F8B49-9AC0-41A2-B832-B46E5A43AD9C}.Release|Any CPU.ActiveCfg = Release|Any CPU
		{D26F8B49-9AC0-41A2-B832-B46E5A43AD9C}.Release|Any CPU.Build.0 = Release|Any CPU
		{D26F8B49-9AC0-41A2-B832-B46E5A43AD9C}.Release|Mixed Platforms.ActiveCfg = Release|Any CPU
		{D26F8B49-9AC0-41A2-B832-B46E5A43AD9C}.Release|Mixed Platforms.Build.0 = Release|Any CPU
		{D26F8B49-9AC0-41A2-B832-B46E5A43AD9C}.Release|x86.ActiveCfg = Release|Any CPU
		{107F9C1A-12AB-42D5-AD12-333BC5B2DBDA}.Debug|Any CPU.ActiveCfg = Debug|Any CPU
		{107F9C1A-12AB-42D5-AD12-333BC5B2DBDA}.Debug|Any CPU.Build.0 = Debug|Any CPU
		{107F9C1A-12AB-42D5-AD12-333BC5B2DBDA}.Debug|Mixed Platforms.ActiveCfg = Debug|Any CPU
		{107F9C1A-12AB-42D5-AD12-333BC5B2DBDA}.Debug|Mixed Platforms.Build.0 = Debug|Any CPU
		{107F9C1A-12AB-42D5-AD12-333BC5B2DBDA}.Debug|x86.ActiveCfg = Debug|Any CPU
		{107F9C1A-12AB-42D5-AD12-333BC5B2DBDA}.Release|Any CPU.ActiveCfg = Release|Any CPU
		{107F9C1A-12AB-42D5-AD12-333BC5B2DBDA}.Release|Any CPU.Build.0 = Release|Any CPU
		{107F9C1A-12AB-42D5-AD12-333BC5B2DBDA}.Release|Mixed Platforms.ActiveCfg = Release|Any CPU
		{107F9C1A-12AB-42D5-AD12-333BC5B2DBDA}.Release|Mixed Platforms.Build.0 = Release|Any CPU
		{107F9C1A-12AB-42D5-AD12-333BC5B2DBDA}.Release|x86.ActiveCfg = Release|Any CPU
		{270E7816-13EC-4D51-A27F-C959981B1275}.Debug|Any CPU.ActiveCfg = Debug|Any CPU
		{270E7816-13EC-4D51-A27F-C959981B1275}.Debug|Any CPU.Build.0 = Debug|Any CPU
		{270E7816-13EC-4D51-A27F-C959981B1275}.Debug|Mixed Platforms.ActiveCfg = Debug|Any CPU
		{270E7816-13EC-4D51-A27F-C959981B1275}.Debug|Mixed Platforms.Build.0 = Debug|Any CPU
		{270E7816-13EC-4D51-A27F-C959981B1275}.Debug|x86.ActiveCfg = Debug|Any CPU
		{270E7816-13EC-4D51-A27F-C959981B1275}.Release|Any CPU.ActiveCfg = Release|Any CPU
		{270E7816-13EC-4D51-A27F-C959981B1275}.Release|Any CPU.Build.0 = Release|Any CPU
		{270E7816-13EC-4D51-A27F-C959981B1275}.Release|Mixed Platforms.ActiveCfg = Release|Any CPU
		{270E7816-13EC-4D51-A27F-C959981B1275}.Release|Mixed Platforms.Build.0 = Release|Any CPU
		{270E7816-13EC-4D51-A27F-C959981B1275}.Release|x86.ActiveCfg = Release|Any CPU
		{7AE91F63-3D78-4D12-821D-90050A816F66}.Debug|Any CPU.ActiveCfg = Debug|Any CPU
		{7AE91F63-3D78-4D12-821D-90050A816F66}.Debug|Any CPU.Build.0 = Debug|Any CPU
		{7AE91F63-3D78-4D12-821D-90050A816F66}.Debug|Mixed Platforms.ActiveCfg = Debug|Any CPU
		{7AE91F63-3D78-4D12-821D-90050A816F66}.Debug|Mixed Platforms.Build.0 = Debug|Any CPU
		{7AE91F63-3D78-4D12-821D-90050A816F66}.Debug|x86.ActiveCfg = Debug|Any CPU
		{7AE91F63-3D78-4D12-821D-90050A816F66}.Release|Any CPU.ActiveCfg = Release|Any CPU
		{7AE91F63-3D78-4D12-821D-90050A816F66}.Release|Any CPU.Build.0 = Release|Any CPU
		{7AE91F63-3D78-4D12-821D-90050A816F66}.Release|Mixed Platforms.ActiveCfg = Release|Any CPU
		{7AE91F63-3D78-4D12-821D-90050A816F66}.Release|Mixed Platforms.Build.0 = Release|Any CPU
		{7AE91F63-3D78-4D12-821D-90050A816F66}.Release|x86.ActiveCfg = Release|Any CPU
		{1EBA8419-B379-473B-B641-7AA6FDDB30A7}.Debug|Any CPU.ActiveCfg = Debug|Any CPU
		{1EBA8419-B379-473B-B641-7AA6FDDB30A7}.Debug|Any CPU.Build.0 = Debug|Any CPU
		{1EBA8419-B379-473B-B641-7AA6FDDB30A7}.Debug|Any CPU.Deploy.0 = Debug|Any CPU
		{1EBA8419-B379-473B-B641-7AA6FDDB30A7}.Debug|Mixed Platforms.ActiveCfg = Debug|Any CPU
		{1EBA8419-B379-473B-B641-7AA6FDDB30A7}.Debug|Mixed Platforms.Deploy.0 = Debug|Any CPU
		{1EBA8419-B379-473B-B641-7AA6FDDB30A7}.Debug|x86.ActiveCfg = Debug|Any CPU
		{1EBA8419-B379-473B-B641-7AA6FDDB30A7}.Release|Any CPU.ActiveCfg = Release|Any CPU
		{1EBA8419-B379-473B-B641-7AA6FDDB30A7}.Release|Any CPU.Build.0 = Release|Any CPU
		{1EBA8419-B379-473B-B641-7AA6FDDB30A7}.Release|Any CPU.Deploy.0 = Release|Any CPU
		{1EBA8419-B379-473B-B641-7AA6FDDB30A7}.Release|Mixed Platforms.ActiveCfg = Release|Any CPU
		{1EBA8419-B379-473B-B641-7AA6FDDB30A7}.Release|x86.ActiveCfg = Release|Any CPU
		{CC68E020-303D-47DD-AAB9-864D3E2C8F13}.Debug|Any CPU.ActiveCfg = Debug|Any CPU
		{CC68E020-303D-47DD-AAB9-864D3E2C8F13}.Debug|Any CPU.Build.0 = Debug|Any CPU
		{CC68E020-303D-47DD-AAB9-864D3E2C8F13}.Debug|Any CPU.Deploy.0 = Debug|Any CPU
		{CC68E020-303D-47DD-AAB9-864D3E2C8F13}.Debug|Mixed Platforms.ActiveCfg = Debug|Any CPU
		{CC68E020-303D-47DD-AAB9-864D3E2C8F13}.Debug|Mixed Platforms.Deploy.0 = Debug|Any CPU
		{CC68E020-303D-47DD-AAB9-864D3E2C8F13}.Debug|x86.ActiveCfg = Debug|Any CPU
		{CC68E020-303D-47DD-AAB9-864D3E2C8F13}.Release|Any CPU.ActiveCfg = Release|Any CPU
		{CC68E020-303D-47DD-AAB9-864D3E2C8F13}.Release|Any CPU.Build.0 = Release|Any CPU
		{CC68E020-303D-47DD-AAB9-864D3E2C8F13}.Release|Any CPU.Deploy.0 = Release|Any CPU
		{CC68E020-303D-47DD-AAB9-864D3E2C8F13}.Release|Mixed Platforms.ActiveCfg = Release|Any CPU
		{CC68E020-303D-47DD-AAB9-864D3E2C8F13}.Release|x86.ActiveCfg = Release|Any CPU
		{28227DF3-62E5-46B2-BABB-C21684EA7425}.Debug|Any CPU.ActiveCfg = Debug|Any CPU
		{28227DF3-62E5-46B2-BABB-C21684EA7425}.Debug|Any CPU.Build.0 = Debug|Any CPU
		{28227DF3-62E5-46B2-BABB-C21684EA7425}.Debug|Mixed Platforms.ActiveCfg = Debug|Any CPU
		{28227DF3-62E5-46B2-BABB-C21684EA7425}.Debug|Mixed Platforms.Build.0 = Debug|Any CPU
		{28227DF3-62E5-46B2-BABB-C21684EA7425}.Debug|x86.ActiveCfg = Debug|Any CPU
		{28227DF3-62E5-46B2-BABB-C21684EA7425}.Release|Any CPU.ActiveCfg = Release|Any CPU
		{28227DF3-62E5-46B2-BABB-C21684EA7425}.Release|Any CPU.Build.0 = Release|Any CPU
		{28227DF3-62E5-46B2-BABB-C21684EA7425}.Release|Mixed Platforms.ActiveCfg = Release|Any CPU
		{28227DF3-62E5-46B2-BABB-C21684EA7425}.Release|Mixed Platforms.Build.0 = Release|Any CPU
		{28227DF3-62E5-46B2-BABB-C21684EA7425}.Release|x86.ActiveCfg = Release|Any CPU
		{90020027-AD6A-4052-820E-057BEBAA8E2E}.Debug|Any CPU.ActiveCfg = Debug|Any CPU
		{90020027-AD6A-4052-820E-057BEBAA8E2E}.Debug|Any CPU.Build.0 = Debug|Any CPU
		{90020027-AD6A-4052-820E-057BEBAA8E2E}.Debug|Mixed Platforms.ActiveCfg = Debug|Any CPU
		{90020027-AD6A-4052-820E-057BEBAA8E2E}.Debug|Mixed Platforms.Build.0 = Debug|Any CPU
		{90020027-AD6A-4052-820E-057BEBAA8E2E}.Debug|x86.ActiveCfg = Debug|Any CPU
		{90020027-AD6A-4052-820E-057BEBAA8E2E}.Release|Any CPU.ActiveCfg = Release|Any CPU
		{90020027-AD6A-4052-820E-057BEBAA8E2E}.Release|Any CPU.Build.0 = Release|Any CPU
		{90020027-AD6A-4052-820E-057BEBAA8E2E}.Release|Mixed Platforms.ActiveCfg = Release|Any CPU
		{90020027-AD6A-4052-820E-057BEBAA8E2E}.Release|Mixed Platforms.Build.0 = Release|Any CPU
		{90020027-AD6A-4052-820E-057BEBAA8E2E}.Release|x86.ActiveCfg = Release|Any CPU
		{4EDB0375-9817-474B-9C3D-01A0867FCCD2}.Debug|Any CPU.ActiveCfg = Debug|Any CPU
		{4EDB0375-9817-474B-9C3D-01A0867FCCD2}.Debug|Any CPU.Build.0 = Debug|Any CPU
		{4EDB0375-9817-474B-9C3D-01A0867FCCD2}.Debug|Mixed Platforms.ActiveCfg = Debug|Any CPU
		{4EDB0375-9817-474B-9C3D-01A0867FCCD2}.Debug|Mixed Platforms.Build.0 = Debug|Any CPU
		{4EDB0375-9817-474B-9C3D-01A0867FCCD2}.Debug|x86.ActiveCfg = Debug|Any CPU
		{4EDB0375-9817-474B-9C3D-01A0867FCCD2}.Release|Any CPU.ActiveCfg = Release|Any CPU
		{4EDB0375-9817-474B-9C3D-01A0867FCCD2}.Release|Any CPU.Build.0 = Release|Any CPU
		{4EDB0375-9817-474B-9C3D-01A0867FCCD2}.Release|Mixed Platforms.ActiveCfg = Release|Any CPU
		{4EDB0375-9817-474B-9C3D-01A0867FCCD2}.Release|Mixed Platforms.Build.0 = Release|Any CPU
		{4EDB0375-9817-474B-9C3D-01A0867FCCD2}.Release|x86.ActiveCfg = Release|Any CPU
		{D0593A3C-D424-44A1-B3FF-42C20EF53B33}.Debug|Any CPU.ActiveCfg = Debug|Any CPU
		{D0593A3C-D424-44A1-B3FF-42C20EF53B33}.Debug|Any CPU.Build.0 = Debug|Any CPU
		{D0593A3C-D424-44A1-B3FF-42C20EF53B33}.Debug|Mixed Platforms.ActiveCfg = Debug|Any CPU
		{D0593A3C-D424-44A1-B3FF-42C20EF53B33}.Debug|Mixed Platforms.Build.0 = Debug|Any CPU
		{D0593A3C-D424-44A1-B3FF-42C20EF53B33}.Debug|x86.ActiveCfg = Debug|Any CPU
		{D0593A3C-D424-44A1-B3FF-42C20EF53B33}.Release|Any CPU.ActiveCfg = Release|Any CPU
		{D0593A3C-D424-44A1-B3FF-42C20EF53B33}.Release|Any CPU.Build.0 = Release|Any CPU
		{D0593A3C-D424-44A1-B3FF-42C20EF53B33}.Release|Mixed Platforms.ActiveCfg = Release|Any CPU
		{D0593A3C-D424-44A1-B3FF-42C20EF53B33}.Release|Mixed Platforms.Build.0 = Release|Any CPU
		{D0593A3C-D424-44A1-B3FF-42C20EF53B33}.Release|x86.ActiveCfg = Release|Any CPU
		{331E4BA6-E31A-488A-A9F0-EF0D81969B4C}.Debug|Any CPU.ActiveCfg = Debug|Any CPU
		{331E4BA6-E31A-488A-A9F0-EF0D81969B4C}.Debug|Any CPU.Build.0 = Debug|Any CPU
		{331E4BA6-E31A-488A-A9F0-EF0D81969B4C}.Debug|Mixed Platforms.ActiveCfg = Debug|Any CPU
		{331E4BA6-E31A-488A-A9F0-EF0D81969B4C}.Debug|Mixed Platforms.Build.0 = Debug|Any CPU
		{331E4BA6-E31A-488A-A9F0-EF0D81969B4C}.Debug|x86.ActiveCfg = Debug|Any CPU
		{331E4BA6-E31A-488A-A9F0-EF0D81969B4C}.Debug|x86.Build.0 = Debug|Any CPU
		{331E4BA6-E31A-488A-A9F0-EF0D81969B4C}.Release|Any CPU.ActiveCfg = Release|Any CPU
		{331E4BA6-E31A-488A-A9F0-EF0D81969B4C}.Release|Any CPU.Build.0 = Release|Any CPU
		{331E4BA6-E31A-488A-A9F0-EF0D81969B4C}.Release|Mixed Platforms.ActiveCfg = Release|Any CPU
		{331E4BA6-E31A-488A-A9F0-EF0D81969B4C}.Release|Mixed Platforms.Build.0 = Release|Any CPU
		{331E4BA6-E31A-488A-A9F0-EF0D81969B4C}.Release|x86.ActiveCfg = Release|Any CPU
		{331E4BA6-E31A-488A-A9F0-EF0D81969B4C}.Release|x86.Build.0 = Release|Any CPU
		{D253C132-E830-47C7-90B9-E8B69288539C}.Debug|Any CPU.ActiveCfg = Debug|Any CPU
		{D253C132-E830-47C7-90B9-E8B69288539C}.Debug|Any CPU.Build.0 = Debug|Any CPU
		{D253C132-E830-47C7-90B9-E8B69288539C}.Debug|Mixed Platforms.ActiveCfg = Debug|Any CPU
		{D253C132-E830-47C7-90B9-E8B69288539C}.Debug|Mixed Platforms.Build.0 = Debug|Any CPU
		{D253C132-E830-47C7-90B9-E8B69288539C}.Debug|x86.ActiveCfg = Debug|Any CPU
		{D253C132-E830-47C7-90B9-E8B69288539C}.Debug|x86.Build.0 = Debug|Any CPU
		{D253C132-E830-47C7-90B9-E8B69288539C}.Release|Any CPU.ActiveCfg = Release|Any CPU
		{D253C132-E830-47C7-90B9-E8B69288539C}.Release|Any CPU.Build.0 = Release|Any CPU
		{D253C132-E830-47C7-90B9-E8B69288539C}.Release|Mixed Platforms.ActiveCfg = Release|Any CPU
		{D253C132-E830-47C7-90B9-E8B69288539C}.Release|Mixed Platforms.Build.0 = Release|Any CPU
		{D253C132-E830-47C7-90B9-E8B69288539C}.Release|x86.ActiveCfg = Release|Any CPU
		{D253C132-E830-47C7-90B9-E8B69288539C}.Release|x86.Build.0 = Release|Any CPU
		{07E617F9-4CAC-4F83-807E-C00E9526389E}.Debug|Any CPU.ActiveCfg = Debug|Any CPU
		{07E617F9-4CAC-4F83-807E-C00E9526389E}.Debug|Any CPU.Build.0 = Debug|Any CPU
		{07E617F9-4CAC-4F83-807E-C00E9526389E}.Debug|Mixed Platforms.ActiveCfg = Debug|Any CPU
		{07E617F9-4CAC-4F83-807E-C00E9526389E}.Debug|Mixed Platforms.Build.0 = Debug|Any CPU
		{07E617F9-4CAC-4F83-807E-C00E9526389E}.Debug|x86.ActiveCfg = Debug|Any CPU
		{07E617F9-4CAC-4F83-807E-C00E9526389E}.Debug|x86.Build.0 = Debug|Any CPU
		{07E617F9-4CAC-4F83-807E-C00E9526389E}.Release|Any CPU.ActiveCfg = Release|Any CPU
		{07E617F9-4CAC-4F83-807E-C00E9526389E}.Release|Any CPU.Build.0 = Release|Any CPU
		{07E617F9-4CAC-4F83-807E-C00E9526389E}.Release|Mixed Platforms.ActiveCfg = Release|Any CPU
		{07E617F9-4CAC-4F83-807E-C00E9526389E}.Release|Mixed Platforms.Build.0 = Release|Any CPU
		{07E617F9-4CAC-4F83-807E-C00E9526389E}.Release|x86.ActiveCfg = Release|Any CPU
		{07E617F9-4CAC-4F83-807E-C00E9526389E}.Release|x86.Build.0 = Release|Any CPU
		{B792F1C8-5971-400B-8CED-65A8E0B9BD3F}.Debug|Any CPU.ActiveCfg = Debug|Any CPU
		{B792F1C8-5971-400B-8CED-65A8E0B9BD3F}.Debug|Any CPU.Build.0 = Debug|Any CPU
		{B792F1C8-5971-400B-8CED-65A8E0B9BD3F}.Debug|Mixed Platforms.ActiveCfg = Debug|Any CPU
		{B792F1C8-5971-400B-8CED-65A8E0B9BD3F}.Debug|Mixed Platforms.Build.0 = Debug|Any CPU
		{B792F1C8-5971-400B-8CED-65A8E0B9BD3F}.Debug|x86.ActiveCfg = Debug|Any CPU
		{B792F1C8-5971-400B-8CED-65A8E0B9BD3F}.Debug|x86.Build.0 = Debug|Any CPU
		{B792F1C8-5971-400B-8CED-65A8E0B9BD3F}.Release|Any CPU.ActiveCfg = Release|Any CPU
		{B792F1C8-5971-400B-8CED-65A8E0B9BD3F}.Release|Any CPU.Build.0 = Release|Any CPU
		{B792F1C8-5971-400B-8CED-65A8E0B9BD3F}.Release|Mixed Platforms.ActiveCfg = Release|Any CPU
		{B792F1C8-5971-400B-8CED-65A8E0B9BD3F}.Release|Mixed Platforms.Build.0 = Release|Any CPU
		{B792F1C8-5971-400B-8CED-65A8E0B9BD3F}.Release|x86.ActiveCfg = Release|Any CPU
		{B792F1C8-5971-400B-8CED-65A8E0B9BD3F}.Release|x86.Build.0 = Release|Any CPU
		{C5A231C5-6079-4204-B023-AC180388C10A}.Debug|Any CPU.ActiveCfg = Debug|Any CPU
		{C5A231C5-6079-4204-B023-AC180388C10A}.Debug|Any CPU.Build.0 = Debug|Any CPU
		{C5A231C5-6079-4204-B023-AC180388C10A}.Debug|Mixed Platforms.ActiveCfg = Debug|Any CPU
		{C5A231C5-6079-4204-B023-AC180388C10A}.Debug|Mixed Platforms.Build.0 = Debug|Any CPU
		{C5A231C5-6079-4204-B023-AC180388C10A}.Debug|x86.ActiveCfg = Debug|Any CPU
		{C5A231C5-6079-4204-B023-AC180388C10A}.Debug|x86.Build.0 = Debug|Any CPU
		{C5A231C5-6079-4204-B023-AC180388C10A}.Release|Any CPU.ActiveCfg = Release|Any CPU
		{C5A231C5-6079-4204-B023-AC180388C10A}.Release|Any CPU.Build.0 = Release|Any CPU
		{C5A231C5-6079-4204-B023-AC180388C10A}.Release|Mixed Platforms.ActiveCfg = Release|Any CPU
		{C5A231C5-6079-4204-B023-AC180388C10A}.Release|Mixed Platforms.Build.0 = Release|Any CPU
		{C5A231C5-6079-4204-B023-AC180388C10A}.Release|x86.ActiveCfg = Release|Any CPU
		{C5A231C5-6079-4204-B023-AC180388C10A}.Release|x86.Build.0 = Release|Any CPU
		{9D4F7066-F859-43B6-BAB1-E8A33CA3BFF7}.Debug|Any CPU.ActiveCfg = Debug|Any CPU
		{9D4F7066-F859-43B6-BAB1-E8A33CA3BFF7}.Debug|Any CPU.Build.0 = Debug|Any CPU
		{9D4F7066-F859-43B6-BAB1-E8A33CA3BFF7}.Debug|Mixed Platforms.ActiveCfg = Debug|Any CPU
		{9D4F7066-F859-43B6-BAB1-E8A33CA3BFF7}.Debug|Mixed Platforms.Build.0 = Debug|Any CPU
		{9D4F7066-F859-43B6-BAB1-E8A33CA3BFF7}.Debug|x86.ActiveCfg = Debug|Any CPU
		{9D4F7066-F859-43B6-BAB1-E8A33CA3BFF7}.Debug|x86.Build.0 = Debug|Any CPU
		{9D4F7066-F859-43B6-BAB1-E8A33CA3BFF7}.Release|Any CPU.ActiveCfg = Release|Any CPU
		{9D4F7066-F859-43B6-BAB1-E8A33CA3BFF7}.Release|Any CPU.Build.0 = Release|Any CPU
		{9D4F7066-F859-43B6-BAB1-E8A33CA3BFF7}.Release|Mixed Platforms.ActiveCfg = Release|Any CPU
		{9D4F7066-F859-43B6-BAB1-E8A33CA3BFF7}.Release|Mixed Platforms.Build.0 = Release|Any CPU
		{9D4F7066-F859-43B6-BAB1-E8A33CA3BFF7}.Release|x86.ActiveCfg = Release|Any CPU
		{9D4F7066-F859-43B6-BAB1-E8A33CA3BFF7}.Release|x86.Build.0 = Release|Any CPU
		{79343FE4-0C40-40F5-AD7D-27234279959A}.Debug|Any CPU.ActiveCfg = Debug|Any CPU
		{79343FE4-0C40-40F5-AD7D-27234279959A}.Debug|Any CPU.Build.0 = Debug|Any CPU
		{79343FE4-0C40-40F5-AD7D-27234279959A}.Debug|Mixed Platforms.ActiveCfg = Debug|Any CPU
		{79343FE4-0C40-40F5-AD7D-27234279959A}.Debug|Mixed Platforms.Build.0 = Debug|Any CPU
		{79343FE4-0C40-40F5-AD7D-27234279959A}.Debug|x86.ActiveCfg = Debug|Any CPU
		{79343FE4-0C40-40F5-AD7D-27234279959A}.Debug|x86.Build.0 = Debug|Any CPU
		{79343FE4-0C40-40F5-AD7D-27234279959A}.Release|Any CPU.ActiveCfg = Release|Any CPU
		{79343FE4-0C40-40F5-AD7D-27234279959A}.Release|Any CPU.Build.0 = Release|Any CPU
		{79343FE4-0C40-40F5-AD7D-27234279959A}.Release|Mixed Platforms.ActiveCfg = Release|Any CPU
		{79343FE4-0C40-40F5-AD7D-27234279959A}.Release|Mixed Platforms.Build.0 = Release|Any CPU
		{79343FE4-0C40-40F5-AD7D-27234279959A}.Release|x86.ActiveCfg = Release|Any CPU
		{79343FE4-0C40-40F5-AD7D-27234279959A}.Release|x86.Build.0 = Release|Any CPU
		{AF3F298B-B7CB-4F29-B4CD-C87C52C1D220}.Debug|Any CPU.ActiveCfg = Debug|Any CPU
		{AF3F298B-B7CB-4F29-B4CD-C87C52C1D220}.Debug|Any CPU.Build.0 = Debug|Any CPU
		{AF3F298B-B7CB-4F29-B4CD-C87C52C1D220}.Debug|Mixed Platforms.ActiveCfg = Debug|Any CPU
		{AF3F298B-B7CB-4F29-B4CD-C87C52C1D220}.Debug|Mixed Platforms.Build.0 = Debug|Any CPU
		{AF3F298B-B7CB-4F29-B4CD-C87C52C1D220}.Debug|x86.ActiveCfg = Debug|Any CPU
		{AF3F298B-B7CB-4F29-B4CD-C87C52C1D220}.Debug|x86.Build.0 = Debug|Any CPU
		{AF3F298B-B7CB-4F29-B4CD-C87C52C1D220}.Release|Any CPU.ActiveCfg = Release|Any CPU
		{AF3F298B-B7CB-4F29-B4CD-C87C52C1D220}.Release|Any CPU.Build.0 = Release|Any CPU
		{AF3F298B-B7CB-4F29-B4CD-C87C52C1D220}.Release|Mixed Platforms.ActiveCfg = Release|Any CPU
		{AF3F298B-B7CB-4F29-B4CD-C87C52C1D220}.Release|Mixed Platforms.Build.0 = Release|Any CPU
		{AF3F298B-B7CB-4F29-B4CD-C87C52C1D220}.Release|x86.ActiveCfg = Release|Any CPU
		{AF3F298B-B7CB-4F29-B4CD-C87C52C1D220}.Release|x86.Build.0 = Release|Any CPU
		{AEFE2BDB-BEA0-4DCE-B12D-57F1E1335BAB}.Debug|Any CPU.ActiveCfg = Debug|Any CPU
		{AEFE2BDB-BEA0-4DCE-B12D-57F1E1335BAB}.Debug|Any CPU.Build.0 = Debug|Any CPU
		{AEFE2BDB-BEA0-4DCE-B12D-57F1E1335BAB}.Debug|Mixed Platforms.ActiveCfg = Debug|Any CPU
		{AEFE2BDB-BEA0-4DCE-B12D-57F1E1335BAB}.Debug|Mixed Platforms.Build.0 = Debug|Any CPU
		{AEFE2BDB-BEA0-4DCE-B12D-57F1E1335BAB}.Debug|x86.ActiveCfg = Debug|Any CPU
		{AEFE2BDB-BEA0-4DCE-B12D-57F1E1335BAB}.Debug|x86.Build.0 = Debug|Any CPU
		{AEFE2BDB-BEA0-4DCE-B12D-57F1E1335BAB}.Release|Any CPU.ActiveCfg = Release|Any CPU
		{AEFE2BDB-BEA0-4DCE-B12D-57F1E1335BAB}.Release|Any CPU.Build.0 = Release|Any CPU
		{AEFE2BDB-BEA0-4DCE-B12D-57F1E1335BAB}.Release|Mixed Platforms.ActiveCfg = Release|Any CPU
		{AEFE2BDB-BEA0-4DCE-B12D-57F1E1335BAB}.Release|Mixed Platforms.Build.0 = Release|Any CPU
		{AEFE2BDB-BEA0-4DCE-B12D-57F1E1335BAB}.Release|x86.ActiveCfg = Release|Any CPU
		{AEFE2BDB-BEA0-4DCE-B12D-57F1E1335BAB}.Release|x86.Build.0 = Release|Any CPU
		{CF3E5086-06E8-4F58-B054-A9E796E100A5}.Debug|Any CPU.ActiveCfg = Debug|Any CPU
		{CF3E5086-06E8-4F58-B054-A9E796E100A5}.Debug|Any CPU.Build.0 = Debug|Any CPU
		{CF3E5086-06E8-4F58-B054-A9E796E100A5}.Debug|Mixed Platforms.ActiveCfg = Debug|Any CPU
		{CF3E5086-06E8-4F58-B054-A9E796E100A5}.Debug|Mixed Platforms.Build.0 = Debug|Any CPU
		{CF3E5086-06E8-4F58-B054-A9E796E100A5}.Debug|x86.ActiveCfg = Debug|Any CPU
		{CF3E5086-06E8-4F58-B054-A9E796E100A5}.Debug|x86.Build.0 = Debug|Any CPU
		{CF3E5086-06E8-4F58-B054-A9E796E100A5}.Release|Any CPU.ActiveCfg = Release|Any CPU
		{CF3E5086-06E8-4F58-B054-A9E796E100A5}.Release|Any CPU.Build.0 = Release|Any CPU
		{CF3E5086-06E8-4F58-B054-A9E796E100A5}.Release|Mixed Platforms.ActiveCfg = Release|Any CPU
		{CF3E5086-06E8-4F58-B054-A9E796E100A5}.Release|Mixed Platforms.Build.0 = Release|Any CPU
		{CF3E5086-06E8-4F58-B054-A9E796E100A5}.Release|x86.ActiveCfg = Release|Any CPU
		{CF3E5086-06E8-4F58-B054-A9E796E100A5}.Release|x86.Build.0 = Release|Any CPU
		{4D16967F-C60C-44D3-971A-15B4A68C213D}.Debug|Any CPU.ActiveCfg = Debug|Any CPU
		{4D16967F-C60C-44D3-971A-15B4A68C213D}.Debug|Any CPU.Build.0 = Debug|Any CPU
		{4D16967F-C60C-44D3-971A-15B4A68C213D}.Debug|Mixed Platforms.ActiveCfg = Debug|Any CPU
		{4D16967F-C60C-44D3-971A-15B4A68C213D}.Debug|Mixed Platforms.Build.0 = Debug|Any CPU
		{4D16967F-C60C-44D3-971A-15B4A68C213D}.Debug|x86.ActiveCfg = Debug|Any CPU
		{4D16967F-C60C-44D3-971A-15B4A68C213D}.Debug|x86.Build.0 = Debug|Any CPU
		{4D16967F-C60C-44D3-971A-15B4A68C213D}.Release|Any CPU.ActiveCfg = Release|Any CPU
		{4D16967F-C60C-44D3-971A-15B4A68C213D}.Release|Any CPU.Build.0 = Release|Any CPU
		{4D16967F-C60C-44D3-971A-15B4A68C213D}.Release|Mixed Platforms.ActiveCfg = Release|Any CPU
		{4D16967F-C60C-44D3-971A-15B4A68C213D}.Release|Mixed Platforms.Build.0 = Release|Any CPU
		{4D16967F-C60C-44D3-971A-15B4A68C213D}.Release|x86.ActiveCfg = Release|Any CPU
		{4D16967F-C60C-44D3-971A-15B4A68C213D}.Release|x86.Build.0 = Release|Any CPU
		{E4CC25FA-C58B-4850-A38F-E7485DF13D97}.Debug|Any CPU.ActiveCfg = Debug|Any CPU
		{E4CC25FA-C58B-4850-A38F-E7485DF13D97}.Debug|Any CPU.Build.0 = Debug|Any CPU
		{E4CC25FA-C58B-4850-A38F-E7485DF13D97}.Debug|Mixed Platforms.ActiveCfg = Debug|Any CPU
		{E4CC25FA-C58B-4850-A38F-E7485DF13D97}.Debug|Mixed Platforms.Build.0 = Debug|Any CPU
		{E4CC25FA-C58B-4850-A38F-E7485DF13D97}.Debug|x86.ActiveCfg = Debug|Any CPU
		{E4CC25FA-C58B-4850-A38F-E7485DF13D97}.Debug|x86.Build.0 = Debug|Any CPU
		{E4CC25FA-C58B-4850-A38F-E7485DF13D97}.Release|Any CPU.ActiveCfg = Release|Any CPU
		{E4CC25FA-C58B-4850-A38F-E7485DF13D97}.Release|Any CPU.Build.0 = Release|Any CPU
		{E4CC25FA-C58B-4850-A38F-E7485DF13D97}.Release|Mixed Platforms.ActiveCfg = Release|Any CPU
		{E4CC25FA-C58B-4850-A38F-E7485DF13D97}.Release|Mixed Platforms.Build.0 = Release|Any CPU
		{E4CC25FA-C58B-4850-A38F-E7485DF13D97}.Release|x86.ActiveCfg = Release|Any CPU
		{E4CC25FA-C58B-4850-A38F-E7485DF13D97}.Release|x86.Build.0 = Release|Any CPU
	EndGlobalSection
	GlobalSection(SolutionProperties) = preSolution
		HideSolutionNode = FALSE
	EndGlobalSection
	GlobalSection(ExtensibilityGlobals) = postSolution
		SolutionGuid = {76CBB32A-396D-4049-8237-6050450A2E1D}
	EndGlobalSection
	GlobalSection(TestCaseManagementSettings) = postSolution
		CategoryFile = BHL.vsmdi
	EndGlobalSection
EndGlobal
