
Microsoft Visual Studio Solution File, Format Version 12.00
# Visual Studio 2012
Project("{FAE04EC0-301F-11D3-BF4B-00C04F79EFBC}") = "BHLAdminWeb", "BHLAdminWeb\BHLAdminWeb.csproj", "{53463F60-2878-46CC-A088-0B09C8F55CC7}"
EndProject
Project("{FAE04EC0-301F-11D3-BF4B-00C04F79EFBC}") = "FlickrUtility", "FlickrUtility\FlickrUtility.csproj", "{F9D69FA5-9EE0-43FB-ABA3-DC443ACE3F18}"
EndProject
Global
	GlobalSection(TeamFoundationVersionControl) = preSolution
		SccNumberOfProjects = 3
		SccEnterpriseProvider = {4CA58AB2-18FA-4F8D-95D4-32DDF27D184C}
		SccTeamFoundationServer = http://mbgdevserv02:8080/
		SccLocalPath0 = .
		SccProjectUniqueName1 = BHLAdminWeb\\BHLAdminWeb.csproj
		SccProjectName1 = BHLAdminWeb
		SccLocalPath1 = BHLAdminWeb
		SccProjectUniqueName2 = FlickrUtility\\FlickrUtility.csproj
		SccProjectName2 = FlickrUtility
		SccLocalPath2 = FlickrUtility
	EndGlobalSection
	GlobalSection(SolutionConfigurationPlatforms) = preSolution
		Debug|Any CPU = Debug|Any CPU
		Release|Any CPU = Release|Any CPU
	EndGlobalSection
	GlobalSection(ProjectConfigurationPlatforms) = postSolution
		{53463F60-2878-46CC-A088-0B09C8F55CC7}.Debug|Any CPU.ActiveCfg = Debug|Any CPU
		{53463F60-2878-46CC-A088-0B09C8F55CC7}.Debug|Any CPU.Build.0 = Debug|Any CPU
		{53463F60-2878-46CC-A088-0B09C8F55CC7}.Release|Any CPU.ActiveCfg = Release|Any CPU
		{53463F60-2878-46CC-A088-0B09C8F55CC7}.Release|Any CPU.Build.0 = Release|Any CPU
		{F9D69FA5-9EE0-43FB-ABA3-DC443ACE3F18}.Debug|Any CPU.ActiveCfg = Debug|Any CPU
		{F9D69FA5-9EE0-43FB-ABA3-DC443ACE3F18}.Debug|Any CPU.Build.0 = Debug|Any CPU
		{F9D69FA5-9EE0-43FB-ABA3-DC443ACE3F18}.Release|Any CPU.ActiveCfg = Release|Any CPU
		{F9D69FA5-9EE0-43FB-ABA3-DC443ACE3F18}.Release|Any CPU.Build.0 = Release|Any CPU
	EndGlobalSection
	GlobalSection(SolutionProperties) = preSolution
		HideSolutionNode = FALSE
	EndGlobalSection
EndGlobal
