
Microsoft Visual Studio Solution File, Format Version 12.00
# Visual Studio 2012
Project("{FAE04EC0-301F-11D3-BF4B-00C04F79EFBC}") = "BHLImportDataObjects", "BHLImportDataObjects\BHLImportDataObjects.csproj", "{D936AD4D-99F3-4095-B538-A097B23ACCD8}"
EndProject
Project("{FAE04EC0-301F-11D3-BF4B-00C04F79EFBC}") = "BHLImportCoreDAL", "BHLImportCoreDAL\BHLImportCoreDAL.csproj", "{BBD99822-F1A3-43C1-A242-686F807DBE33}"
EndProject
Project("{FAE04EC0-301F-11D3-BF4B-00C04F79EFBC}") = "BHLImportEFDataModel", "BHLImportEFDataModel\BHLImportEFDataModel.csproj", "{B555E9A6-FD96-46FD-937A-3EA3B1CEF06E}"
EndProject
Project("{FAE04EC0-301F-11D3-BF4B-00C04F79EFBC}") = "BHLImportEFDataService", "BHLImportEFDataService\BHLImportEFDataService.csproj", "{E555B877-E56A-45BB-83AF-A79630E7D41B}"
EndProject
Project("{FAE04EC0-301F-11D3-BF4B-00C04F79EFBC}") = "BHLImportServer", "BHLImportServer\BHLImportServer.csproj", "{5D08C39C-54E8-42CE-BDA5-99B56DE972BB}"
EndProject
Project("{FAE04EC0-301F-11D3-BF4B-00C04F79EFBC}") = "BHLImportWebService", "BHLImportService\BHLImportWebService.csproj", "{973367CC-BEEE-4B72-A0B8-DC3E982F500B}"
EndProject
Project("{FAE04EC0-301F-11D3-BF4B-00C04F79EFBC}") = "BHLBioStorHarvest", "BHLBioStorHarvest\BHLBioStorHarvest.csproj", "{3BE3F744-8EEB-4C22-B13B-05C3689E229E}"
EndProject
Project("{FAE04EC0-301F-11D3-BF4B-00C04F79EFBC}") = "IAHarvest", "IAHarvest\IAHarvest.csproj", "{5A5FF188-3538-4A3F-BC68-0984B6888479}"
EndProject
Project("{FAE04EC0-301F-11D3-BF4B-00C04F79EFBC}") = "IAAnalysisDataObjects", "IAAnalysisDataObjects\IAAnalysisDataObjects.csproj", "{5932981B-A336-4A70-B7C6-597663022EA7}"
EndProject
Project("{FAE04EC0-301F-11D3-BF4B-00C04F79EFBC}") = "IAAnalysisCoreDAL", "IAAnalysisCoreDAL\IAAnalysisCoreDAL.csproj", "{BE7B3297-354F-4CBD-A679-B9F444EB0FC1}"
EndProject
Project("{FAE04EC0-301F-11D3-BF4B-00C04F79EFBC}") = "IAAnalysisServer", "IAAnalysisServer\IAAnalysisServer.csproj", "{42A64414-DE9E-4CE5-AED6-02F1D0811542}"
EndProject
Project("{FAE04EC0-301F-11D3-BF4B-00C04F79EFBC}") = "IAAnalysisHarvest", "IAAnalysisHarvest\IAAnalysisHarvest.csproj", "{C674646A-6012-499C-BDFC-D6E7B2448061}"
EndProject
Project("{00D1A9C2-B5F0-4AF3-8072-F6C62B433612}") = "Database-BHLImport", "Database-BHLImport\Database-BHLImport.sqlproj", "{A5E8067C-B53E-4C0D-A9F6-3480DE693727}"
EndProject
Project("{00D1A9C2-B5F0-4AF3-8072-F6C62B433612}") = "Database-IAAnalysis", "Database-IAAnalysis\Database-IAAnalysis.sqlproj", "{2543A23F-B305-4881-84BD-1994A5B654F3}"
EndProject
Project("{FAE04EC0-301F-11D3-BF4B-00C04F79EFBC}") = "BHLSegmentClusterer", "BHLSegmentClusterer\BHLSegmentClusterer.csproj", "{229A9CF3-AB1D-4307-883E-66D7B6E7EBAF}"
EndProject
Project("{FAE04EC0-301F-11D3-BF4B-00C04F79EFBC}") = "DocumentResolver", "DocumentResolver\DocumentResolver.csproj", "{7AE91F63-3D78-4D12-821D-90050A816F66}"
EndProject
Project("{FAE04EC0-301F-11D3-BF4B-00C04F79EFBC}") = "BHLDataObjects", "BHLDataObjects\BHLDataObjects.csproj", "{65499E9E-4829-469E-8B5E-3F96012649AF}"
EndProject
Project("{FAE04EC0-301F-11D3-BF4B-00C04F79EFBC}") = "BHLCoreDAL", "BHLCoreDAL\BHLCoreDAL.csproj", "{96BF5B64-D65D-43F2-A2F3-500F9E28FE53}"
EndProject
Project("{FAE04EC0-301F-11D3-BF4B-00C04F79EFBC}") = "BHLServer", "BHLServer\BHLServer.csproj", "{20FC0F67-C32A-46FE-9FF2-BA5FC74725AF}"
EndProject
Project("{00D1A9C2-B5F0-4AF3-8072-F6C62B433612}") = "Database-BHL", "Database-BHL\Database-BHL.sqlproj", "{1EBA8419-B379-473B-B641-7AA6FDDB30A7}"
EndProject
Project("{FAE04EC0-301F-11D3-BF4B-00C04F79EFBC}") = "CustomDataAccess", "CustomDataAccess\CustomDataAccess.csproj", "{28227DF3-62E5-46B2-BABB-C21684EA7425}"
EndProject
Project("{FAE04EC0-301F-11D3-BF4B-00C04F79EFBC}") = "BHLFileAccess", "BHLFileAccess\BHLFileAccess.csproj", "{90020027-AD6A-4052-820E-057BEBAA8E2E}"
EndProject
Project("{FAE04EC0-301F-11D3-BF4B-00C04F79EFBC}") = "BHLFileAccessRemotingUtilities", "BHLFileAccessRemotingUtilities\BHLFileAccessRemotingUtilities.csproj", "{C4C907E6-860C-4684-AFF3-26269BF193F3}"
EndProject
Project("{FAE04EC0-301F-11D3-BF4B-00C04F79EFBC}") = "BHLUtility", "BHLUtility\BHLUtility.csproj", "{270E7816-13EC-4D51-A27F-C959981B1275}"
EndProject
Project("{FAE04EC0-301F-11D3-BF4B-00C04F79EFBC}") = "BHLWebUtilities", "BHLWebUtilities\BHLWebUtilities.csproj", "{7E1631E8-F28A-4F9E-97E4-F8A69522D9DD}"
EndProject
Project("{FAE04EC0-301F-11D3-BF4B-00C04F79EFBC}") = "BHLOAIHarvester", "BHLOAIHarvester\BHLOAIHarvester.csproj", "{CE332919-7FEF-4033-B546-EAB6B0F5654D}"
EndProject
Global
	GlobalSection(SolutionConfigurationPlatforms) = preSolution
		Debug|Any CPU = Debug|Any CPU
		Debug|Mixed Platforms = Debug|Mixed Platforms
		Debug|x86 = Debug|x86
		Release|Any CPU = Release|Any CPU
		Release|Mixed Platforms = Release|Mixed Platforms
		Release|x86 = Release|x86
	EndGlobalSection
	GlobalSection(ProjectConfigurationPlatforms) = postSolution
		{D936AD4D-99F3-4095-B538-A097B23ACCD8}.Debug|Any CPU.ActiveCfg = Debug|Any CPU
		{D936AD4D-99F3-4095-B538-A097B23ACCD8}.Debug|Any CPU.Build.0 = Debug|Any CPU
		{D936AD4D-99F3-4095-B538-A097B23ACCD8}.Debug|Mixed Platforms.ActiveCfg = Debug|Any CPU
		{D936AD4D-99F3-4095-B538-A097B23ACCD8}.Debug|Mixed Platforms.Build.0 = Debug|Any CPU
		{D936AD4D-99F3-4095-B538-A097B23ACCD8}.Debug|x86.ActiveCfg = Debug|Any CPU
		{D936AD4D-99F3-4095-B538-A097B23ACCD8}.Release|Any CPU.ActiveCfg = Release|Any CPU
		{D936AD4D-99F3-4095-B538-A097B23ACCD8}.Release|Any CPU.Build.0 = Release|Any CPU
		{D936AD4D-99F3-4095-B538-A097B23ACCD8}.Release|Mixed Platforms.ActiveCfg = Release|Any CPU
		{D936AD4D-99F3-4095-B538-A097B23ACCD8}.Release|Mixed Platforms.Build.0 = Release|Any CPU
		{D936AD4D-99F3-4095-B538-A097B23ACCD8}.Release|x86.ActiveCfg = Release|Any CPU
		{BBD99822-F1A3-43C1-A242-686F807DBE33}.Debug|Any CPU.ActiveCfg = Debug|Any CPU
		{BBD99822-F1A3-43C1-A242-686F807DBE33}.Debug|Any CPU.Build.0 = Debug|Any CPU
		{BBD99822-F1A3-43C1-A242-686F807DBE33}.Debug|Mixed Platforms.ActiveCfg = Debug|Any CPU
		{BBD99822-F1A3-43C1-A242-686F807DBE33}.Debug|Mixed Platforms.Build.0 = Debug|Any CPU
		{BBD99822-F1A3-43C1-A242-686F807DBE33}.Debug|x86.ActiveCfg = Debug|Any CPU
		{BBD99822-F1A3-43C1-A242-686F807DBE33}.Release|Any CPU.ActiveCfg = Release|Any CPU
		{BBD99822-F1A3-43C1-A242-686F807DBE33}.Release|Any CPU.Build.0 = Release|Any CPU
		{BBD99822-F1A3-43C1-A242-686F807DBE33}.Release|Mixed Platforms.ActiveCfg = Release|Any CPU
		{BBD99822-F1A3-43C1-A242-686F807DBE33}.Release|Mixed Platforms.Build.0 = Release|Any CPU
		{BBD99822-F1A3-43C1-A242-686F807DBE33}.Release|x86.ActiveCfg = Release|Any CPU
		{B555E9A6-FD96-46FD-937A-3EA3B1CEF06E}.Debug|Any CPU.ActiveCfg = Debug|Any CPU
		{B555E9A6-FD96-46FD-937A-3EA3B1CEF06E}.Debug|Any CPU.Build.0 = Debug|Any CPU
		{B555E9A6-FD96-46FD-937A-3EA3B1CEF06E}.Debug|Mixed Platforms.ActiveCfg = Debug|Any CPU
		{B555E9A6-FD96-46FD-937A-3EA3B1CEF06E}.Debug|Mixed Platforms.Build.0 = Debug|Any CPU
		{B555E9A6-FD96-46FD-937A-3EA3B1CEF06E}.Debug|x86.ActiveCfg = Debug|Any CPU
		{B555E9A6-FD96-46FD-937A-3EA3B1CEF06E}.Release|Any CPU.ActiveCfg = Release|Any CPU
		{B555E9A6-FD96-46FD-937A-3EA3B1CEF06E}.Release|Any CPU.Build.0 = Release|Any CPU
		{B555E9A6-FD96-46FD-937A-3EA3B1CEF06E}.Release|Mixed Platforms.ActiveCfg = Release|Any CPU
		{B555E9A6-FD96-46FD-937A-3EA3B1CEF06E}.Release|Mixed Platforms.Build.0 = Release|Any CPU
		{B555E9A6-FD96-46FD-937A-3EA3B1CEF06E}.Release|x86.ActiveCfg = Release|Any CPU
		{E555B877-E56A-45BB-83AF-A79630E7D41B}.Debug|Any CPU.ActiveCfg = Debug|Any CPU
		{E555B877-E56A-45BB-83AF-A79630E7D41B}.Debug|Any CPU.Build.0 = Debug|Any CPU
		{E555B877-E56A-45BB-83AF-A79630E7D41B}.Debug|Mixed Platforms.ActiveCfg = Debug|Any CPU
		{E555B877-E56A-45BB-83AF-A79630E7D41B}.Debug|Mixed Platforms.Build.0 = Debug|Any CPU
		{E555B877-E56A-45BB-83AF-A79630E7D41B}.Debug|x86.ActiveCfg = Debug|Any CPU
		{E555B877-E56A-45BB-83AF-A79630E7D41B}.Release|Any CPU.ActiveCfg = Release|Any CPU
		{E555B877-E56A-45BB-83AF-A79630E7D41B}.Release|Any CPU.Build.0 = Release|Any CPU
		{E555B877-E56A-45BB-83AF-A79630E7D41B}.Release|Mixed Platforms.ActiveCfg = Release|Any CPU
		{E555B877-E56A-45BB-83AF-A79630E7D41B}.Release|Mixed Platforms.Build.0 = Release|Any CPU
		{E555B877-E56A-45BB-83AF-A79630E7D41B}.Release|x86.ActiveCfg = Release|Any CPU
		{5D08C39C-54E8-42CE-BDA5-99B56DE972BB}.Debug|Any CPU.ActiveCfg = Debug|Any CPU
		{5D08C39C-54E8-42CE-BDA5-99B56DE972BB}.Debug|Any CPU.Build.0 = Debug|Any CPU
		{5D08C39C-54E8-42CE-BDA5-99B56DE972BB}.Debug|Mixed Platforms.ActiveCfg = Debug|Any CPU
		{5D08C39C-54E8-42CE-BDA5-99B56DE972BB}.Debug|Mixed Platforms.Build.0 = Debug|Any CPU
		{5D08C39C-54E8-42CE-BDA5-99B56DE972BB}.Debug|x86.ActiveCfg = Debug|Any CPU
		{5D08C39C-54E8-42CE-BDA5-99B56DE972BB}.Release|Any CPU.ActiveCfg = Release|Any CPU
		{5D08C39C-54E8-42CE-BDA5-99B56DE972BB}.Release|Any CPU.Build.0 = Release|Any CPU
		{5D08C39C-54E8-42CE-BDA5-99B56DE972BB}.Release|Mixed Platforms.ActiveCfg = Release|Any CPU
		{5D08C39C-54E8-42CE-BDA5-99B56DE972BB}.Release|Mixed Platforms.Build.0 = Release|Any CPU
		{5D08C39C-54E8-42CE-BDA5-99B56DE972BB}.Release|x86.ActiveCfg = Release|Any CPU
		{973367CC-BEEE-4B72-A0B8-DC3E982F500B}.Debug|Any CPU.ActiveCfg = Debug|Any CPU
		{973367CC-BEEE-4B72-A0B8-DC3E982F500B}.Debug|Any CPU.Build.0 = Debug|Any CPU
		{973367CC-BEEE-4B72-A0B8-DC3E982F500B}.Debug|Mixed Platforms.ActiveCfg = Debug|Any CPU
		{973367CC-BEEE-4B72-A0B8-DC3E982F500B}.Debug|Mixed Platforms.Build.0 = Debug|Any CPU
		{973367CC-BEEE-4B72-A0B8-DC3E982F500B}.Debug|x86.ActiveCfg = Debug|Any CPU
		{973367CC-BEEE-4B72-A0B8-DC3E982F500B}.Release|Any CPU.ActiveCfg = Release|Any CPU
		{973367CC-BEEE-4B72-A0B8-DC3E982F500B}.Release|Any CPU.Build.0 = Release|Any CPU
		{973367CC-BEEE-4B72-A0B8-DC3E982F500B}.Release|Mixed Platforms.ActiveCfg = Release|Any CPU
		{973367CC-BEEE-4B72-A0B8-DC3E982F500B}.Release|Mixed Platforms.Build.0 = Release|Any CPU
		{973367CC-BEEE-4B72-A0B8-DC3E982F500B}.Release|x86.ActiveCfg = Release|Any CPU
		{3BE3F744-8EEB-4C22-B13B-05C3689E229E}.Debug|Any CPU.ActiveCfg = Debug|x86
		{3BE3F744-8EEB-4C22-B13B-05C3689E229E}.Debug|Mixed Platforms.ActiveCfg = Debug|x86
		{3BE3F744-8EEB-4C22-B13B-05C3689E229E}.Debug|Mixed Platforms.Build.0 = Debug|x86
		{3BE3F744-8EEB-4C22-B13B-05C3689E229E}.Debug|x86.ActiveCfg = Debug|x86
		{3BE3F744-8EEB-4C22-B13B-05C3689E229E}.Debug|x86.Build.0 = Debug|x86
		{3BE3F744-8EEB-4C22-B13B-05C3689E229E}.Release|Any CPU.ActiveCfg = Release|x86
		{3BE3F744-8EEB-4C22-B13B-05C3689E229E}.Release|Mixed Platforms.ActiveCfg = Release|x86
		{3BE3F744-8EEB-4C22-B13B-05C3689E229E}.Release|Mixed Platforms.Build.0 = Release|x86
		{3BE3F744-8EEB-4C22-B13B-05C3689E229E}.Release|x86.ActiveCfg = Release|x86
		{3BE3F744-8EEB-4C22-B13B-05C3689E229E}.Release|x86.Build.0 = Release|x86
		{5A5FF188-3538-4A3F-BC68-0984B6888479}.Debug|Any CPU.ActiveCfg = Debug|Any CPU
		{5A5FF188-3538-4A3F-BC68-0984B6888479}.Debug|Any CPU.Build.0 = Debug|Any CPU
		{5A5FF188-3538-4A3F-BC68-0984B6888479}.Debug|Mixed Platforms.ActiveCfg = Debug|Any CPU
		{5A5FF188-3538-4A3F-BC68-0984B6888479}.Debug|Mixed Platforms.Build.0 = Debug|Any CPU
		{5A5FF188-3538-4A3F-BC68-0984B6888479}.Debug|x86.ActiveCfg = Debug|Any CPU
		{5A5FF188-3538-4A3F-BC68-0984B6888479}.Release|Any CPU.ActiveCfg = Release|Any CPU
		{5A5FF188-3538-4A3F-BC68-0984B6888479}.Release|Any CPU.Build.0 = Release|Any CPU
		{5A5FF188-3538-4A3F-BC68-0984B6888479}.Release|Mixed Platforms.ActiveCfg = Release|Any CPU
		{5A5FF188-3538-4A3F-BC68-0984B6888479}.Release|Mixed Platforms.Build.0 = Release|Any CPU
		{5A5FF188-3538-4A3F-BC68-0984B6888479}.Release|x86.ActiveCfg = Release|Any CPU
		{5932981B-A336-4A70-B7C6-597663022EA7}.Debug|Any CPU.ActiveCfg = Debug|Any CPU
		{5932981B-A336-4A70-B7C6-597663022EA7}.Debug|Any CPU.Build.0 = Debug|Any CPU
		{5932981B-A336-4A70-B7C6-597663022EA7}.Debug|Mixed Platforms.ActiveCfg = Debug|Any CPU
		{5932981B-A336-4A70-B7C6-597663022EA7}.Debug|Mixed Platforms.Build.0 = Debug|Any CPU
		{5932981B-A336-4A70-B7C6-597663022EA7}.Debug|x86.ActiveCfg = Debug|Any CPU
		{5932981B-A336-4A70-B7C6-597663022EA7}.Release|Any CPU.ActiveCfg = Release|Any CPU
		{5932981B-A336-4A70-B7C6-597663022EA7}.Release|Any CPU.Build.0 = Release|Any CPU
		{5932981B-A336-4A70-B7C6-597663022EA7}.Release|Mixed Platforms.ActiveCfg = Release|Any CPU
		{5932981B-A336-4A70-B7C6-597663022EA7}.Release|Mixed Platforms.Build.0 = Release|Any CPU
		{5932981B-A336-4A70-B7C6-597663022EA7}.Release|x86.ActiveCfg = Release|Any CPU
		{BE7B3297-354F-4CBD-A679-B9F444EB0FC1}.Debug|Any CPU.ActiveCfg = Debug|Any CPU
		{BE7B3297-354F-4CBD-A679-B9F444EB0FC1}.Debug|Any CPU.Build.0 = Debug|Any CPU
		{BE7B3297-354F-4CBD-A679-B9F444EB0FC1}.Debug|Mixed Platforms.ActiveCfg = Debug|Any CPU
		{BE7B3297-354F-4CBD-A679-B9F444EB0FC1}.Debug|Mixed Platforms.Build.0 = Debug|Any CPU
		{BE7B3297-354F-4CBD-A679-B9F444EB0FC1}.Debug|x86.ActiveCfg = Debug|Any CPU
		{BE7B3297-354F-4CBD-A679-B9F444EB0FC1}.Release|Any CPU.ActiveCfg = Release|Any CPU
		{BE7B3297-354F-4CBD-A679-B9F444EB0FC1}.Release|Any CPU.Build.0 = Release|Any CPU
		{BE7B3297-354F-4CBD-A679-B9F444EB0FC1}.Release|Mixed Platforms.ActiveCfg = Release|Any CPU
		{BE7B3297-354F-4CBD-A679-B9F444EB0FC1}.Release|Mixed Platforms.Build.0 = Release|Any CPU
		{BE7B3297-354F-4CBD-A679-B9F444EB0FC1}.Release|x86.ActiveCfg = Release|Any CPU
		{42A64414-DE9E-4CE5-AED6-02F1D0811542}.Debug|Any CPU.ActiveCfg = Debug|Any CPU
		{42A64414-DE9E-4CE5-AED6-02F1D0811542}.Debug|Any CPU.Build.0 = Debug|Any CPU
		{42A64414-DE9E-4CE5-AED6-02F1D0811542}.Debug|Mixed Platforms.ActiveCfg = Debug|Any CPU
		{42A64414-DE9E-4CE5-AED6-02F1D0811542}.Debug|Mixed Platforms.Build.0 = Debug|Any CPU
		{42A64414-DE9E-4CE5-AED6-02F1D0811542}.Debug|x86.ActiveCfg = Debug|Any CPU
		{42A64414-DE9E-4CE5-AED6-02F1D0811542}.Release|Any CPU.ActiveCfg = Release|Any CPU
		{42A64414-DE9E-4CE5-AED6-02F1D0811542}.Release|Any CPU.Build.0 = Release|Any CPU
		{42A64414-DE9E-4CE5-AED6-02F1D0811542}.Release|Mixed Platforms.ActiveCfg = Release|Any CPU
		{42A64414-DE9E-4CE5-AED6-02F1D0811542}.Release|Mixed Platforms.Build.0 = Release|Any CPU
		{42A64414-DE9E-4CE5-AED6-02F1D0811542}.Release|x86.ActiveCfg = Release|Any CPU
		{C674646A-6012-499C-BDFC-D6E7B2448061}.Debug|Any CPU.ActiveCfg = Debug|Any CPU
		{C674646A-6012-499C-BDFC-D6E7B2448061}.Debug|Any CPU.Build.0 = Debug|Any CPU
		{C674646A-6012-499C-BDFC-D6E7B2448061}.Debug|Mixed Platforms.ActiveCfg = Debug|Any CPU
		{C674646A-6012-499C-BDFC-D6E7B2448061}.Debug|Mixed Platforms.Build.0 = Debug|Any CPU
		{C674646A-6012-499C-BDFC-D6E7B2448061}.Debug|x86.ActiveCfg = Debug|Any CPU
		{C674646A-6012-499C-BDFC-D6E7B2448061}.Release|Any CPU.ActiveCfg = Release|Any CPU
		{C674646A-6012-499C-BDFC-D6E7B2448061}.Release|Any CPU.Build.0 = Release|Any CPU
		{C674646A-6012-499C-BDFC-D6E7B2448061}.Release|Mixed Platforms.ActiveCfg = Release|Any CPU
		{C674646A-6012-499C-BDFC-D6E7B2448061}.Release|Mixed Platforms.Build.0 = Release|Any CPU
		{C674646A-6012-499C-BDFC-D6E7B2448061}.Release|x86.ActiveCfg = Release|Any CPU
		{A5E8067C-B53E-4C0D-A9F6-3480DE693727}.Debug|Any CPU.ActiveCfg = Debug|Any CPU
		{A5E8067C-B53E-4C0D-A9F6-3480DE693727}.Debug|Any CPU.Build.0 = Debug|Any CPU
		{A5E8067C-B53E-4C0D-A9F6-3480DE693727}.Debug|Any CPU.Deploy.0 = Debug|Any CPU
		{A5E8067C-B53E-4C0D-A9F6-3480DE693727}.Debug|Mixed Platforms.ActiveCfg = Debug|Any CPU
		{A5E8067C-B53E-4C0D-A9F6-3480DE693727}.Debug|Mixed Platforms.Deploy.0 = Debug|Any CPU
		{A5E8067C-B53E-4C0D-A9F6-3480DE693727}.Debug|x86.ActiveCfg = Debug|Any CPU
		{A5E8067C-B53E-4C0D-A9F6-3480DE693727}.Release|Any CPU.ActiveCfg = Release|Any CPU
		{A5E8067C-B53E-4C0D-A9F6-3480DE693727}.Release|Any CPU.Build.0 = Release|Any CPU
		{A5E8067C-B53E-4C0D-A9F6-3480DE693727}.Release|Any CPU.Deploy.0 = Release|Any CPU
		{A5E8067C-B53E-4C0D-A9F6-3480DE693727}.Release|Mixed Platforms.ActiveCfg = Release|Any CPU
		{A5E8067C-B53E-4C0D-A9F6-3480DE693727}.Release|Mixed Platforms.Build.0 = Release|Any CPU
		{A5E8067C-B53E-4C0D-A9F6-3480DE693727}.Release|Mixed Platforms.Deploy.0 = Release|Any CPU
		{A5E8067C-B53E-4C0D-A9F6-3480DE693727}.Release|x86.ActiveCfg = Release|Any CPU
		{2543A23F-B305-4881-84BD-1994A5B654F3}.Debug|Any CPU.ActiveCfg = Debug|Any CPU
		{2543A23F-B305-4881-84BD-1994A5B654F3}.Debug|Any CPU.Build.0 = Debug|Any CPU
		{2543A23F-B305-4881-84BD-1994A5B654F3}.Debug|Any CPU.Deploy.0 = Debug|Any CPU
		{2543A23F-B305-4881-84BD-1994A5B654F3}.Debug|Mixed Platforms.ActiveCfg = Debug|Any CPU
		{2543A23F-B305-4881-84BD-1994A5B654F3}.Debug|Mixed Platforms.Deploy.0 = Debug|Any CPU
		{2543A23F-B305-4881-84BD-1994A5B654F3}.Debug|x86.ActiveCfg = Debug|Any CPU
		{2543A23F-B305-4881-84BD-1994A5B654F3}.Release|Any CPU.ActiveCfg = Release|Any CPU
		{2543A23F-B305-4881-84BD-1994A5B654F3}.Release|Any CPU.Build.0 = Release|Any CPU
		{2543A23F-B305-4881-84BD-1994A5B654F3}.Release|Any CPU.Deploy.0 = Release|Any CPU
		{2543A23F-B305-4881-84BD-1994A5B654F3}.Release|Mixed Platforms.ActiveCfg = Release|Any CPU
		{2543A23F-B305-4881-84BD-1994A5B654F3}.Release|Mixed Platforms.Build.0 = Release|Any CPU
		{2543A23F-B305-4881-84BD-1994A5B654F3}.Release|Mixed Platforms.Deploy.0 = Release|Any CPU
		{2543A23F-B305-4881-84BD-1994A5B654F3}.Release|x86.ActiveCfg = Release|Any CPU
		{229A9CF3-AB1D-4307-883E-66D7B6E7EBAF}.Debug|Any CPU.ActiveCfg = Debug|Any CPU
		{229A9CF3-AB1D-4307-883E-66D7B6E7EBAF}.Debug|Any CPU.Build.0 = Debug|Any CPU
		{229A9CF3-AB1D-4307-883E-66D7B6E7EBAF}.Debug|Mixed Platforms.ActiveCfg = Debug|Any CPU
		{229A9CF3-AB1D-4307-883E-66D7B6E7EBAF}.Debug|Mixed Platforms.Build.0 = Debug|Any CPU
		{229A9CF3-AB1D-4307-883E-66D7B6E7EBAF}.Debug|x86.ActiveCfg = Debug|Any CPU
		{229A9CF3-AB1D-4307-883E-66D7B6E7EBAF}.Release|Any CPU.ActiveCfg = Release|Any CPU
		{229A9CF3-AB1D-4307-883E-66D7B6E7EBAF}.Release|Any CPU.Build.0 = Release|Any CPU
		{229A9CF3-AB1D-4307-883E-66D7B6E7EBAF}.Release|Mixed Platforms.ActiveCfg = Release|Any CPU
		{229A9CF3-AB1D-4307-883E-66D7B6E7EBAF}.Release|Mixed Platforms.Build.0 = Release|Any CPU
		{229A9CF3-AB1D-4307-883E-66D7B6E7EBAF}.Release|x86.ActiveCfg = Release|Any CPU
		{7AE91F63-3D78-4D12-821D-90050A816F66}.Debug|Any CPU.ActiveCfg = Debug|Any CPU
		{7AE91F63-3D78-4D12-821D-90050A816F66}.Debug|Any CPU.Build.0 = Debug|Any CPU
		{7AE91F63-3D78-4D12-821D-90050A816F66}.Debug|Mixed Platforms.ActiveCfg = Debug|Any CPU
		{7AE91F63-3D78-4D12-821D-90050A816F66}.Debug|Mixed Platforms.Build.0 = Debug|Any CPU
		{7AE91F63-3D78-4D12-821D-90050A816F66}.Debug|x86.ActiveCfg = Debug|Any CPU
		{7AE91F63-3D78-4D12-821D-90050A816F66}.Release|Any CPU.ActiveCfg = Release|Any CPU
		{7AE91F63-3D78-4D12-821D-90050A816F66}.Release|Any CPU.Build.0 = Release|Any CPU
		{7AE91F63-3D78-4D12-821D-90050A816F66}.Release|Mixed Platforms.ActiveCfg = Release|Any CPU
		{7AE91F63-3D78-4D12-821D-90050A816F66}.Release|Mixed Platforms.Build.0 = Release|Any CPU
		{7AE91F63-3D78-4D12-821D-90050A816F66}.Release|x86.ActiveCfg = Release|Any CPU
		{65499E9E-4829-469E-8B5E-3F96012649AF}.Debug|Any CPU.ActiveCfg = Debug|Any CPU
		{65499E9E-4829-469E-8B5E-3F96012649AF}.Debug|Any CPU.Build.0 = Debug|Any CPU
		{65499E9E-4829-469E-8B5E-3F96012649AF}.Debug|Mixed Platforms.ActiveCfg = Debug|Any CPU
		{65499E9E-4829-469E-8B5E-3F96012649AF}.Debug|Mixed Platforms.Build.0 = Debug|Any CPU
		{65499E9E-4829-469E-8B5E-3F96012649AF}.Debug|x86.ActiveCfg = Debug|Any CPU
		{65499E9E-4829-469E-8B5E-3F96012649AF}.Release|Any CPU.ActiveCfg = Release|Any CPU
		{65499E9E-4829-469E-8B5E-3F96012649AF}.Release|Any CPU.Build.0 = Release|Any CPU
		{65499E9E-4829-469E-8B5E-3F96012649AF}.Release|Mixed Platforms.ActiveCfg = Release|Any CPU
		{65499E9E-4829-469E-8B5E-3F96012649AF}.Release|Mixed Platforms.Build.0 = Release|Any CPU
		{65499E9E-4829-469E-8B5E-3F96012649AF}.Release|x86.ActiveCfg = Release|Any CPU
		{96BF5B64-D65D-43F2-A2F3-500F9E28FE53}.Debug|Any CPU.ActiveCfg = Debug|Any CPU
		{96BF5B64-D65D-43F2-A2F3-500F9E28FE53}.Debug|Any CPU.Build.0 = Debug|Any CPU
		{96BF5B64-D65D-43F2-A2F3-500F9E28FE53}.Debug|Mixed Platforms.ActiveCfg = Debug|Any CPU
		{96BF5B64-D65D-43F2-A2F3-500F9E28FE53}.Debug|Mixed Platforms.Build.0 = Debug|Any CPU
		{96BF5B64-D65D-43F2-A2F3-500F9E28FE53}.Debug|x86.ActiveCfg = Debug|Any CPU
		{96BF5B64-D65D-43F2-A2F3-500F9E28FE53}.Release|Any CPU.ActiveCfg = Release|Any CPU
		{96BF5B64-D65D-43F2-A2F3-500F9E28FE53}.Release|Any CPU.Build.0 = Release|Any CPU
		{96BF5B64-D65D-43F2-A2F3-500F9E28FE53}.Release|Mixed Platforms.ActiveCfg = Release|Any CPU
		{96BF5B64-D65D-43F2-A2F3-500F9E28FE53}.Release|Mixed Platforms.Build.0 = Release|Any CPU
		{96BF5B64-D65D-43F2-A2F3-500F9E28FE53}.Release|x86.ActiveCfg = Release|Any CPU
		{20FC0F67-C32A-46FE-9FF2-BA5FC74725AF}.Debug|Any CPU.ActiveCfg = Debug|Any CPU
		{20FC0F67-C32A-46FE-9FF2-BA5FC74725AF}.Debug|Any CPU.Build.0 = Debug|Any CPU
		{20FC0F67-C32A-46FE-9FF2-BA5FC74725AF}.Debug|Mixed Platforms.ActiveCfg = Debug|Any CPU
		{20FC0F67-C32A-46FE-9FF2-BA5FC74725AF}.Debug|Mixed Platforms.Build.0 = Debug|Any CPU
		{20FC0F67-C32A-46FE-9FF2-BA5FC74725AF}.Debug|x86.ActiveCfg = Debug|Any CPU
		{20FC0F67-C32A-46FE-9FF2-BA5FC74725AF}.Release|Any CPU.ActiveCfg = Release|Any CPU
		{20FC0F67-C32A-46FE-9FF2-BA5FC74725AF}.Release|Any CPU.Build.0 = Release|Any CPU
		{20FC0F67-C32A-46FE-9FF2-BA5FC74725AF}.Release|Mixed Platforms.ActiveCfg = Release|Any CPU
		{20FC0F67-C32A-46FE-9FF2-BA5FC74725AF}.Release|Mixed Platforms.Build.0 = Release|Any CPU
		{20FC0F67-C32A-46FE-9FF2-BA5FC74725AF}.Release|x86.ActiveCfg = Release|Any CPU
		{1EBA8419-B379-473B-B641-7AA6FDDB30A7}.Debug|Any CPU.ActiveCfg = Debug|Any CPU
		{1EBA8419-B379-473B-B641-7AA6FDDB30A7}.Debug|Any CPU.Build.0 = Debug|Any CPU
		{1EBA8419-B379-473B-B641-7AA6FDDB30A7}.Debug|Any CPU.Deploy.0 = Debug|Any CPU
		{1EBA8419-B379-473B-B641-7AA6FDDB30A7}.Debug|Mixed Platforms.ActiveCfg = Debug|Any CPU
		{1EBA8419-B379-473B-B641-7AA6FDDB30A7}.Debug|Mixed Platforms.Deploy.0 = Debug|Any CPU
		{1EBA8419-B379-473B-B641-7AA6FDDB30A7}.Debug|x86.ActiveCfg = Debug|Any CPU
		{1EBA8419-B379-473B-B641-7AA6FDDB30A7}.Release|Any CPU.ActiveCfg = Release|Any CPU
		{1EBA8419-B379-473B-B641-7AA6FDDB30A7}.Release|Any CPU.Build.0 = Release|Any CPU
		{1EBA8419-B379-473B-B641-7AA6FDDB30A7}.Release|Any CPU.Deploy.0 = Release|Any CPU
		{1EBA8419-B379-473B-B641-7AA6FDDB30A7}.Release|Mixed Platforms.ActiveCfg = Release|Any CPU
		{1EBA8419-B379-473B-B641-7AA6FDDB30A7}.Release|Mixed Platforms.Build.0 = Release|Any CPU
		{1EBA8419-B379-473B-B641-7AA6FDDB30A7}.Release|Mixed Platforms.Deploy.0 = Release|Any CPU
		{1EBA8419-B379-473B-B641-7AA6FDDB30A7}.Release|x86.ActiveCfg = Release|Any CPU
		{28227DF3-62E5-46B2-BABB-C21684EA7425}.Debug|Any CPU.ActiveCfg = Debug|Any CPU
		{28227DF3-62E5-46B2-BABB-C21684EA7425}.Debug|Any CPU.Build.0 = Debug|Any CPU
		{28227DF3-62E5-46B2-BABB-C21684EA7425}.Debug|Mixed Platforms.ActiveCfg = Debug|Any CPU
		{28227DF3-62E5-46B2-BABB-C21684EA7425}.Debug|Mixed Platforms.Build.0 = Debug|Any CPU
		{28227DF3-62E5-46B2-BABB-C21684EA7425}.Debug|x86.ActiveCfg = Debug|Any CPU
		{28227DF3-62E5-46B2-BABB-C21684EA7425}.Release|Any CPU.ActiveCfg = Release|Any CPU
		{28227DF3-62E5-46B2-BABB-C21684EA7425}.Release|Any CPU.Build.0 = Release|Any CPU
		{28227DF3-62E5-46B2-BABB-C21684EA7425}.Release|Mixed Platforms.ActiveCfg = Release|Any CPU
		{28227DF3-62E5-46B2-BABB-C21684EA7425}.Release|Mixed Platforms.Build.0 = Release|Any CPU
		{28227DF3-62E5-46B2-BABB-C21684EA7425}.Release|x86.ActiveCfg = Release|Any CPU
		{90020027-AD6A-4052-820E-057BEBAA8E2E}.Debug|Any CPU.ActiveCfg = Debug|Any CPU
		{90020027-AD6A-4052-820E-057BEBAA8E2E}.Debug|Any CPU.Build.0 = Debug|Any CPU
		{90020027-AD6A-4052-820E-057BEBAA8E2E}.Debug|Mixed Platforms.ActiveCfg = Debug|Any CPU
		{90020027-AD6A-4052-820E-057BEBAA8E2E}.Debug|Mixed Platforms.Build.0 = Debug|Any CPU
		{90020027-AD6A-4052-820E-057BEBAA8E2E}.Debug|x86.ActiveCfg = Debug|Any CPU
		{90020027-AD6A-4052-820E-057BEBAA8E2E}.Release|Any CPU.ActiveCfg = Release|Any CPU
		{90020027-AD6A-4052-820E-057BEBAA8E2E}.Release|Any CPU.Build.0 = Release|Any CPU
		{90020027-AD6A-4052-820E-057BEBAA8E2E}.Release|Mixed Platforms.ActiveCfg = Release|Any CPU
		{90020027-AD6A-4052-820E-057BEBAA8E2E}.Release|Mixed Platforms.Build.0 = Release|Any CPU
		{90020027-AD6A-4052-820E-057BEBAA8E2E}.Release|x86.ActiveCfg = Release|Any CPU
		{C4C907E6-860C-4684-AFF3-26269BF193F3}.Debug|Any CPU.ActiveCfg = Debug|Any CPU
		{C4C907E6-860C-4684-AFF3-26269BF193F3}.Debug|Any CPU.Build.0 = Debug|Any CPU
		{C4C907E6-860C-4684-AFF3-26269BF193F3}.Debug|Mixed Platforms.ActiveCfg = Debug|Any CPU
		{C4C907E6-860C-4684-AFF3-26269BF193F3}.Debug|Mixed Platforms.Build.0 = Debug|Any CPU
		{C4C907E6-860C-4684-AFF3-26269BF193F3}.Debug|x86.ActiveCfg = Debug|Any CPU
		{C4C907E6-860C-4684-AFF3-26269BF193F3}.Release|Any CPU.ActiveCfg = Release|Any CPU
		{C4C907E6-860C-4684-AFF3-26269BF193F3}.Release|Any CPU.Build.0 = Release|Any CPU
		{C4C907E6-860C-4684-AFF3-26269BF193F3}.Release|Mixed Platforms.ActiveCfg = Release|Any CPU
		{C4C907E6-860C-4684-AFF3-26269BF193F3}.Release|Mixed Platforms.Build.0 = Release|Any CPU
		{C4C907E6-860C-4684-AFF3-26269BF193F3}.Release|x86.ActiveCfg = Release|Any CPU
		{270E7816-13EC-4D51-A27F-C959981B1275}.Debug|Any CPU.ActiveCfg = Debug|Any CPU
		{270E7816-13EC-4D51-A27F-C959981B1275}.Debug|Any CPU.Build.0 = Debug|Any CPU
		{270E7816-13EC-4D51-A27F-C959981B1275}.Debug|Mixed Platforms.ActiveCfg = Debug|Any CPU
		{270E7816-13EC-4D51-A27F-C959981B1275}.Debug|Mixed Platforms.Build.0 = Debug|Any CPU
		{270E7816-13EC-4D51-A27F-C959981B1275}.Debug|x86.ActiveCfg = Debug|Any CPU
		{270E7816-13EC-4D51-A27F-C959981B1275}.Release|Any CPU.ActiveCfg = Release|Any CPU
		{270E7816-13EC-4D51-A27F-C959981B1275}.Release|Any CPU.Build.0 = Release|Any CPU
		{270E7816-13EC-4D51-A27F-C959981B1275}.Release|Mixed Platforms.ActiveCfg = Release|Any CPU
		{270E7816-13EC-4D51-A27F-C959981B1275}.Release|Mixed Platforms.Build.0 = Release|Any CPU
		{270E7816-13EC-4D51-A27F-C959981B1275}.Release|x86.ActiveCfg = Release|Any CPU
		{7E1631E8-F28A-4F9E-97E4-F8A69522D9DD}.Debug|Any CPU.ActiveCfg = Debug|Any CPU
		{7E1631E8-F28A-4F9E-97E4-F8A69522D9DD}.Debug|Any CPU.Build.0 = Debug|Any CPU
		{7E1631E8-F28A-4F9E-97E4-F8A69522D9DD}.Debug|Mixed Platforms.ActiveCfg = Debug|Any CPU
		{7E1631E8-F28A-4F9E-97E4-F8A69522D9DD}.Debug|Mixed Platforms.Build.0 = Debug|Any CPU
		{7E1631E8-F28A-4F9E-97E4-F8A69522D9DD}.Debug|x86.ActiveCfg = Debug|Any CPU
		{7E1631E8-F28A-4F9E-97E4-F8A69522D9DD}.Release|Any CPU.ActiveCfg = Release|Any CPU
		{7E1631E8-F28A-4F9E-97E4-F8A69522D9DD}.Release|Any CPU.Build.0 = Release|Any CPU
		{7E1631E8-F28A-4F9E-97E4-F8A69522D9DD}.Release|Mixed Platforms.ActiveCfg = Release|Any CPU
		{7E1631E8-F28A-4F9E-97E4-F8A69522D9DD}.Release|Mixed Platforms.Build.0 = Release|Any CPU
		{7E1631E8-F28A-4F9E-97E4-F8A69522D9DD}.Release|x86.ActiveCfg = Release|Any CPU
		{CE332919-7FEF-4033-B546-EAB6B0F5654D}.Debug|Any CPU.ActiveCfg = Debug|Any CPU
		{CE332919-7FEF-4033-B546-EAB6B0F5654D}.Debug|Any CPU.Build.0 = Debug|Any CPU
		{CE332919-7FEF-4033-B546-EAB6B0F5654D}.Debug|Mixed Platforms.ActiveCfg = Debug|Any CPU
		{CE332919-7FEF-4033-B546-EAB6B0F5654D}.Debug|Mixed Platforms.Build.0 = Debug|Any CPU
		{CE332919-7FEF-4033-B546-EAB6B0F5654D}.Debug|x86.ActiveCfg = Debug|Any CPU
		{CE332919-7FEF-4033-B546-EAB6B0F5654D}.Release|Any CPU.ActiveCfg = Release|Any CPU
		{CE332919-7FEF-4033-B546-EAB6B0F5654D}.Release|Any CPU.Build.0 = Release|Any CPU
		{CE332919-7FEF-4033-B546-EAB6B0F5654D}.Release|Mixed Platforms.ActiveCfg = Release|Any CPU
		{CE332919-7FEF-4033-B546-EAB6B0F5654D}.Release|Mixed Platforms.Build.0 = Release|Any CPU
		{CE332919-7FEF-4033-B546-EAB6B0F5654D}.Release|x86.ActiveCfg = Release|Any CPU
	EndGlobalSection
	GlobalSection(SolutionProperties) = preSolution
		HideSolutionNode = FALSE
	EndGlobalSection
EndGlobal
