
Microsoft Visual Studio Solution File, Format Version 12.00
# Visual Studio Version 17
VisualStudioVersion = 17.0.32112.339
MinimumVisualStudioVersion = 10.0.40219.1
Project("{9A19103F-16F7-4668-BE54-9A1E7A4F7556}") = "BHLDataObjects", "BHLDataObjects\BHLDataObjects.csproj", "{65499E9E-4829-469E-8B5E-3F96012649AF}"
EndProject
Project("{9A19103F-16F7-4668-BE54-9A1E7A4F7556}") = "BHLCoreDAL", "BHLCoreDAL\BHLCoreDAL.csproj", "{96BF5B64-D65D-43F2-A2F3-500F9E28FE53}"
EndProject
Project("{9A19103F-16F7-4668-BE54-9A1E7A4F7556}") = "BHLServer", "BHLServer\BHLServer.csproj", "{20FC0F67-C32A-46FE-9FF2-BA5FC74725AF}"
EndProject
Project("{9A19103F-16F7-4668-BE54-9A1E7A4F7556}") = "DOIDeposit", "DOIDeposit\DOIDeposit.csproj", "{58AB270D-FF83-4CA0-A55A-49B176B08236}"
EndProject
Project("{9A19103F-16F7-4668-BE54-9A1E7A4F7556}") = "BHLWebUtilities", "BHLWebUtilities\BHLWebUtilities.csproj", "{7E1631E8-F28A-4F9E-97E4-F8A69522D9DD}"
EndProject
Project("{9A19103F-16F7-4668-BE54-9A1E7A4F7556}") = "BHLDOIService", "BHLDOIService\BHLDOIService.csproj", "{166D6CEE-D383-4FAA-B4F7-EB1587C13C7F}"
EndProject
Project("{9A19103F-16F7-4668-BE54-9A1E7A4F7556}") = "BHLFlickrThumbGrab", "BHLFlickrThumbGrab\BHLFlickrThumbGrab.csproj", "{3097F2DC-8A23-447E-BAAF-7A3AF859CC08}"
EndProject
Project("{9A19103F-16F7-4668-BE54-9A1E7A4F7556}") = "BHLMETSUpload", "BHLMETSUpload\BHLMETSUpload.csproj", "{53E3073E-570A-431C-B8CD-4C8DBEDB9A93}"
EndProject
Project("{9A19103F-16F7-4668-BE54-9A1E7A4F7556}") = "BHLNameFileGenerator", "BHLNameFileGenerator\BHLNameFileGenerator.csproj", "{43C3EB45-3DD6-430F-8205-40A7BF2FDA6A}"
EndProject
Project("{9A19103F-16F7-4668-BE54-9A1E7A4F7556}") = "BHLPageNameRefresh", "BHLPageNameRefresh\BHLPageNameRefresh.csproj", "{9A4A5D63-EAF8-4B13-B030-4C387879A046}"
EndProject
Project("{FAE04EC0-301F-11D3-BF4B-00C04F79EFBC}") = "BHLPDFGenerator", "BHLPDFGenerator\BHLPDFGenerator.csproj", "{55652FF0-F2B9-467C-AD14-C78D264D2DFF}"
EndProject
Project("{9A19103F-16F7-4668-BE54-9A1E7A4F7556}") = "IAUtilities", "IAUtilities\IAUtilities.csproj", "{DE3A52C7-11EF-4E87-ABBE-2792152C99BC}"
EndProject
Project("{9A19103F-16F7-4668-BE54-9A1E7A4F7556}") = "CustomDataAccess", "CustomDataAccess\CustomDataAccess.csproj", "{28227DF3-62E5-46B2-BABB-C21684EA7425}"
EndProject
Project("{9A19103F-16F7-4668-BE54-9A1E7A4F7556}") = "BHLFileAccess", "BHLFileAccess\BHLFileAccess.csproj", "{90020027-AD6A-4052-820E-057BEBAA8E2E}"
EndProject
Project("{9A19103F-16F7-4668-BE54-9A1E7A4F7556}") = "BHLUtility", "BHLUtility\BHLUtility.csproj", "{270E7816-13EC-4D51-A27F-C959981B1275}"
EndProject
Project("{2150E333-8FDC-42A3-9474-1A3956D46DE8}") = ".nuget", ".nuget", "{90CB2D5B-206D-4DBC-BA36-8D8C2824D61B}"
	ProjectSection(SolutionItems) = preProject
		.nuget\NuGet.Config = .nuget\NuGet.Config
		.nuget\NuGet.exe = .nuget\NuGet.exe
		.nuget\NuGet.targets = .nuget\NuGet.targets
	EndProjectSection
EndProject
Project("{9A19103F-16F7-4668-BE54-9A1E7A4F7556}") = "BHLOcrRefresh", "BHLOcrRefresh\BHLOcrRefresh.csproj", "{5E39CA6D-AC40-4E77-8422-A072102F5A7B}"
EndProject
Project("{9A19103F-16F7-4668-BE54-9A1E7A4F7556}") = "BHLSearchIndexQueueLoad", "BHLSearchIndexQueueLoad\BHLSearchIndexQueueLoad.csproj", "{A7B69AB9-E32B-48BA-B498-40798A064689}"
EndProject
Project("{9A19103F-16F7-4668-BE54-9A1E7A4F7556}") = "QueueUtility", "QueueUtility\QueueUtility.csproj", "{60DFE576-C809-4F91-8B9F-9C9F5F02D84E}"
EndProject
Project("{9A19103F-16F7-4668-BE54-9A1E7A4F7556}") = "BHLSearchIndexer", "BHLSearchIndexer\BHLSearchIndexer.csproj", "{568DAE01-E793-4C78-96E6-A2B0236831A1}"
EndProject
Project("{9A19103F-16F7-4668-BE54-9A1E7A4F7556}") = "TextImportUtility", "TextImportUtility\TextImportUtility.csproj", "{534CFD16-B8EC-4527-8E3E-F1E64EBD2A21}"
EndProject
Project("{9A19103F-16F7-4668-BE54-9A1E7A4F7556}") = "BHLTextImportProcessor", "BHLTextImportProcessor\BHLTextImportProcessor.csproj", "{736A2991-6F3F-4431-9EA9-315E70D5CB13}"
EndProject
Project("{00D1A9C2-B5F0-4AF3-8072-F6C62B433612}") = "Database-BHL", "Database-BHL\Database-BHL.sqlproj", "{1EBA8419-B379-473B-B641-7AA6FDDB30A7}"
EndProject
Project("{9A19103F-16F7-4668-BE54-9A1E7A4F7556}") = "ExportBase", "ExportBase\ExportBase.csproj", "{D8346831-DA53-48C6-9A88-59ED4EDC1A84}"
EndProject
Project("{9A19103F-16F7-4668-BE54-9A1E7A4F7556}") = "ExportRIS", "ExportRIS\ExportRIS.csproj", "{4919C9D5-EE52-42C9-8176-526E6ECFB3B4}"
EndProject
Project("{9A19103F-16F7-4668-BE54-9A1E7A4F7556}") = "BHLExportProcessor", "BHLExportProcessor\BHLExportProcessor.csproj", "{F08158A8-E657-4D11-A64B-D5F033E88D49}"
EndProject
Project("{9A19103F-16F7-4668-BE54-9A1E7A4F7556}") = "ExportMODS", "ExportMODS\ExportMODS.csproj", "{A157AFA5-3DB7-48A7-A723-AB366C894CC2}"
EndProject
Project("{9A19103F-16F7-4668-BE54-9A1E7A4F7556}") = "ExportBibTeX", "ExportBibTeX\ExportBibTeX.csproj", "{72398C08-6921-4AB7-85E9-8DA7A3E43026}"
EndProject
Project("{9A19103F-16F7-4668-BE54-9A1E7A4F7556}") = "ExportIAID", "ExportIAID\ExportIAID.csproj", "{6F9D630F-9C20-4BC7-8615-25D89CEC66E3}"
EndProject
Project("{9A19103F-16F7-4668-BE54-9A1E7A4F7556}") = "ExportTSV", "ExportTSV\ExportTSV.csproj", "{C0114D29-F764-4185-B71F-E2FB620AAD0B}"
EndProject
Project("{9A19103F-16F7-4668-BE54-9A1E7A4F7556}") = "ExportKBART", "ExportKBART\ExportKBART.csproj", "{3904AFCF-5EFD-4889-BB44-367ACA50A88C}"
EndProject
Project("{9A19103F-16F7-4668-BE54-9A1E7A4F7556}") = "OAI2", "OAI2\OAI2.csproj", "{0CCCA0FE-D82C-406E-9113-191393E039F7}"
EndProject
Project("{9A19103F-16F7-4668-BE54-9A1E7A4F7556}") = "OAIMODS", "OAIMODS\OAIMODS.csproj", "{1C13023A-C5FA-4C41-BD70-3F94CCD23167}"
EndProject
Project("{9A19103F-16F7-4668-BE54-9A1E7A4F7556}") = "BHL.WebServiceREST.v1", "BHLWebServiceREST.v1\BHL.WebServiceREST.v1.csproj", "{1BDEB834-C66D-45AA-9434-106B3142E654}"
EndProject
Project("{9A19103F-16F7-4668-BE54-9A1E7A4F7556}") = "BHL.WebServiceREST.v1.Client", "BHLWebServiceREST.v1.Client\BHL.WebServiceREST.v1.Client.csproj", "{F687BC49-FF84-47F5-B67F-2101A8AEFDF3}"
EndProject
Global
	GlobalSection(SolutionConfigurationPlatforms) = preSolution
		Debug|Any CPU = Debug|Any CPU
		Debug|Mixed Platforms = Debug|Mixed Platforms
		Debug|x86 = Debug|x86
		Release|Any CPU = Release|Any CPU
		Release|Mixed Platforms = Release|Mixed Platforms
		Release|x86 = Release|x86
	EndGlobalSection
	GlobalSection(ProjectConfigurationPlatforms) = postSolution
		{65499E9E-4829-469E-8B5E-3F96012649AF}.Debug|Any CPU.ActiveCfg = Debug|Any CPU
		{65499E9E-4829-469E-8B5E-3F96012649AF}.Debug|Any CPU.Build.0 = Debug|Any CPU
		{65499E9E-4829-469E-8B5E-3F96012649AF}.Debug|Mixed Platforms.ActiveCfg = Debug|Any CPU
		{65499E9E-4829-469E-8B5E-3F96012649AF}.Debug|Mixed Platforms.Build.0 = Debug|Any CPU
		{65499E9E-4829-469E-8B5E-3F96012649AF}.Debug|x86.ActiveCfg = Debug|Any CPU
		{65499E9E-4829-469E-8B5E-3F96012649AF}.Debug|x86.Build.0 = Debug|Any CPU
		{65499E9E-4829-469E-8B5E-3F96012649AF}.Release|Any CPU.ActiveCfg = Release|Any CPU
		{65499E9E-4829-469E-8B5E-3F96012649AF}.Release|Any CPU.Build.0 = Release|Any CPU
		{65499E9E-4829-469E-8B5E-3F96012649AF}.Release|Mixed Platforms.ActiveCfg = Release|Any CPU
		{65499E9E-4829-469E-8B5E-3F96012649AF}.Release|Mixed Platforms.Build.0 = Release|Any CPU
		{65499E9E-4829-469E-8B5E-3F96012649AF}.Release|x86.ActiveCfg = Release|Any CPU
		{65499E9E-4829-469E-8B5E-3F96012649AF}.Release|x86.Build.0 = Release|Any CPU
		{96BF5B64-D65D-43F2-A2F3-500F9E28FE53}.Debug|Any CPU.ActiveCfg = Debug|Any CPU
		{96BF5B64-D65D-43F2-A2F3-500F9E28FE53}.Debug|Any CPU.Build.0 = Debug|Any CPU
		{96BF5B64-D65D-43F2-A2F3-500F9E28FE53}.Debug|Mixed Platforms.ActiveCfg = Debug|Any CPU
		{96BF5B64-D65D-43F2-A2F3-500F9E28FE53}.Debug|Mixed Platforms.Build.0 = Debug|Any CPU
		{96BF5B64-D65D-43F2-A2F3-500F9E28FE53}.Debug|x86.ActiveCfg = Debug|Any CPU
		{96BF5B64-D65D-43F2-A2F3-500F9E28FE53}.Debug|x86.Build.0 = Debug|Any CPU
		{96BF5B64-D65D-43F2-A2F3-500F9E28FE53}.Release|Any CPU.ActiveCfg = Release|Any CPU
		{96BF5B64-D65D-43F2-A2F3-500F9E28FE53}.Release|Any CPU.Build.0 = Release|Any CPU
		{96BF5B64-D65D-43F2-A2F3-500F9E28FE53}.Release|Mixed Platforms.ActiveCfg = Release|Any CPU
		{96BF5B64-D65D-43F2-A2F3-500F9E28FE53}.Release|Mixed Platforms.Build.0 = Release|Any CPU
		{96BF5B64-D65D-43F2-A2F3-500F9E28FE53}.Release|x86.ActiveCfg = Release|Any CPU
		{96BF5B64-D65D-43F2-A2F3-500F9E28FE53}.Release|x86.Build.0 = Release|Any CPU
		{20FC0F67-C32A-46FE-9FF2-BA5FC74725AF}.Debug|Any CPU.ActiveCfg = Debug|Any CPU
		{20FC0F67-C32A-46FE-9FF2-BA5FC74725AF}.Debug|Any CPU.Build.0 = Debug|Any CPU
		{20FC0F67-C32A-46FE-9FF2-BA5FC74725AF}.Debug|Mixed Platforms.ActiveCfg = Debug|Any CPU
		{20FC0F67-C32A-46FE-9FF2-BA5FC74725AF}.Debug|Mixed Platforms.Build.0 = Debug|Any CPU
		{20FC0F67-C32A-46FE-9FF2-BA5FC74725AF}.Debug|x86.ActiveCfg = Debug|Any CPU
		{20FC0F67-C32A-46FE-9FF2-BA5FC74725AF}.Debug|x86.Build.0 = Debug|Any CPU
		{20FC0F67-C32A-46FE-9FF2-BA5FC74725AF}.Release|Any CPU.ActiveCfg = Release|Any CPU
		{20FC0F67-C32A-46FE-9FF2-BA5FC74725AF}.Release|Any CPU.Build.0 = Release|Any CPU
		{20FC0F67-C32A-46FE-9FF2-BA5FC74725AF}.Release|Mixed Platforms.ActiveCfg = Release|Any CPU
		{20FC0F67-C32A-46FE-9FF2-BA5FC74725AF}.Release|Mixed Platforms.Build.0 = Release|Any CPU
		{20FC0F67-C32A-46FE-9FF2-BA5FC74725AF}.Release|x86.ActiveCfg = Release|Any CPU
		{20FC0F67-C32A-46FE-9FF2-BA5FC74725AF}.Release|x86.Build.0 = Release|Any CPU
		{58AB270D-FF83-4CA0-A55A-49B176B08236}.Debug|Any CPU.ActiveCfg = Debug|Any CPU
		{58AB270D-FF83-4CA0-A55A-49B176B08236}.Debug|Any CPU.Build.0 = Debug|Any CPU
		{58AB270D-FF83-4CA0-A55A-49B176B08236}.Debug|Mixed Platforms.ActiveCfg = Debug|Any CPU
		{58AB270D-FF83-4CA0-A55A-49B176B08236}.Debug|Mixed Platforms.Build.0 = Debug|Any CPU
		{58AB270D-FF83-4CA0-A55A-49B176B08236}.Debug|x86.ActiveCfg = Debug|Any CPU
		{58AB270D-FF83-4CA0-A55A-49B176B08236}.Debug|x86.Build.0 = Debug|Any CPU
		{58AB270D-FF83-4CA0-A55A-49B176B08236}.Release|Any CPU.ActiveCfg = Release|Any CPU
		{58AB270D-FF83-4CA0-A55A-49B176B08236}.Release|Any CPU.Build.0 = Release|Any CPU
		{58AB270D-FF83-4CA0-A55A-49B176B08236}.Release|Mixed Platforms.ActiveCfg = Release|Any CPU
		{58AB270D-FF83-4CA0-A55A-49B176B08236}.Release|Mixed Platforms.Build.0 = Release|Any CPU
		{58AB270D-FF83-4CA0-A55A-49B176B08236}.Release|x86.ActiveCfg = Release|Any CPU
		{58AB270D-FF83-4CA0-A55A-49B176B08236}.Release|x86.Build.0 = Release|Any CPU
		{7E1631E8-F28A-4F9E-97E4-F8A69522D9DD}.Debug|Any CPU.ActiveCfg = Debug|Any CPU
		{7E1631E8-F28A-4F9E-97E4-F8A69522D9DD}.Debug|Any CPU.Build.0 = Debug|Any CPU
		{7E1631E8-F28A-4F9E-97E4-F8A69522D9DD}.Debug|Mixed Platforms.ActiveCfg = Debug|Any CPU
		{7E1631E8-F28A-4F9E-97E4-F8A69522D9DD}.Debug|Mixed Platforms.Build.0 = Debug|Any CPU
		{7E1631E8-F28A-4F9E-97E4-F8A69522D9DD}.Debug|x86.ActiveCfg = Debug|Any CPU
		{7E1631E8-F28A-4F9E-97E4-F8A69522D9DD}.Debug|x86.Build.0 = Debug|Any CPU
		{7E1631E8-F28A-4F9E-97E4-F8A69522D9DD}.Release|Any CPU.ActiveCfg = Release|Any CPU
		{7E1631E8-F28A-4F9E-97E4-F8A69522D9DD}.Release|Any CPU.Build.0 = Release|Any CPU
		{7E1631E8-F28A-4F9E-97E4-F8A69522D9DD}.Release|Mixed Platforms.ActiveCfg = Release|Any CPU
		{7E1631E8-F28A-4F9E-97E4-F8A69522D9DD}.Release|Mixed Platforms.Build.0 = Release|Any CPU
		{7E1631E8-F28A-4F9E-97E4-F8A69522D9DD}.Release|x86.ActiveCfg = Release|Any CPU
		{7E1631E8-F28A-4F9E-97E4-F8A69522D9DD}.Release|x86.Build.0 = Release|Any CPU
		{166D6CEE-D383-4FAA-B4F7-EB1587C13C7F}.Debug|Any CPU.ActiveCfg = Debug|Any CPU
		{166D6CEE-D383-4FAA-B4F7-EB1587C13C7F}.Debug|Any CPU.Build.0 = Debug|Any CPU
		{166D6CEE-D383-4FAA-B4F7-EB1587C13C7F}.Debug|Mixed Platforms.ActiveCfg = Debug|Any CPU
		{166D6CEE-D383-4FAA-B4F7-EB1587C13C7F}.Debug|Mixed Platforms.Build.0 = Debug|Any CPU
		{166D6CEE-D383-4FAA-B4F7-EB1587C13C7F}.Debug|x86.ActiveCfg = Debug|Any CPU
		{166D6CEE-D383-4FAA-B4F7-EB1587C13C7F}.Debug|x86.Build.0 = Debug|Any CPU
		{166D6CEE-D383-4FAA-B4F7-EB1587C13C7F}.Release|Any CPU.ActiveCfg = Release|Any CPU
		{166D6CEE-D383-4FAA-B4F7-EB1587C13C7F}.Release|Any CPU.Build.0 = Release|Any CPU
		{166D6CEE-D383-4FAA-B4F7-EB1587C13C7F}.Release|Mixed Platforms.ActiveCfg = Release|Any CPU
		{166D6CEE-D383-4FAA-B4F7-EB1587C13C7F}.Release|Mixed Platforms.Build.0 = Release|Any CPU
		{166D6CEE-D383-4FAA-B4F7-EB1587C13C7F}.Release|x86.ActiveCfg = Release|Any CPU
		{166D6CEE-D383-4FAA-B4F7-EB1587C13C7F}.Release|x86.Build.0 = Release|Any CPU
		{3097F2DC-8A23-447E-BAAF-7A3AF859CC08}.Debug|Any CPU.ActiveCfg = Debug|Any CPU
		{3097F2DC-8A23-447E-BAAF-7A3AF859CC08}.Debug|Any CPU.Build.0 = Debug|Any CPU
		{3097F2DC-8A23-447E-BAAF-7A3AF859CC08}.Debug|Mixed Platforms.ActiveCfg = Debug|Any CPU
		{3097F2DC-8A23-447E-BAAF-7A3AF859CC08}.Debug|Mixed Platforms.Build.0 = Debug|Any CPU
		{3097F2DC-8A23-447E-BAAF-7A3AF859CC08}.Debug|x86.ActiveCfg = Debug|Any CPU
		{3097F2DC-8A23-447E-BAAF-7A3AF859CC08}.Debug|x86.Build.0 = Debug|Any CPU
		{3097F2DC-8A23-447E-BAAF-7A3AF859CC08}.Release|Any CPU.ActiveCfg = Release|Any CPU
		{3097F2DC-8A23-447E-BAAF-7A3AF859CC08}.Release|Any CPU.Build.0 = Release|Any CPU
		{3097F2DC-8A23-447E-BAAF-7A3AF859CC08}.Release|Mixed Platforms.ActiveCfg = Release|Any CPU
		{3097F2DC-8A23-447E-BAAF-7A3AF859CC08}.Release|Mixed Platforms.Build.0 = Release|Any CPU
		{3097F2DC-8A23-447E-BAAF-7A3AF859CC08}.Release|x86.ActiveCfg = Release|Any CPU
		{3097F2DC-8A23-447E-BAAF-7A3AF859CC08}.Release|x86.Build.0 = Release|Any CPU
		{53E3073E-570A-431C-B8CD-4C8DBEDB9A93}.Debug|Any CPU.ActiveCfg = Debug|Any CPU
		{53E3073E-570A-431C-B8CD-4C8DBEDB9A93}.Debug|Any CPU.Build.0 = Debug|Any CPU
		{53E3073E-570A-431C-B8CD-4C8DBEDB9A93}.Debug|Mixed Platforms.ActiveCfg = Debug|Any CPU
		{53E3073E-570A-431C-B8CD-4C8DBEDB9A93}.Debug|Mixed Platforms.Build.0 = Debug|Any CPU
		{53E3073E-570A-431C-B8CD-4C8DBEDB9A93}.Debug|x86.ActiveCfg = Debug|Any CPU
		{53E3073E-570A-431C-B8CD-4C8DBEDB9A93}.Debug|x86.Build.0 = Debug|Any CPU
		{53E3073E-570A-431C-B8CD-4C8DBEDB9A93}.Release|Any CPU.ActiveCfg = Release|Any CPU
		{53E3073E-570A-431C-B8CD-4C8DBEDB9A93}.Release|Any CPU.Build.0 = Release|Any CPU
		{53E3073E-570A-431C-B8CD-4C8DBEDB9A93}.Release|Mixed Platforms.ActiveCfg = Release|Any CPU
		{53E3073E-570A-431C-B8CD-4C8DBEDB9A93}.Release|Mixed Platforms.Build.0 = Release|Any CPU
		{53E3073E-570A-431C-B8CD-4C8DBEDB9A93}.Release|x86.ActiveCfg = Release|Any CPU
		{53E3073E-570A-431C-B8CD-4C8DBEDB9A93}.Release|x86.Build.0 = Release|Any CPU
		{43C3EB45-3DD6-430F-8205-40A7BF2FDA6A}.Debug|Any CPU.ActiveCfg = Debug|Any CPU
		{43C3EB45-3DD6-430F-8205-40A7BF2FDA6A}.Debug|Any CPU.Build.0 = Debug|Any CPU
		{43C3EB45-3DD6-430F-8205-40A7BF2FDA6A}.Debug|Mixed Platforms.ActiveCfg = Debug|Any CPU
		{43C3EB45-3DD6-430F-8205-40A7BF2FDA6A}.Debug|Mixed Platforms.Build.0 = Debug|Any CPU
		{43C3EB45-3DD6-430F-8205-40A7BF2FDA6A}.Debug|x86.ActiveCfg = Debug|Any CPU
		{43C3EB45-3DD6-430F-8205-40A7BF2FDA6A}.Debug|x86.Build.0 = Debug|Any CPU
		{43C3EB45-3DD6-430F-8205-40A7BF2FDA6A}.Release|Any CPU.ActiveCfg = Release|Any CPU
		{43C3EB45-3DD6-430F-8205-40A7BF2FDA6A}.Release|Any CPU.Build.0 = Release|Any CPU
		{43C3EB45-3DD6-430F-8205-40A7BF2FDA6A}.Release|Mixed Platforms.ActiveCfg = Release|Any CPU
		{43C3EB45-3DD6-430F-8205-40A7BF2FDA6A}.Release|Mixed Platforms.Build.0 = Release|Any CPU
		{43C3EB45-3DD6-430F-8205-40A7BF2FDA6A}.Release|x86.ActiveCfg = Release|Any CPU
		{43C3EB45-3DD6-430F-8205-40A7BF2FDA6A}.Release|x86.Build.0 = Release|Any CPU
		{9A4A5D63-EAF8-4B13-B030-4C387879A046}.Debug|Any CPU.ActiveCfg = Debug|Any CPU
		{9A4A5D63-EAF8-4B13-B030-4C387879A046}.Debug|Any CPU.Build.0 = Debug|Any CPU
		{9A4A5D63-EAF8-4B13-B030-4C387879A046}.Debug|Mixed Platforms.ActiveCfg = Debug|Any CPU
		{9A4A5D63-EAF8-4B13-B030-4C387879A046}.Debug|Mixed Platforms.Build.0 = Debug|Any CPU
		{9A4A5D63-EAF8-4B13-B030-4C387879A046}.Debug|x86.ActiveCfg = Debug|Any CPU
		{9A4A5D63-EAF8-4B13-B030-4C387879A046}.Debug|x86.Build.0 = Debug|Any CPU
		{9A4A5D63-EAF8-4B13-B030-4C387879A046}.Release|Any CPU.ActiveCfg = Release|Any CPU
		{9A4A5D63-EAF8-4B13-B030-4C387879A046}.Release|Any CPU.Build.0 = Release|Any CPU
		{9A4A5D63-EAF8-4B13-B030-4C387879A046}.Release|Mixed Platforms.ActiveCfg = Release|Any CPU
		{9A4A5D63-EAF8-4B13-B030-4C387879A046}.Release|Mixed Platforms.Build.0 = Release|Any CPU
		{9A4A5D63-EAF8-4B13-B030-4C387879A046}.Release|x86.ActiveCfg = Release|Any CPU
		{9A4A5D63-EAF8-4B13-B030-4C387879A046}.Release|x86.Build.0 = Release|Any CPU
		{55652FF0-F2B9-467C-AD14-C78D264D2DFF}.Debug|Any CPU.ActiveCfg = Debug|Any CPU
		{55652FF0-F2B9-467C-AD14-C78D264D2DFF}.Debug|Any CPU.Build.0 = Debug|Any CPU
		{55652FF0-F2B9-467C-AD14-C78D264D2DFF}.Debug|Mixed Platforms.ActiveCfg = Debug|Any CPU
		{55652FF0-F2B9-467C-AD14-C78D264D2DFF}.Debug|Mixed Platforms.Build.0 = Debug|Any CPU
		{55652FF0-F2B9-467C-AD14-C78D264D2DFF}.Debug|x86.ActiveCfg = Debug|Any CPU
		{55652FF0-F2B9-467C-AD14-C78D264D2DFF}.Debug|x86.Build.0 = Debug|Any CPU
		{55652FF0-F2B9-467C-AD14-C78D264D2DFF}.Release|Any CPU.ActiveCfg = Release|Any CPU
		{55652FF0-F2B9-467C-AD14-C78D264D2DFF}.Release|Any CPU.Build.0 = Release|Any CPU
		{55652FF0-F2B9-467C-AD14-C78D264D2DFF}.Release|Mixed Platforms.ActiveCfg = Release|Any CPU
		{55652FF0-F2B9-467C-AD14-C78D264D2DFF}.Release|Mixed Platforms.Build.0 = Release|Any CPU
		{55652FF0-F2B9-467C-AD14-C78D264D2DFF}.Release|x86.ActiveCfg = Release|Any CPU
		{55652FF0-F2B9-467C-AD14-C78D264D2DFF}.Release|x86.Build.0 = Release|Any CPU
		{DE3A52C7-11EF-4E87-ABBE-2792152C99BC}.Debug|Any CPU.ActiveCfg = Debug|Any CPU
		{DE3A52C7-11EF-4E87-ABBE-2792152C99BC}.Debug|Any CPU.Build.0 = Debug|Any CPU
		{DE3A52C7-11EF-4E87-ABBE-2792152C99BC}.Debug|Mixed Platforms.ActiveCfg = Debug|Any CPU
		{DE3A52C7-11EF-4E87-ABBE-2792152C99BC}.Debug|Mixed Platforms.Build.0 = Debug|Any CPU
		{DE3A52C7-11EF-4E87-ABBE-2792152C99BC}.Debug|x86.ActiveCfg = Debug|Any CPU
		{DE3A52C7-11EF-4E87-ABBE-2792152C99BC}.Debug|x86.Build.0 = Debug|Any CPU
		{DE3A52C7-11EF-4E87-ABBE-2792152C99BC}.Release|Any CPU.ActiveCfg = Release|Any CPU
		{DE3A52C7-11EF-4E87-ABBE-2792152C99BC}.Release|Any CPU.Build.0 = Release|Any CPU
		{DE3A52C7-11EF-4E87-ABBE-2792152C99BC}.Release|Mixed Platforms.ActiveCfg = Release|Any CPU
		{DE3A52C7-11EF-4E87-ABBE-2792152C99BC}.Release|Mixed Platforms.Build.0 = Release|Any CPU
		{DE3A52C7-11EF-4E87-ABBE-2792152C99BC}.Release|x86.ActiveCfg = Release|Any CPU
		{DE3A52C7-11EF-4E87-ABBE-2792152C99BC}.Release|x86.Build.0 = Release|Any CPU
		{28227DF3-62E5-46B2-BABB-C21684EA7425}.Debug|Any CPU.ActiveCfg = Debug|Any CPU
		{28227DF3-62E5-46B2-BABB-C21684EA7425}.Debug|Any CPU.Build.0 = Debug|Any CPU
		{28227DF3-62E5-46B2-BABB-C21684EA7425}.Debug|Mixed Platforms.ActiveCfg = Debug|Any CPU
		{28227DF3-62E5-46B2-BABB-C21684EA7425}.Debug|Mixed Platforms.Build.0 = Debug|Any CPU
		{28227DF3-62E5-46B2-BABB-C21684EA7425}.Debug|x86.ActiveCfg = Debug|Any CPU
		{28227DF3-62E5-46B2-BABB-C21684EA7425}.Debug|x86.Build.0 = Debug|Any CPU
		{28227DF3-62E5-46B2-BABB-C21684EA7425}.Release|Any CPU.ActiveCfg = Release|Any CPU
		{28227DF3-62E5-46B2-BABB-C21684EA7425}.Release|Any CPU.Build.0 = Release|Any CPU
		{28227DF3-62E5-46B2-BABB-C21684EA7425}.Release|Mixed Platforms.ActiveCfg = Release|Any CPU
		{28227DF3-62E5-46B2-BABB-C21684EA7425}.Release|Mixed Platforms.Build.0 = Release|Any CPU
		{28227DF3-62E5-46B2-BABB-C21684EA7425}.Release|x86.ActiveCfg = Release|Any CPU
		{28227DF3-62E5-46B2-BABB-C21684EA7425}.Release|x86.Build.0 = Release|Any CPU
		{90020027-AD6A-4052-820E-057BEBAA8E2E}.Debug|Any CPU.ActiveCfg = Debug|Any CPU
		{90020027-AD6A-4052-820E-057BEBAA8E2E}.Debug|Any CPU.Build.0 = Debug|Any CPU
		{90020027-AD6A-4052-820E-057BEBAA8E2E}.Debug|Mixed Platforms.ActiveCfg = Debug|Any CPU
		{90020027-AD6A-4052-820E-057BEBAA8E2E}.Debug|Mixed Platforms.Build.0 = Debug|Any CPU
		{90020027-AD6A-4052-820E-057BEBAA8E2E}.Debug|x86.ActiveCfg = Debug|Any CPU
		{90020027-AD6A-4052-820E-057BEBAA8E2E}.Debug|x86.Build.0 = Debug|Any CPU
		{90020027-AD6A-4052-820E-057BEBAA8E2E}.Release|Any CPU.ActiveCfg = Release|Any CPU
		{90020027-AD6A-4052-820E-057BEBAA8E2E}.Release|Any CPU.Build.0 = Release|Any CPU
		{90020027-AD6A-4052-820E-057BEBAA8E2E}.Release|Mixed Platforms.ActiveCfg = Release|Any CPU
		{90020027-AD6A-4052-820E-057BEBAA8E2E}.Release|Mixed Platforms.Build.0 = Release|Any CPU
		{90020027-AD6A-4052-820E-057BEBAA8E2E}.Release|x86.ActiveCfg = Release|Any CPU
		{90020027-AD6A-4052-820E-057BEBAA8E2E}.Release|x86.Build.0 = Release|Any CPU
		{270E7816-13EC-4D51-A27F-C959981B1275}.Debug|Any CPU.ActiveCfg = Debug|Any CPU
		{270E7816-13EC-4D51-A27F-C959981B1275}.Debug|Any CPU.Build.0 = Debug|Any CPU
		{270E7816-13EC-4D51-A27F-C959981B1275}.Debug|Mixed Platforms.ActiveCfg = Debug|Any CPU
		{270E7816-13EC-4D51-A27F-C959981B1275}.Debug|Mixed Platforms.Build.0 = Debug|Any CPU
		{270E7816-13EC-4D51-A27F-C959981B1275}.Debug|x86.ActiveCfg = Debug|Any CPU
		{270E7816-13EC-4D51-A27F-C959981B1275}.Debug|x86.Build.0 = Debug|Any CPU
		{270E7816-13EC-4D51-A27F-C959981B1275}.Release|Any CPU.ActiveCfg = Release|Any CPU
		{270E7816-13EC-4D51-A27F-C959981B1275}.Release|Any CPU.Build.0 = Release|Any CPU
		{270E7816-13EC-4D51-A27F-C959981B1275}.Release|Mixed Platforms.ActiveCfg = Release|Any CPU
		{270E7816-13EC-4D51-A27F-C959981B1275}.Release|Mixed Platforms.Build.0 = Release|Any CPU
		{270E7816-13EC-4D51-A27F-C959981B1275}.Release|x86.ActiveCfg = Release|Any CPU
		{270E7816-13EC-4D51-A27F-C959981B1275}.Release|x86.Build.0 = Release|Any CPU
		{5E39CA6D-AC40-4E77-8422-A072102F5A7B}.Debug|Any CPU.ActiveCfg = Debug|Any CPU
		{5E39CA6D-AC40-4E77-8422-A072102F5A7B}.Debug|Any CPU.Build.0 = Debug|Any CPU
		{5E39CA6D-AC40-4E77-8422-A072102F5A7B}.Debug|Mixed Platforms.ActiveCfg = Debug|Any CPU
		{5E39CA6D-AC40-4E77-8422-A072102F5A7B}.Debug|Mixed Platforms.Build.0 = Debug|Any CPU
		{5E39CA6D-AC40-4E77-8422-A072102F5A7B}.Debug|x86.ActiveCfg = Debug|Any CPU
		{5E39CA6D-AC40-4E77-8422-A072102F5A7B}.Debug|x86.Build.0 = Debug|Any CPU
		{5E39CA6D-AC40-4E77-8422-A072102F5A7B}.Release|Any CPU.ActiveCfg = Release|Any CPU
		{5E39CA6D-AC40-4E77-8422-A072102F5A7B}.Release|Any CPU.Build.0 = Release|Any CPU
		{5E39CA6D-AC40-4E77-8422-A072102F5A7B}.Release|Mixed Platforms.ActiveCfg = Release|Any CPU
		{5E39CA6D-AC40-4E77-8422-A072102F5A7B}.Release|Mixed Platforms.Build.0 = Release|Any CPU
		{5E39CA6D-AC40-4E77-8422-A072102F5A7B}.Release|x86.ActiveCfg = Release|Any CPU
		{5E39CA6D-AC40-4E77-8422-A072102F5A7B}.Release|x86.Build.0 = Release|Any CPU
		{A7B69AB9-E32B-48BA-B498-40798A064689}.Debug|Any CPU.ActiveCfg = Debug|Any CPU
		{A7B69AB9-E32B-48BA-B498-40798A064689}.Debug|Any CPU.Build.0 = Debug|Any CPU
		{A7B69AB9-E32B-48BA-B498-40798A064689}.Debug|Mixed Platforms.ActiveCfg = Debug|Any CPU
		{A7B69AB9-E32B-48BA-B498-40798A064689}.Debug|Mixed Platforms.Build.0 = Debug|Any CPU
		{A7B69AB9-E32B-48BA-B498-40798A064689}.Debug|x86.ActiveCfg = Debug|Any CPU
		{A7B69AB9-E32B-48BA-B498-40798A064689}.Debug|x86.Build.0 = Debug|Any CPU
		{A7B69AB9-E32B-48BA-B498-40798A064689}.Release|Any CPU.ActiveCfg = Release|Any CPU
		{A7B69AB9-E32B-48BA-B498-40798A064689}.Release|Any CPU.Build.0 = Release|Any CPU
		{A7B69AB9-E32B-48BA-B498-40798A064689}.Release|Mixed Platforms.ActiveCfg = Release|Any CPU
		{A7B69AB9-E32B-48BA-B498-40798A064689}.Release|Mixed Platforms.Build.0 = Release|Any CPU
		{A7B69AB9-E32B-48BA-B498-40798A064689}.Release|x86.ActiveCfg = Release|Any CPU
		{A7B69AB9-E32B-48BA-B498-40798A064689}.Release|x86.Build.0 = Release|Any CPU
		{60DFE576-C809-4F91-8B9F-9C9F5F02D84E}.Debug|Any CPU.ActiveCfg = Debug|Any CPU
		{60DFE576-C809-4F91-8B9F-9C9F5F02D84E}.Debug|Any CPU.Build.0 = Debug|Any CPU
		{60DFE576-C809-4F91-8B9F-9C9F5F02D84E}.Debug|Mixed Platforms.ActiveCfg = Debug|Any CPU
		{60DFE576-C809-4F91-8B9F-9C9F5F02D84E}.Debug|Mixed Platforms.Build.0 = Debug|Any CPU
		{60DFE576-C809-4F91-8B9F-9C9F5F02D84E}.Debug|x86.ActiveCfg = Debug|Any CPU
		{60DFE576-C809-4F91-8B9F-9C9F5F02D84E}.Debug|x86.Build.0 = Debug|Any CPU
		{60DFE576-C809-4F91-8B9F-9C9F5F02D84E}.Release|Any CPU.ActiveCfg = Release|Any CPU
		{60DFE576-C809-4F91-8B9F-9C9F5F02D84E}.Release|Any CPU.Build.0 = Release|Any CPU
		{60DFE576-C809-4F91-8B9F-9C9F5F02D84E}.Release|Mixed Platforms.ActiveCfg = Release|Any CPU
		{60DFE576-C809-4F91-8B9F-9C9F5F02D84E}.Release|Mixed Platforms.Build.0 = Release|Any CPU
		{60DFE576-C809-4F91-8B9F-9C9F5F02D84E}.Release|x86.ActiveCfg = Release|Any CPU
		{60DFE576-C809-4F91-8B9F-9C9F5F02D84E}.Release|x86.Build.0 = Release|Any CPU
		{568DAE01-E793-4C78-96E6-A2B0236831A1}.Debug|Any CPU.ActiveCfg = Debug|Any CPU
		{568DAE01-E793-4C78-96E6-A2B0236831A1}.Debug|Any CPU.Build.0 = Debug|Any CPU
		{568DAE01-E793-4C78-96E6-A2B0236831A1}.Debug|Mixed Platforms.ActiveCfg = Debug|Any CPU
		{568DAE01-E793-4C78-96E6-A2B0236831A1}.Debug|Mixed Platforms.Build.0 = Debug|Any CPU
		{568DAE01-E793-4C78-96E6-A2B0236831A1}.Debug|x86.ActiveCfg = Debug|Any CPU
		{568DAE01-E793-4C78-96E6-A2B0236831A1}.Debug|x86.Build.0 = Debug|Any CPU
		{568DAE01-E793-4C78-96E6-A2B0236831A1}.Release|Any CPU.ActiveCfg = Release|Any CPU
		{568DAE01-E793-4C78-96E6-A2B0236831A1}.Release|Any CPU.Build.0 = Release|Any CPU
		{568DAE01-E793-4C78-96E6-A2B0236831A1}.Release|Mixed Platforms.ActiveCfg = Release|Any CPU
		{568DAE01-E793-4C78-96E6-A2B0236831A1}.Release|Mixed Platforms.Build.0 = Release|Any CPU
		{568DAE01-E793-4C78-96E6-A2B0236831A1}.Release|x86.ActiveCfg = Release|Any CPU
		{568DAE01-E793-4C78-96E6-A2B0236831A1}.Release|x86.Build.0 = Release|Any CPU
		{534CFD16-B8EC-4527-8E3E-F1E64EBD2A21}.Debug|Any CPU.ActiveCfg = Debug|Any CPU
		{534CFD16-B8EC-4527-8E3E-F1E64EBD2A21}.Debug|Any CPU.Build.0 = Debug|Any CPU
		{534CFD16-B8EC-4527-8E3E-F1E64EBD2A21}.Debug|Mixed Platforms.ActiveCfg = Debug|Any CPU
		{534CFD16-B8EC-4527-8E3E-F1E64EBD2A21}.Debug|Mixed Platforms.Build.0 = Debug|Any CPU
		{534CFD16-B8EC-4527-8E3E-F1E64EBD2A21}.Debug|x86.ActiveCfg = Debug|Any CPU
		{534CFD16-B8EC-4527-8E3E-F1E64EBD2A21}.Debug|x86.Build.0 = Debug|Any CPU
		{534CFD16-B8EC-4527-8E3E-F1E64EBD2A21}.Release|Any CPU.ActiveCfg = Release|Any CPU
		{534CFD16-B8EC-4527-8E3E-F1E64EBD2A21}.Release|Any CPU.Build.0 = Release|Any CPU
		{534CFD16-B8EC-4527-8E3E-F1E64EBD2A21}.Release|Mixed Platforms.ActiveCfg = Release|Any CPU
		{534CFD16-B8EC-4527-8E3E-F1E64EBD2A21}.Release|Mixed Platforms.Build.0 = Release|Any CPU
		{534CFD16-B8EC-4527-8E3E-F1E64EBD2A21}.Release|x86.ActiveCfg = Release|Any CPU
		{534CFD16-B8EC-4527-8E3E-F1E64EBD2A21}.Release|x86.Build.0 = Release|Any CPU
		{736A2991-6F3F-4431-9EA9-315E70D5CB13}.Debug|Any CPU.ActiveCfg = Debug|Any CPU
		{736A2991-6F3F-4431-9EA9-315E70D5CB13}.Debug|Any CPU.Build.0 = Debug|Any CPU
		{736A2991-6F3F-4431-9EA9-315E70D5CB13}.Debug|Mixed Platforms.ActiveCfg = Debug|Any CPU
		{736A2991-6F3F-4431-9EA9-315E70D5CB13}.Debug|Mixed Platforms.Build.0 = Debug|Any CPU
		{736A2991-6F3F-4431-9EA9-315E70D5CB13}.Debug|x86.ActiveCfg = Debug|Any CPU
		{736A2991-6F3F-4431-9EA9-315E70D5CB13}.Debug|x86.Build.0 = Debug|Any CPU
		{736A2991-6F3F-4431-9EA9-315E70D5CB13}.Release|Any CPU.ActiveCfg = Release|Any CPU
		{736A2991-6F3F-4431-9EA9-315E70D5CB13}.Release|Any CPU.Build.0 = Release|Any CPU
		{736A2991-6F3F-4431-9EA9-315E70D5CB13}.Release|Mixed Platforms.ActiveCfg = Release|Any CPU
		{736A2991-6F3F-4431-9EA9-315E70D5CB13}.Release|Mixed Platforms.Build.0 = Release|Any CPU
		{736A2991-6F3F-4431-9EA9-315E70D5CB13}.Release|x86.ActiveCfg = Release|Any CPU
		{736A2991-6F3F-4431-9EA9-315E70D5CB13}.Release|x86.Build.0 = Release|Any CPU
		{1EBA8419-B379-473B-B641-7AA6FDDB30A7}.Debug|Any CPU.ActiveCfg = Debug|Any CPU
		{1EBA8419-B379-473B-B641-7AA6FDDB30A7}.Debug|Any CPU.Build.0 = Debug|Any CPU
		{1EBA8419-B379-473B-B641-7AA6FDDB30A7}.Debug|Any CPU.Deploy.0 = Debug|Any CPU
		{1EBA8419-B379-473B-B641-7AA6FDDB30A7}.Debug|Mixed Platforms.ActiveCfg = Debug|Any CPU
		{1EBA8419-B379-473B-B641-7AA6FDDB30A7}.Debug|Mixed Platforms.Build.0 = Debug|Any CPU
		{1EBA8419-B379-473B-B641-7AA6FDDB30A7}.Debug|Mixed Platforms.Deploy.0 = Debug|Any CPU
		{1EBA8419-B379-473B-B641-7AA6FDDB30A7}.Debug|x86.ActiveCfg = Debug|Any CPU
		{1EBA8419-B379-473B-B641-7AA6FDDB30A7}.Debug|x86.Build.0 = Debug|Any CPU
		{1EBA8419-B379-473B-B641-7AA6FDDB30A7}.Debug|x86.Deploy.0 = Debug|Any CPU
		{1EBA8419-B379-473B-B641-7AA6FDDB30A7}.Release|Any CPU.ActiveCfg = Release|Any CPU
		{1EBA8419-B379-473B-B641-7AA6FDDB30A7}.Release|Any CPU.Build.0 = Release|Any CPU
		{1EBA8419-B379-473B-B641-7AA6FDDB30A7}.Release|Any CPU.Deploy.0 = Release|Any CPU
		{1EBA8419-B379-473B-B641-7AA6FDDB30A7}.Release|Mixed Platforms.ActiveCfg = Release|Any CPU
		{1EBA8419-B379-473B-B641-7AA6FDDB30A7}.Release|Mixed Platforms.Build.0 = Release|Any CPU
		{1EBA8419-B379-473B-B641-7AA6FDDB30A7}.Release|Mixed Platforms.Deploy.0 = Release|Any CPU
		{1EBA8419-B379-473B-B641-7AA6FDDB30A7}.Release|x86.ActiveCfg = Release|Any CPU
		{1EBA8419-B379-473B-B641-7AA6FDDB30A7}.Release|x86.Build.0 = Release|Any CPU
		{1EBA8419-B379-473B-B641-7AA6FDDB30A7}.Release|x86.Deploy.0 = Release|Any CPU
		{D8346831-DA53-48C6-9A88-59ED4EDC1A84}.Debug|Any CPU.ActiveCfg = Debug|Any CPU
		{D8346831-DA53-48C6-9A88-59ED4EDC1A84}.Debug|Any CPU.Build.0 = Debug|Any CPU
		{D8346831-DA53-48C6-9A88-59ED4EDC1A84}.Debug|Mixed Platforms.ActiveCfg = Debug|Any CPU
		{D8346831-DA53-48C6-9A88-59ED4EDC1A84}.Debug|Mixed Platforms.Build.0 = Debug|Any CPU
		{D8346831-DA53-48C6-9A88-59ED4EDC1A84}.Debug|x86.ActiveCfg = Debug|Any CPU
		{D8346831-DA53-48C6-9A88-59ED4EDC1A84}.Debug|x86.Build.0 = Debug|Any CPU
		{D8346831-DA53-48C6-9A88-59ED4EDC1A84}.Release|Any CPU.ActiveCfg = Release|Any CPU
		{D8346831-DA53-48C6-9A88-59ED4EDC1A84}.Release|Any CPU.Build.0 = Release|Any CPU
		{D8346831-DA53-48C6-9A88-59ED4EDC1A84}.Release|Mixed Platforms.ActiveCfg = Release|Any CPU
		{D8346831-DA53-48C6-9A88-59ED4EDC1A84}.Release|Mixed Platforms.Build.0 = Release|Any CPU
		{D8346831-DA53-48C6-9A88-59ED4EDC1A84}.Release|x86.ActiveCfg = Release|Any CPU
		{D8346831-DA53-48C6-9A88-59ED4EDC1A84}.Release|x86.Build.0 = Release|Any CPU
		{4919C9D5-EE52-42C9-8176-526E6ECFB3B4}.Debug|Any CPU.ActiveCfg = Debug|Any CPU
		{4919C9D5-EE52-42C9-8176-526E6ECFB3B4}.Debug|Any CPU.Build.0 = Debug|Any CPU
		{4919C9D5-EE52-42C9-8176-526E6ECFB3B4}.Debug|Mixed Platforms.ActiveCfg = Debug|Any CPU
		{4919C9D5-EE52-42C9-8176-526E6ECFB3B4}.Debug|Mixed Platforms.Build.0 = Debug|Any CPU
		{4919C9D5-EE52-42C9-8176-526E6ECFB3B4}.Debug|x86.ActiveCfg = Debug|Any CPU
		{4919C9D5-EE52-42C9-8176-526E6ECFB3B4}.Debug|x86.Build.0 = Debug|Any CPU
		{4919C9D5-EE52-42C9-8176-526E6ECFB3B4}.Release|Any CPU.ActiveCfg = Release|Any CPU
		{4919C9D5-EE52-42C9-8176-526E6ECFB3B4}.Release|Any CPU.Build.0 = Release|Any CPU
		{4919C9D5-EE52-42C9-8176-526E6ECFB3B4}.Release|Mixed Platforms.ActiveCfg = Release|Any CPU
		{4919C9D5-EE52-42C9-8176-526E6ECFB3B4}.Release|Mixed Platforms.Build.0 = Release|Any CPU
		{4919C9D5-EE52-42C9-8176-526E6ECFB3B4}.Release|x86.ActiveCfg = Release|Any CPU
		{4919C9D5-EE52-42C9-8176-526E6ECFB3B4}.Release|x86.Build.0 = Release|Any CPU
		{F08158A8-E657-4D11-A64B-D5F033E88D49}.Debug|Any CPU.ActiveCfg = Debug|Any CPU
		{F08158A8-E657-4D11-A64B-D5F033E88D49}.Debug|Any CPU.Build.0 = Debug|Any CPU
		{F08158A8-E657-4D11-A64B-D5F033E88D49}.Debug|Mixed Platforms.ActiveCfg = Debug|Any CPU
		{F08158A8-E657-4D11-A64B-D5F033E88D49}.Debug|Mixed Platforms.Build.0 = Debug|Any CPU
		{F08158A8-E657-4D11-A64B-D5F033E88D49}.Debug|x86.ActiveCfg = Debug|Any CPU
		{F08158A8-E657-4D11-A64B-D5F033E88D49}.Debug|x86.Build.0 = Debug|Any CPU
		{F08158A8-E657-4D11-A64B-D5F033E88D49}.Release|Any CPU.ActiveCfg = Release|Any CPU
		{F08158A8-E657-4D11-A64B-D5F033E88D49}.Release|Any CPU.Build.0 = Release|Any CPU
		{F08158A8-E657-4D11-A64B-D5F033E88D49}.Release|Mixed Platforms.ActiveCfg = Release|Any CPU
		{F08158A8-E657-4D11-A64B-D5F033E88D49}.Release|Mixed Platforms.Build.0 = Release|Any CPU
		{F08158A8-E657-4D11-A64B-D5F033E88D49}.Release|x86.ActiveCfg = Release|Any CPU
		{F08158A8-E657-4D11-A64B-D5F033E88D49}.Release|x86.Build.0 = Release|Any CPU
		{A157AFA5-3DB7-48A7-A723-AB366C894CC2}.Debug|Any CPU.ActiveCfg = Debug|Any CPU
		{A157AFA5-3DB7-48A7-A723-AB366C894CC2}.Debug|Any CPU.Build.0 = Debug|Any CPU
		{A157AFA5-3DB7-48A7-A723-AB366C894CC2}.Debug|Mixed Platforms.ActiveCfg = Debug|Any CPU
		{A157AFA5-3DB7-48A7-A723-AB366C894CC2}.Debug|Mixed Platforms.Build.0 = Debug|Any CPU
		{A157AFA5-3DB7-48A7-A723-AB366C894CC2}.Debug|x86.ActiveCfg = Debug|Any CPU
		{A157AFA5-3DB7-48A7-A723-AB366C894CC2}.Debug|x86.Build.0 = Debug|Any CPU
		{A157AFA5-3DB7-48A7-A723-AB366C894CC2}.Release|Any CPU.ActiveCfg = Release|Any CPU
		{A157AFA5-3DB7-48A7-A723-AB366C894CC2}.Release|Any CPU.Build.0 = Release|Any CPU
		{A157AFA5-3DB7-48A7-A723-AB366C894CC2}.Release|Mixed Platforms.ActiveCfg = Release|Any CPU
		{A157AFA5-3DB7-48A7-A723-AB366C894CC2}.Release|Mixed Platforms.Build.0 = Release|Any CPU
		{A157AFA5-3DB7-48A7-A723-AB366C894CC2}.Release|x86.ActiveCfg = Release|Any CPU
		{A157AFA5-3DB7-48A7-A723-AB366C894CC2}.Release|x86.Build.0 = Release|Any CPU
		{72398C08-6921-4AB7-85E9-8DA7A3E43026}.Debug|Any CPU.ActiveCfg = Debug|Any CPU
		{72398C08-6921-4AB7-85E9-8DA7A3E43026}.Debug|Any CPU.Build.0 = Debug|Any CPU
		{72398C08-6921-4AB7-85E9-8DA7A3E43026}.Debug|Mixed Platforms.ActiveCfg = Debug|Any CPU
		{72398C08-6921-4AB7-85E9-8DA7A3E43026}.Debug|Mixed Platforms.Build.0 = Debug|Any CPU
		{72398C08-6921-4AB7-85E9-8DA7A3E43026}.Debug|x86.ActiveCfg = Debug|Any CPU
		{72398C08-6921-4AB7-85E9-8DA7A3E43026}.Debug|x86.Build.0 = Debug|Any CPU
		{72398C08-6921-4AB7-85E9-8DA7A3E43026}.Release|Any CPU.ActiveCfg = Release|Any CPU
		{72398C08-6921-4AB7-85E9-8DA7A3E43026}.Release|Any CPU.Build.0 = Release|Any CPU
		{72398C08-6921-4AB7-85E9-8DA7A3E43026}.Release|Mixed Platforms.ActiveCfg = Release|Any CPU
		{72398C08-6921-4AB7-85E9-8DA7A3E43026}.Release|Mixed Platforms.Build.0 = Release|Any CPU
		{72398C08-6921-4AB7-85E9-8DA7A3E43026}.Release|x86.ActiveCfg = Release|Any CPU
		{72398C08-6921-4AB7-85E9-8DA7A3E43026}.Release|x86.Build.0 = Release|Any CPU
		{6F9D630F-9C20-4BC7-8615-25D89CEC66E3}.Debug|Any CPU.ActiveCfg = Debug|Any CPU
		{6F9D630F-9C20-4BC7-8615-25D89CEC66E3}.Debug|Any CPU.Build.0 = Debug|Any CPU
		{6F9D630F-9C20-4BC7-8615-25D89CEC66E3}.Debug|Mixed Platforms.ActiveCfg = Debug|Any CPU
		{6F9D630F-9C20-4BC7-8615-25D89CEC66E3}.Debug|Mixed Platforms.Build.0 = Debug|Any CPU
		{6F9D630F-9C20-4BC7-8615-25D89CEC66E3}.Debug|x86.ActiveCfg = Debug|Any CPU
		{6F9D630F-9C20-4BC7-8615-25D89CEC66E3}.Debug|x86.Build.0 = Debug|Any CPU
		{6F9D630F-9C20-4BC7-8615-25D89CEC66E3}.Release|Any CPU.ActiveCfg = Release|Any CPU
		{6F9D630F-9C20-4BC7-8615-25D89CEC66E3}.Release|Any CPU.Build.0 = Release|Any CPU
		{6F9D630F-9C20-4BC7-8615-25D89CEC66E3}.Release|Mixed Platforms.ActiveCfg = Release|Any CPU
		{6F9D630F-9C20-4BC7-8615-25D89CEC66E3}.Release|Mixed Platforms.Build.0 = Release|Any CPU
		{6F9D630F-9C20-4BC7-8615-25D89CEC66E3}.Release|x86.ActiveCfg = Release|Any CPU
		{6F9D630F-9C20-4BC7-8615-25D89CEC66E3}.Release|x86.Build.0 = Release|Any CPU
		{C0114D29-F764-4185-B71F-E2FB620AAD0B}.Debug|Any CPU.ActiveCfg = Debug|Any CPU
		{C0114D29-F764-4185-B71F-E2FB620AAD0B}.Debug|Any CPU.Build.0 = Debug|Any CPU
		{C0114D29-F764-4185-B71F-E2FB620AAD0B}.Debug|Mixed Platforms.ActiveCfg = Debug|Any CPU
		{C0114D29-F764-4185-B71F-E2FB620AAD0B}.Debug|Mixed Platforms.Build.0 = Debug|Any CPU
		{C0114D29-F764-4185-B71F-E2FB620AAD0B}.Debug|x86.ActiveCfg = Debug|Any CPU
		{C0114D29-F764-4185-B71F-E2FB620AAD0B}.Debug|x86.Build.0 = Debug|Any CPU
		{C0114D29-F764-4185-B71F-E2FB620AAD0B}.Release|Any CPU.ActiveCfg = Release|Any CPU
		{C0114D29-F764-4185-B71F-E2FB620AAD0B}.Release|Any CPU.Build.0 = Release|Any CPU
		{C0114D29-F764-4185-B71F-E2FB620AAD0B}.Release|Mixed Platforms.ActiveCfg = Release|Any CPU
		{C0114D29-F764-4185-B71F-E2FB620AAD0B}.Release|Mixed Platforms.Build.0 = Release|Any CPU
		{C0114D29-F764-4185-B71F-E2FB620AAD0B}.Release|x86.ActiveCfg = Release|Any CPU
		{C0114D29-F764-4185-B71F-E2FB620AAD0B}.Release|x86.Build.0 = Release|Any CPU
		{3904AFCF-5EFD-4889-BB44-367ACA50A88C}.Debug|Any CPU.ActiveCfg = Debug|Any CPU
		{3904AFCF-5EFD-4889-BB44-367ACA50A88C}.Debug|Any CPU.Build.0 = Debug|Any CPU
		{3904AFCF-5EFD-4889-BB44-367ACA50A88C}.Debug|Mixed Platforms.ActiveCfg = Debug|Any CPU
		{3904AFCF-5EFD-4889-BB44-367ACA50A88C}.Debug|Mixed Platforms.Build.0 = Debug|Any CPU
		{3904AFCF-5EFD-4889-BB44-367ACA50A88C}.Debug|x86.ActiveCfg = Debug|Any CPU
		{3904AFCF-5EFD-4889-BB44-367ACA50A88C}.Debug|x86.Build.0 = Debug|Any CPU
		{3904AFCF-5EFD-4889-BB44-367ACA50A88C}.Release|Any CPU.ActiveCfg = Release|Any CPU
		{3904AFCF-5EFD-4889-BB44-367ACA50A88C}.Release|Any CPU.Build.0 = Release|Any CPU
		{3904AFCF-5EFD-4889-BB44-367ACA50A88C}.Release|Mixed Platforms.ActiveCfg = Release|Any CPU
		{3904AFCF-5EFD-4889-BB44-367ACA50A88C}.Release|Mixed Platforms.Build.0 = Release|Any CPU
		{3904AFCF-5EFD-4889-BB44-367ACA50A88C}.Release|x86.ActiveCfg = Release|Any CPU
		{3904AFCF-5EFD-4889-BB44-367ACA50A88C}.Release|x86.Build.0 = Release|Any CPU
		{0CCCA0FE-D82C-406E-9113-191393E039F7}.Debug|Any CPU.ActiveCfg = Debug|Any CPU
		{0CCCA0FE-D82C-406E-9113-191393E039F7}.Debug|Any CPU.Build.0 = Debug|Any CPU
		{0CCCA0FE-D82C-406E-9113-191393E039F7}.Debug|Mixed Platforms.ActiveCfg = Debug|Any CPU
		{0CCCA0FE-D82C-406E-9113-191393E039F7}.Debug|Mixed Platforms.Build.0 = Debug|Any CPU
		{0CCCA0FE-D82C-406E-9113-191393E039F7}.Debug|x86.ActiveCfg = Debug|Any CPU
		{0CCCA0FE-D82C-406E-9113-191393E039F7}.Debug|x86.Build.0 = Debug|Any CPU
		{0CCCA0FE-D82C-406E-9113-191393E039F7}.Release|Any CPU.ActiveCfg = Release|Any CPU
		{0CCCA0FE-D82C-406E-9113-191393E039F7}.Release|Any CPU.Build.0 = Release|Any CPU
		{0CCCA0FE-D82C-406E-9113-191393E039F7}.Release|Mixed Platforms.ActiveCfg = Release|Any CPU
		{0CCCA0FE-D82C-406E-9113-191393E039F7}.Release|Mixed Platforms.Build.0 = Release|Any CPU
		{0CCCA0FE-D82C-406E-9113-191393E039F7}.Release|x86.ActiveCfg = Release|Any CPU
		{0CCCA0FE-D82C-406E-9113-191393E039F7}.Release|x86.Build.0 = Release|Any CPU
		{1C13023A-C5FA-4C41-BD70-3F94CCD23167}.Debug|Any CPU.ActiveCfg = Debug|Any CPU
		{1C13023A-C5FA-4C41-BD70-3F94CCD23167}.Debug|Any CPU.Build.0 = Debug|Any CPU
		{1C13023A-C5FA-4C41-BD70-3F94CCD23167}.Debug|Mixed Platforms.ActiveCfg = Debug|Any CPU
		{1C13023A-C5FA-4C41-BD70-3F94CCD23167}.Debug|Mixed Platforms.Build.0 = Debug|Any CPU
		{1C13023A-C5FA-4C41-BD70-3F94CCD23167}.Debug|x86.ActiveCfg = Debug|Any CPU
		{1C13023A-C5FA-4C41-BD70-3F94CCD23167}.Debug|x86.Build.0 = Debug|Any CPU
		{1C13023A-C5FA-4C41-BD70-3F94CCD23167}.Release|Any CPU.ActiveCfg = Release|Any CPU
		{1C13023A-C5FA-4C41-BD70-3F94CCD23167}.Release|Any CPU.Build.0 = Release|Any CPU
		{1C13023A-C5FA-4C41-BD70-3F94CCD23167}.Release|Mixed Platforms.ActiveCfg = Release|Any CPU
		{1C13023A-C5FA-4C41-BD70-3F94CCD23167}.Release|Mixed Platforms.Build.0 = Release|Any CPU
		{1C13023A-C5FA-4C41-BD70-3F94CCD23167}.Release|x86.ActiveCfg = Release|Any CPU
		{1C13023A-C5FA-4C41-BD70-3F94CCD23167}.Release|x86.Build.0 = Release|Any CPU
		{1BDEB834-C66D-45AA-9434-106B3142E654}.Debug|Any CPU.ActiveCfg = Debug|Any CPU
		{1BDEB834-C66D-45AA-9434-106B3142E654}.Debug|Any CPU.Build.0 = Debug|Any CPU
		{1BDEB834-C66D-45AA-9434-106B3142E654}.Debug|Mixed Platforms.ActiveCfg = Debug|Any CPU
		{1BDEB834-C66D-45AA-9434-106B3142E654}.Debug|Mixed Platforms.Build.0 = Debug|Any CPU
		{1BDEB834-C66D-45AA-9434-106B3142E654}.Debug|x86.ActiveCfg = Debug|Any CPU
		{1BDEB834-C66D-45AA-9434-106B3142E654}.Debug|x86.Build.0 = Debug|Any CPU
		{1BDEB834-C66D-45AA-9434-106B3142E654}.Release|Any CPU.ActiveCfg = Release|Any CPU
		{1BDEB834-C66D-45AA-9434-106B3142E654}.Release|Any CPU.Build.0 = Release|Any CPU
		{1BDEB834-C66D-45AA-9434-106B3142E654}.Release|Mixed Platforms.ActiveCfg = Release|Any CPU
		{1BDEB834-C66D-45AA-9434-106B3142E654}.Release|Mixed Platforms.Build.0 = Release|Any CPU
		{1BDEB834-C66D-45AA-9434-106B3142E654}.Release|x86.ActiveCfg = Release|Any CPU
		{1BDEB834-C66D-45AA-9434-106B3142E654}.Release|x86.Build.0 = Release|Any CPU
		{F687BC49-FF84-47F5-B67F-2101A8AEFDF3}.Debug|Any CPU.ActiveCfg = Debug|Any CPU
		{F687BC49-FF84-47F5-B67F-2101A8AEFDF3}.Debug|Any CPU.Build.0 = Debug|Any CPU
		{F687BC49-FF84-47F5-B67F-2101A8AEFDF3}.Debug|Mixed Platforms.ActiveCfg = Debug|Any CPU
		{F687BC49-FF84-47F5-B67F-2101A8AEFDF3}.Debug|Mixed Platforms.Build.0 = Debug|Any CPU
		{F687BC49-FF84-47F5-B67F-2101A8AEFDF3}.Debug|x86.ActiveCfg = Debug|Any CPU
		{F687BC49-FF84-47F5-B67F-2101A8AEFDF3}.Debug|x86.Build.0 = Debug|Any CPU
		{F687BC49-FF84-47F5-B67F-2101A8AEFDF3}.Release|Any CPU.ActiveCfg = Release|Any CPU
		{F687BC49-FF84-47F5-B67F-2101A8AEFDF3}.Release|Any CPU.Build.0 = Release|Any CPU
		{F687BC49-FF84-47F5-B67F-2101A8AEFDF3}.Release|Mixed Platforms.ActiveCfg = Release|Any CPU
		{F687BC49-FF84-47F5-B67F-2101A8AEFDF3}.Release|Mixed Platforms.Build.0 = Release|Any CPU
		{F687BC49-FF84-47F5-B67F-2101A8AEFDF3}.Release|x86.ActiveCfg = Release|Any CPU
		{F687BC49-FF84-47F5-B67F-2101A8AEFDF3}.Release|x86.Build.0 = Release|Any CPU
	EndGlobalSection
	GlobalSection(SolutionProperties) = preSolution
		HideSolutionNode = FALSE
	EndGlobalSection
	GlobalSection(ExtensibilityGlobals) = postSolution
		SolutionGuid = {5D9C09A1-E158-4E9A-A84F-3306F65BBD59}
	EndGlobalSection
EndGlobal
