
Microsoft Visual Studio Solution File, Format Version 12.00
# Visual Studio 2013
VisualStudioVersion = 12.0.30110.0
MinimumVisualStudioVersion = 10.0.40219.1
Project("{FAE04EC0-301F-11D3-BF4B-00C04F79EFBC}") = "BHLDataObjects", "BHLDataObjects\BHLDataObjects.csproj", "{65499E9E-4829-469E-8B5E-3F96012649AF}"
EndProject
Project("{FAE04EC0-301F-11D3-BF4B-00C04F79EFBC}") = "BHLCoreDAL", "BHLCoreDAL\BHLCoreDAL.csproj", "{96BF5B64-D65D-43F2-A2F3-500F9E28FE53}"
EndProject
Project("{FAE04EC0-301F-11D3-BF4B-00C04F79EFBC}") = "BHLCoreDALTest", "BHLCoreDALTest\BHLCoreDALTest.csproj", "{23523F13-E173-4B26-9E6B-A09E226E02B6}"
EndProject
Project("{FAE04EC0-301F-11D3-BF4B-00C04F79EFBC}") = "BHLServer", "BHLServer\BHLServer.csproj", "{20FC0F67-C32A-46FE-9FF2-BA5FC74725AF}"
EndProject
Project("{FAE04EC0-301F-11D3-BF4B-00C04F79EFBC}") = "BHLWebService", "BHLService\BHLWebService.csproj", "{B33B346A-953D-45FB-B76F-68E12346C9B3}"
EndProject
Project("{FAE04EC0-301F-11D3-BF4B-00C04F79EFBC}") = "DOIDeposit", "DOIDeposit\DOIDeposit.csproj", "{58AB270D-FF83-4CA0-A55A-49B176B08236}"
EndProject
Project("{FAE04EC0-301F-11D3-BF4B-00C04F79EFBC}") = "BHLWebUtilities", "BHLWebUtilities\BHLWebUtilities.csproj", "{7E1631E8-F28A-4F9E-97E4-F8A69522D9DD}"
EndProject
Project("{FAE04EC0-301F-11D3-BF4B-00C04F79EFBC}") = "BHLAuditExport", "BHLAuditExport\BHLAuditExport.csproj", "{371109F9-DFBE-4ECF-9EEC-0D03D3EA7D11}"
EndProject
Project("{FAE04EC0-301F-11D3-BF4B-00C04F79EFBC}") = "BHLBibTeXExport", "BHLBibTeXExport\BHLBibTeXExport.csproj", "{44BC53EB-700E-48AE-9D72-BA23E081106A}"
EndProject
Project("{FAE04EC0-301F-11D3-BF4B-00C04F79EFBC}") = "BHLDOIService", "BHLDOIService\BHLDOIService.csproj", "{166D6CEE-D383-4FAA-B4F7-EB1587C13C7F}"
	ProjectSection(ProjectDependencies) = postProject
		{B33B346A-953D-45FB-B76F-68E12346C9B3} = {B33B346A-953D-45FB-B76F-68E12346C9B3}
	EndProjectSection
EndProject
Project("{FAE04EC0-301F-11D3-BF4B-00C04F79EFBC}") = "BHLEndNoteExport", "BHLEndNoteExport\BHLEndNoteExport.csproj", "{FA6E58FB-27FC-4041-BDD7-7BFF887FE237}"
EndProject
Project("{FAE04EC0-301F-11D3-BF4B-00C04F79EFBC}") = "BHLFlickrThumbGrab", "BHLFlickrThumbGrab\BHLFlickrThumbGrab.csproj", "{3097F2DC-8A23-447E-BAAF-7A3AF859CC08}"
EndProject
Project("{FAE04EC0-301F-11D3-BF4B-00C04F79EFBC}") = "BHLMETSUpload", "BHLMETSUpload\BHLMETSUpload.csproj", "{53E3073E-570A-431C-B8CD-4C8DBEDB9A93}"
EndProject
Project("{FAE04EC0-301F-11D3-BF4B-00C04F79EFBC}") = "BHLMODSExport", "BHLMODSExport\BHLMODSExport.csproj", "{309777E6-C1DA-45CD-8669-F288C637B1AD}"
EndProject
Project("{FAE04EC0-301F-11D3-BF4B-00C04F79EFBC}") = "BHLNameFileGenerator", "BHLNameFileGenerator\BHLNameFileGenerator.csproj", "{43C3EB45-3DD6-430F-8205-40A7BF2FDA6A}"
EndProject
Project("{FAE04EC0-301F-11D3-BF4B-00C04F79EFBC}") = "BHLPageNameRefresh", "BHLPageNameRefresh\BHLPageNameRefresh.csproj", "{9A4A5D63-EAF8-4B13-B030-4C387879A046}"
EndProject
Project("{FAE04EC0-301F-11D3-BF4B-00C04F79EFBC}") = "BHLPDFGenerator", "BHLPDFGenerator\BHLPDFGenerator.csproj", "{55652FF0-F2B9-467C-AD14-C78D264D2DFF}"
EndProject
Project("{FAE04EC0-301F-11D3-BF4B-00C04F79EFBC}") = "IAUtilities", "IAUtilities\IAUtilities.csproj", "{DE3A52C7-11EF-4E87-ABBE-2792152C99BC}"
EndProject
Project("{FAE04EC0-301F-11D3-BF4B-00C04F79EFBC}") = "IAFileGenerator", "IAFileGenerator\IAFileGenerator\IAFileGenerator.csproj", "{54C5EEC5-B07B-4A24-B8BC-414CBDC75DDE}"
EndProject
Project("{FAE04EC0-301F-11D3-BF4B-00C04F79EFBC}") = "IAFileGeneratorGUI", "IAFileGenerator\IAFileGeneratorGUI\IAFileGeneratorGUI.csproj", "{42DFAFD4-E2C7-45E6-A561-7E7798D3FE55}"
EndProject
Project("{FAE04EC0-301F-11D3-BF4B-00C04F79EFBC}") = "IAFileGeneratorCmd", "IAFileGeneratorCmd\IAFileGeneratorCmd.csproj", "{3B57FECB-2C79-4D23-83EA-5247427B2442}"
EndProject
Project("{FAE04EC0-301F-11D3-BF4B-00C04F79EFBC}") = "CustomDataAccess", "CustomDataAccess\CustomDataAccess.csproj", "{28227DF3-62E5-46B2-BABB-C21684EA7425}"
EndProject
Project("{FAE04EC0-301F-11D3-BF4B-00C04F79EFBC}") = "BHLFileAccess", "BHLFileAccess\BHLFileAccess.csproj", "{90020027-AD6A-4052-820E-057BEBAA8E2E}"
EndProject
Project("{FAE04EC0-301F-11D3-BF4B-00C04F79EFBC}") = "BHLFileAccessService", "BHLFileAccessService\BHLFileAccessService.csproj", "{42F597BE-AADB-4712-9EE8-AA79C5686D0F}"
EndProject
Project("{FAE04EC0-301F-11D3-BF4B-00C04F79EFBC}") = "BHLUtility", "BHLUtility\BHLUtility.csproj", "{270E7816-13EC-4D51-A27F-C959981B1275}"
EndProject
Project("{FAE04EC0-301F-11D3-BF4B-00C04F79EFBC}") = "BHLFileAccessRemotingUtilities", "BHLFileAccessRemotingUtilities\BHLFileAccessRemotingUtilities.csproj", "{C4C907E6-860C-4684-AFF3-26269BF193F3}"
EndProject
Project("{2150E333-8FDC-42A3-9474-1A3956D46DE8}") = ".nuget", ".nuget", "{90CB2D5B-206D-4DBC-BA36-8D8C2824D61B}"
	ProjectSection(SolutionItems) = preProject
		.nuget\NuGet.Config = .nuget\NuGet.Config
		.nuget\NuGet.exe = .nuget\NuGet.exe
		.nuget\NuGet.targets = .nuget\NuGet.targets
	EndProjectSection
EndProject
Project("{FAE04EC0-301F-11D3-BF4B-00C04F79EFBC}") = "BHLAuditImport", "BHLAuditImport\BHLAuditImport.csproj", "{4C512369-20F4-4D21-A18A-32018850B698}"
EndProject
Global
	GlobalSection(SolutionConfigurationPlatforms) = preSolution
		Debug|Any CPU = Debug|Any CPU
		Debug|Mixed Platforms = Debug|Mixed Platforms
		Debug|x86 = Debug|x86
		Release|Any CPU = Release|Any CPU
		Release|Mixed Platforms = Release|Mixed Platforms
		Release|x86 = Release|x86
	EndGlobalSection
	GlobalSection(ProjectConfigurationPlatforms) = postSolution
		{65499E9E-4829-469E-8B5E-3F96012649AF}.Debug|Any CPU.ActiveCfg = Debug|Any CPU
		{65499E9E-4829-469E-8B5E-3F96012649AF}.Debug|Any CPU.Build.0 = Debug|Any CPU
		{65499E9E-4829-469E-8B5E-3F96012649AF}.Debug|Mixed Platforms.ActiveCfg = Debug|Any CPU
		{65499E9E-4829-469E-8B5E-3F96012649AF}.Debug|Mixed Platforms.Build.0 = Debug|Any CPU
		{65499E9E-4829-469E-8B5E-3F96012649AF}.Debug|x86.ActiveCfg = Debug|Any CPU
		{65499E9E-4829-469E-8B5E-3F96012649AF}.Release|Any CPU.ActiveCfg = Release|Any CPU
		{65499E9E-4829-469E-8B5E-3F96012649AF}.Release|Any CPU.Build.0 = Release|Any CPU
		{65499E9E-4829-469E-8B5E-3F96012649AF}.Release|Mixed Platforms.ActiveCfg = Release|Any CPU
		{65499E9E-4829-469E-8B5E-3F96012649AF}.Release|Mixed Platforms.Build.0 = Release|Any CPU
		{65499E9E-4829-469E-8B5E-3F96012649AF}.Release|x86.ActiveCfg = Release|Any CPU
		{96BF5B64-D65D-43F2-A2F3-500F9E28FE53}.Debug|Any CPU.ActiveCfg = Debug|Any CPU
		{96BF5B64-D65D-43F2-A2F3-500F9E28FE53}.Debug|Any CPU.Build.0 = Debug|Any CPU
		{96BF5B64-D65D-43F2-A2F3-500F9E28FE53}.Debug|Mixed Platforms.ActiveCfg = Debug|Any CPU
		{96BF5B64-D65D-43F2-A2F3-500F9E28FE53}.Debug|Mixed Platforms.Build.0 = Debug|Any CPU
		{96BF5B64-D65D-43F2-A2F3-500F9E28FE53}.Debug|x86.ActiveCfg = Debug|Any CPU
		{96BF5B64-D65D-43F2-A2F3-500F9E28FE53}.Release|Any CPU.ActiveCfg = Release|Any CPU
		{96BF5B64-D65D-43F2-A2F3-500F9E28FE53}.Release|Any CPU.Build.0 = Release|Any CPU
		{96BF5B64-D65D-43F2-A2F3-500F9E28FE53}.Release|Mixed Platforms.ActiveCfg = Release|Any CPU
		{96BF5B64-D65D-43F2-A2F3-500F9E28FE53}.Release|Mixed Platforms.Build.0 = Release|Any CPU
		{96BF5B64-D65D-43F2-A2F3-500F9E28FE53}.Release|x86.ActiveCfg = Release|Any CPU
		{23523F13-E173-4B26-9E6B-A09E226E02B6}.Debug|Any CPU.ActiveCfg = Debug|Any CPU
		{23523F13-E173-4B26-9E6B-A09E226E02B6}.Debug|Any CPU.Build.0 = Debug|Any CPU
		{23523F13-E173-4B26-9E6B-A09E226E02B6}.Debug|Mixed Platforms.ActiveCfg = Debug|Any CPU
		{23523F13-E173-4B26-9E6B-A09E226E02B6}.Debug|Mixed Platforms.Build.0 = Debug|Any CPU
		{23523F13-E173-4B26-9E6B-A09E226E02B6}.Debug|x86.ActiveCfg = Debug|Any CPU
		{23523F13-E173-4B26-9E6B-A09E226E02B6}.Release|Any CPU.ActiveCfg = Release|Any CPU
		{23523F13-E173-4B26-9E6B-A09E226E02B6}.Release|Any CPU.Build.0 = Release|Any CPU
		{23523F13-E173-4B26-9E6B-A09E226E02B6}.Release|Mixed Platforms.ActiveCfg = Release|Any CPU
		{23523F13-E173-4B26-9E6B-A09E226E02B6}.Release|Mixed Platforms.Build.0 = Release|Any CPU
		{23523F13-E173-4B26-9E6B-A09E226E02B6}.Release|x86.ActiveCfg = Release|Any CPU
		{20FC0F67-C32A-46FE-9FF2-BA5FC74725AF}.Debug|Any CPU.ActiveCfg = Debug|Any CPU
		{20FC0F67-C32A-46FE-9FF2-BA5FC74725AF}.Debug|Any CPU.Build.0 = Debug|Any CPU
		{20FC0F67-C32A-46FE-9FF2-BA5FC74725AF}.Debug|Mixed Platforms.ActiveCfg = Debug|Any CPU
		{20FC0F67-C32A-46FE-9FF2-BA5FC74725AF}.Debug|Mixed Platforms.Build.0 = Debug|Any CPU
		{20FC0F67-C32A-46FE-9FF2-BA5FC74725AF}.Debug|x86.ActiveCfg = Debug|Any CPU
		{20FC0F67-C32A-46FE-9FF2-BA5FC74725AF}.Release|Any CPU.ActiveCfg = Release|Any CPU
		{20FC0F67-C32A-46FE-9FF2-BA5FC74725AF}.Release|Any CPU.Build.0 = Release|Any CPU
		{20FC0F67-C32A-46FE-9FF2-BA5FC74725AF}.Release|Mixed Platforms.ActiveCfg = Release|Any CPU
		{20FC0F67-C32A-46FE-9FF2-BA5FC74725AF}.Release|Mixed Platforms.Build.0 = Release|Any CPU
		{20FC0F67-C32A-46FE-9FF2-BA5FC74725AF}.Release|x86.ActiveCfg = Release|Any CPU
		{B33B346A-953D-45FB-B76F-68E12346C9B3}.Debug|Any CPU.ActiveCfg = Debug|Any CPU
		{B33B346A-953D-45FB-B76F-68E12346C9B3}.Debug|Any CPU.Build.0 = Debug|Any CPU
		{B33B346A-953D-45FB-B76F-68E12346C9B3}.Debug|Mixed Platforms.ActiveCfg = Debug|Any CPU
		{B33B346A-953D-45FB-B76F-68E12346C9B3}.Debug|Mixed Platforms.Build.0 = Debug|Any CPU
		{B33B346A-953D-45FB-B76F-68E12346C9B3}.Debug|x86.ActiveCfg = Debug|Any CPU
		{B33B346A-953D-45FB-B76F-68E12346C9B3}.Release|Any CPU.ActiveCfg = Release|Any CPU
		{B33B346A-953D-45FB-B76F-68E12346C9B3}.Release|Any CPU.Build.0 = Release|Any CPU
		{B33B346A-953D-45FB-B76F-68E12346C9B3}.Release|Mixed Platforms.ActiveCfg = Release|Any CPU
		{B33B346A-953D-45FB-B76F-68E12346C9B3}.Release|Mixed Platforms.Build.0 = Release|Any CPU
		{B33B346A-953D-45FB-B76F-68E12346C9B3}.Release|x86.ActiveCfg = Release|Any CPU
		{58AB270D-FF83-4CA0-A55A-49B176B08236}.Debug|Any CPU.ActiveCfg = Debug|Any CPU
		{58AB270D-FF83-4CA0-A55A-49B176B08236}.Debug|Any CPU.Build.0 = Debug|Any CPU
		{58AB270D-FF83-4CA0-A55A-49B176B08236}.Debug|Mixed Platforms.ActiveCfg = Debug|Any CPU
		{58AB270D-FF83-4CA0-A55A-49B176B08236}.Debug|Mixed Platforms.Build.0 = Debug|Any CPU
		{58AB270D-FF83-4CA0-A55A-49B176B08236}.Debug|x86.ActiveCfg = Debug|Any CPU
		{58AB270D-FF83-4CA0-A55A-49B176B08236}.Release|Any CPU.ActiveCfg = Release|Any CPU
		{58AB270D-FF83-4CA0-A55A-49B176B08236}.Release|Any CPU.Build.0 = Release|Any CPU
		{58AB270D-FF83-4CA0-A55A-49B176B08236}.Release|Mixed Platforms.ActiveCfg = Release|Any CPU
		{58AB270D-FF83-4CA0-A55A-49B176B08236}.Release|Mixed Platforms.Build.0 = Release|Any CPU
		{58AB270D-FF83-4CA0-A55A-49B176B08236}.Release|x86.ActiveCfg = Release|Any CPU
		{7E1631E8-F28A-4F9E-97E4-F8A69522D9DD}.Debug|Any CPU.ActiveCfg = Debug|Any CPU
		{7E1631E8-F28A-4F9E-97E4-F8A69522D9DD}.Debug|Any CPU.Build.0 = Debug|Any CPU
		{7E1631E8-F28A-4F9E-97E4-F8A69522D9DD}.Debug|Mixed Platforms.ActiveCfg = Debug|Any CPU
		{7E1631E8-F28A-4F9E-97E4-F8A69522D9DD}.Debug|Mixed Platforms.Build.0 = Debug|Any CPU
		{7E1631E8-F28A-4F9E-97E4-F8A69522D9DD}.Debug|x86.ActiveCfg = Debug|Any CPU
		{7E1631E8-F28A-4F9E-97E4-F8A69522D9DD}.Release|Any CPU.ActiveCfg = Release|Any CPU
		{7E1631E8-F28A-4F9E-97E4-F8A69522D9DD}.Release|Any CPU.Build.0 = Release|Any CPU
		{7E1631E8-F28A-4F9E-97E4-F8A69522D9DD}.Release|Mixed Platforms.ActiveCfg = Release|Any CPU
		{7E1631E8-F28A-4F9E-97E4-F8A69522D9DD}.Release|Mixed Platforms.Build.0 = Release|Any CPU
		{7E1631E8-F28A-4F9E-97E4-F8A69522D9DD}.Release|x86.ActiveCfg = Release|Any CPU
		{371109F9-DFBE-4ECF-9EEC-0D03D3EA7D11}.Debug|Any CPU.ActiveCfg = Debug|x86
		{371109F9-DFBE-4ECF-9EEC-0D03D3EA7D11}.Debug|Mixed Platforms.ActiveCfg = Debug|x86
		{371109F9-DFBE-4ECF-9EEC-0D03D3EA7D11}.Debug|Mixed Platforms.Build.0 = Debug|x86
		{371109F9-DFBE-4ECF-9EEC-0D03D3EA7D11}.Debug|x86.ActiveCfg = Debug|x86
		{371109F9-DFBE-4ECF-9EEC-0D03D3EA7D11}.Debug|x86.Build.0 = Debug|x86
		{371109F9-DFBE-4ECF-9EEC-0D03D3EA7D11}.Release|Any CPU.ActiveCfg = Release|x86
		{371109F9-DFBE-4ECF-9EEC-0D03D3EA7D11}.Release|Mixed Platforms.ActiveCfg = Release|x86
		{371109F9-DFBE-4ECF-9EEC-0D03D3EA7D11}.Release|Mixed Platforms.Build.0 = Release|x86
		{371109F9-DFBE-4ECF-9EEC-0D03D3EA7D11}.Release|x86.ActiveCfg = Release|x86
		{371109F9-DFBE-4ECF-9EEC-0D03D3EA7D11}.Release|x86.Build.0 = Release|x86
		{44BC53EB-700E-48AE-9D72-BA23E081106A}.Debug|Any CPU.ActiveCfg = Debug|Any CPU
		{44BC53EB-700E-48AE-9D72-BA23E081106A}.Debug|Any CPU.Build.0 = Debug|Any CPU
		{44BC53EB-700E-48AE-9D72-BA23E081106A}.Debug|Mixed Platforms.ActiveCfg = Debug|Any CPU
		{44BC53EB-700E-48AE-9D72-BA23E081106A}.Debug|Mixed Platforms.Build.0 = Debug|Any CPU
		{44BC53EB-700E-48AE-9D72-BA23E081106A}.Debug|x86.ActiveCfg = Debug|Any CPU
		{44BC53EB-700E-48AE-9D72-BA23E081106A}.Release|Any CPU.ActiveCfg = Release|Any CPU
		{44BC53EB-700E-48AE-9D72-BA23E081106A}.Release|Any CPU.Build.0 = Release|Any CPU
		{44BC53EB-700E-48AE-9D72-BA23E081106A}.Release|Mixed Platforms.ActiveCfg = Release|Any CPU
		{44BC53EB-700E-48AE-9D72-BA23E081106A}.Release|Mixed Platforms.Build.0 = Release|Any CPU
		{44BC53EB-700E-48AE-9D72-BA23E081106A}.Release|x86.ActiveCfg = Release|Any CPU
		{166D6CEE-D383-4FAA-B4F7-EB1587C13C7F}.Debug|Any CPU.ActiveCfg = Debug|x86
		{166D6CEE-D383-4FAA-B4F7-EB1587C13C7F}.Debug|Mixed Platforms.ActiveCfg = Debug|x86
		{166D6CEE-D383-4FAA-B4F7-EB1587C13C7F}.Debug|Mixed Platforms.Build.0 = Debug|x86
		{166D6CEE-D383-4FAA-B4F7-EB1587C13C7F}.Debug|x86.ActiveCfg = Debug|x86
		{166D6CEE-D383-4FAA-B4F7-EB1587C13C7F}.Debug|x86.Build.0 = Debug|x86
		{166D6CEE-D383-4FAA-B4F7-EB1587C13C7F}.Release|Any CPU.ActiveCfg = Release|x86
		{166D6CEE-D383-4FAA-B4F7-EB1587C13C7F}.Release|Mixed Platforms.ActiveCfg = Release|x86
		{166D6CEE-D383-4FAA-B4F7-EB1587C13C7F}.Release|Mixed Platforms.Build.0 = Release|x86
		{166D6CEE-D383-4FAA-B4F7-EB1587C13C7F}.Release|x86.ActiveCfg = Release|x86
		{166D6CEE-D383-4FAA-B4F7-EB1587C13C7F}.Release|x86.Build.0 = Release|x86
		{FA6E58FB-27FC-4041-BDD7-7BFF887FE237}.Debug|Any CPU.ActiveCfg = Debug|Any CPU
		{FA6E58FB-27FC-4041-BDD7-7BFF887FE237}.Debug|Any CPU.Build.0 = Debug|Any CPU
		{FA6E58FB-27FC-4041-BDD7-7BFF887FE237}.Debug|Mixed Platforms.ActiveCfg = Debug|Any CPU
		{FA6E58FB-27FC-4041-BDD7-7BFF887FE237}.Debug|Mixed Platforms.Build.0 = Debug|Any CPU
		{FA6E58FB-27FC-4041-BDD7-7BFF887FE237}.Debug|x86.ActiveCfg = Debug|Any CPU
		{FA6E58FB-27FC-4041-BDD7-7BFF887FE237}.Release|Any CPU.ActiveCfg = Release|Any CPU
		{FA6E58FB-27FC-4041-BDD7-7BFF887FE237}.Release|Any CPU.Build.0 = Release|Any CPU
		{FA6E58FB-27FC-4041-BDD7-7BFF887FE237}.Release|Mixed Platforms.ActiveCfg = Release|Any CPU
		{FA6E58FB-27FC-4041-BDD7-7BFF887FE237}.Release|Mixed Platforms.Build.0 = Release|Any CPU
		{FA6E58FB-27FC-4041-BDD7-7BFF887FE237}.Release|x86.ActiveCfg = Release|Any CPU
		{3097F2DC-8A23-447E-BAAF-7A3AF859CC08}.Debug|Any CPU.ActiveCfg = Debug|x86
		{3097F2DC-8A23-447E-BAAF-7A3AF859CC08}.Debug|Mixed Platforms.ActiveCfg = Debug|x86
		{3097F2DC-8A23-447E-BAAF-7A3AF859CC08}.Debug|Mixed Platforms.Build.0 = Debug|x86
		{3097F2DC-8A23-447E-BAAF-7A3AF859CC08}.Debug|x86.ActiveCfg = Debug|x86
		{3097F2DC-8A23-447E-BAAF-7A3AF859CC08}.Debug|x86.Build.0 = Debug|x86
		{3097F2DC-8A23-447E-BAAF-7A3AF859CC08}.Release|Any CPU.ActiveCfg = Release|x86
		{3097F2DC-8A23-447E-BAAF-7A3AF859CC08}.Release|Mixed Platforms.ActiveCfg = Release|x86
		{3097F2DC-8A23-447E-BAAF-7A3AF859CC08}.Release|Mixed Platforms.Build.0 = Release|x86
		{3097F2DC-8A23-447E-BAAF-7A3AF859CC08}.Release|x86.ActiveCfg = Release|x86
		{3097F2DC-8A23-447E-BAAF-7A3AF859CC08}.Release|x86.Build.0 = Release|x86
		{53E3073E-570A-431C-B8CD-4C8DBEDB9A93}.Debug|Any CPU.ActiveCfg = Debug|x86
		{53E3073E-570A-431C-B8CD-4C8DBEDB9A93}.Debug|Mixed Platforms.ActiveCfg = Debug|x86
		{53E3073E-570A-431C-B8CD-4C8DBEDB9A93}.Debug|Mixed Platforms.Build.0 = Debug|x86
		{53E3073E-570A-431C-B8CD-4C8DBEDB9A93}.Debug|x86.ActiveCfg = Debug|x86
		{53E3073E-570A-431C-B8CD-4C8DBEDB9A93}.Debug|x86.Build.0 = Debug|x86
		{53E3073E-570A-431C-B8CD-4C8DBEDB9A93}.Release|Any CPU.ActiveCfg = Release|x86
		{53E3073E-570A-431C-B8CD-4C8DBEDB9A93}.Release|Mixed Platforms.ActiveCfg = Release|x86
		{53E3073E-570A-431C-B8CD-4C8DBEDB9A93}.Release|Mixed Platforms.Build.0 = Release|x86
		{53E3073E-570A-431C-B8CD-4C8DBEDB9A93}.Release|x86.ActiveCfg = Release|x86
		{53E3073E-570A-431C-B8CD-4C8DBEDB9A93}.Release|x86.Build.0 = Release|x86
		{309777E6-C1DA-45CD-8669-F288C637B1AD}.Debug|Any CPU.ActiveCfg = Debug|x86
		{309777E6-C1DA-45CD-8669-F288C637B1AD}.Debug|Mixed Platforms.ActiveCfg = Debug|x86
		{309777E6-C1DA-45CD-8669-F288C637B1AD}.Debug|Mixed Platforms.Build.0 = Debug|x86
		{309777E6-C1DA-45CD-8669-F288C637B1AD}.Debug|x86.ActiveCfg = Debug|x86
		{309777E6-C1DA-45CD-8669-F288C637B1AD}.Debug|x86.Build.0 = Debug|x86
		{309777E6-C1DA-45CD-8669-F288C637B1AD}.Release|Any CPU.ActiveCfg = Release|x86
		{309777E6-C1DA-45CD-8669-F288C637B1AD}.Release|Mixed Platforms.ActiveCfg = Release|x86
		{309777E6-C1DA-45CD-8669-F288C637B1AD}.Release|Mixed Platforms.Build.0 = Release|x86
		{309777E6-C1DA-45CD-8669-F288C637B1AD}.Release|x86.ActiveCfg = Release|x86
		{309777E6-C1DA-45CD-8669-F288C637B1AD}.Release|x86.Build.0 = Release|x86
		{43C3EB45-3DD6-430F-8205-40A7BF2FDA6A}.Debug|Any CPU.ActiveCfg = Debug|Any CPU
		{43C3EB45-3DD6-430F-8205-40A7BF2FDA6A}.Debug|Any CPU.Build.0 = Debug|Any CPU
		{43C3EB45-3DD6-430F-8205-40A7BF2FDA6A}.Debug|Mixed Platforms.ActiveCfg = Debug|Any CPU
		{43C3EB45-3DD6-430F-8205-40A7BF2FDA6A}.Debug|Mixed Platforms.Build.0 = Debug|Any CPU
		{43C3EB45-3DD6-430F-8205-40A7BF2FDA6A}.Debug|x86.ActiveCfg = Debug|Any CPU
		{43C3EB45-3DD6-430F-8205-40A7BF2FDA6A}.Release|Any CPU.ActiveCfg = Release|Any CPU
		{43C3EB45-3DD6-430F-8205-40A7BF2FDA6A}.Release|Any CPU.Build.0 = Release|Any CPU
		{43C3EB45-3DD6-430F-8205-40A7BF2FDA6A}.Release|Mixed Platforms.ActiveCfg = Release|Any CPU
		{43C3EB45-3DD6-430F-8205-40A7BF2FDA6A}.Release|Mixed Platforms.Build.0 = Release|Any CPU
		{43C3EB45-3DD6-430F-8205-40A7BF2FDA6A}.Release|x86.ActiveCfg = Release|Any CPU
		{9A4A5D63-EAF8-4B13-B030-4C387879A046}.Debug|Any CPU.ActiveCfg = Debug|Any CPU
		{9A4A5D63-EAF8-4B13-B030-4C387879A046}.Debug|Any CPU.Build.0 = Debug|Any CPU
		{9A4A5D63-EAF8-4B13-B030-4C387879A046}.Debug|Mixed Platforms.ActiveCfg = Debug|Any CPU
		{9A4A5D63-EAF8-4B13-B030-4C387879A046}.Debug|Mixed Platforms.Build.0 = Debug|Any CPU
		{9A4A5D63-EAF8-4B13-B030-4C387879A046}.Debug|x86.ActiveCfg = Debug|Any CPU
		{9A4A5D63-EAF8-4B13-B030-4C387879A046}.Release|Any CPU.ActiveCfg = Release|Any CPU
		{9A4A5D63-EAF8-4B13-B030-4C387879A046}.Release|Any CPU.Build.0 = Release|Any CPU
		{9A4A5D63-EAF8-4B13-B030-4C387879A046}.Release|Mixed Platforms.ActiveCfg = Release|Any CPU
		{9A4A5D63-EAF8-4B13-B030-4C387879A046}.Release|Mixed Platforms.Build.0 = Release|Any CPU
		{9A4A5D63-EAF8-4B13-B030-4C387879A046}.Release|x86.ActiveCfg = Release|Any CPU
		{55652FF0-F2B9-467C-AD14-C78D264D2DFF}.Debug|Any CPU.ActiveCfg = Debug|Any CPU
		{55652FF0-F2B9-467C-AD14-C78D264D2DFF}.Debug|Any CPU.Build.0 = Debug|Any CPU
		{55652FF0-F2B9-467C-AD14-C78D264D2DFF}.Debug|Mixed Platforms.ActiveCfg = Debug|Any CPU
		{55652FF0-F2B9-467C-AD14-C78D264D2DFF}.Debug|Mixed Platforms.Build.0 = Debug|Any CPU
		{55652FF0-F2B9-467C-AD14-C78D264D2DFF}.Debug|x86.ActiveCfg = Debug|Any CPU
		{55652FF0-F2B9-467C-AD14-C78D264D2DFF}.Release|Any CPU.ActiveCfg = Release|Any CPU
		{55652FF0-F2B9-467C-AD14-C78D264D2DFF}.Release|Any CPU.Build.0 = Release|Any CPU
		{55652FF0-F2B9-467C-AD14-C78D264D2DFF}.Release|Mixed Platforms.ActiveCfg = Release|Any CPU
		{55652FF0-F2B9-467C-AD14-C78D264D2DFF}.Release|Mixed Platforms.Build.0 = Release|Any CPU
		{55652FF0-F2B9-467C-AD14-C78D264D2DFF}.Release|x86.ActiveCfg = Release|Any CPU
		{DE3A52C7-11EF-4E87-ABBE-2792152C99BC}.Debug|Any CPU.ActiveCfg = Debug|Any CPU
		{DE3A52C7-11EF-4E87-ABBE-2792152C99BC}.Debug|Any CPU.Build.0 = Debug|Any CPU
		{DE3A52C7-11EF-4E87-ABBE-2792152C99BC}.Debug|Mixed Platforms.ActiveCfg = Debug|Any CPU
		{DE3A52C7-11EF-4E87-ABBE-2792152C99BC}.Debug|Mixed Platforms.Build.0 = Debug|Any CPU
		{DE3A52C7-11EF-4E87-ABBE-2792152C99BC}.Debug|x86.ActiveCfg = Debug|Any CPU
		{DE3A52C7-11EF-4E87-ABBE-2792152C99BC}.Release|Any CPU.ActiveCfg = Release|Any CPU
		{DE3A52C7-11EF-4E87-ABBE-2792152C99BC}.Release|Any CPU.Build.0 = Release|Any CPU
		{DE3A52C7-11EF-4E87-ABBE-2792152C99BC}.Release|Mixed Platforms.ActiveCfg = Release|Any CPU
		{DE3A52C7-11EF-4E87-ABBE-2792152C99BC}.Release|Mixed Platforms.Build.0 = Release|Any CPU
		{DE3A52C7-11EF-4E87-ABBE-2792152C99BC}.Release|x86.ActiveCfg = Release|Any CPU
		{54C5EEC5-B07B-4A24-B8BC-414CBDC75DDE}.Debug|Any CPU.ActiveCfg = Debug|Any CPU
		{54C5EEC5-B07B-4A24-B8BC-414CBDC75DDE}.Debug|Any CPU.Build.0 = Debug|Any CPU
		{54C5EEC5-B07B-4A24-B8BC-414CBDC75DDE}.Debug|Mixed Platforms.ActiveCfg = Debug|Any CPU
		{54C5EEC5-B07B-4A24-B8BC-414CBDC75DDE}.Debug|Mixed Platforms.Build.0 = Debug|Any CPU
		{54C5EEC5-B07B-4A24-B8BC-414CBDC75DDE}.Debug|x86.ActiveCfg = Debug|Any CPU
		{54C5EEC5-B07B-4A24-B8BC-414CBDC75DDE}.Release|Any CPU.ActiveCfg = Release|Any CPU
		{54C5EEC5-B07B-4A24-B8BC-414CBDC75DDE}.Release|Any CPU.Build.0 = Release|Any CPU
		{54C5EEC5-B07B-4A24-B8BC-414CBDC75DDE}.Release|Mixed Platforms.ActiveCfg = Release|Any CPU
		{54C5EEC5-B07B-4A24-B8BC-414CBDC75DDE}.Release|Mixed Platforms.Build.0 = Release|Any CPU
		{54C5EEC5-B07B-4A24-B8BC-414CBDC75DDE}.Release|x86.ActiveCfg = Release|Any CPU
		{42DFAFD4-E2C7-45E6-A561-7E7798D3FE55}.Debug|Any CPU.ActiveCfg = Debug|Any CPU
		{42DFAFD4-E2C7-45E6-A561-7E7798D3FE55}.Debug|Any CPU.Build.0 = Debug|Any CPU
		{42DFAFD4-E2C7-45E6-A561-7E7798D3FE55}.Debug|Mixed Platforms.ActiveCfg = Debug|Any CPU
		{42DFAFD4-E2C7-45E6-A561-7E7798D3FE55}.Debug|Mixed Platforms.Build.0 = Debug|Any CPU
		{42DFAFD4-E2C7-45E6-A561-7E7798D3FE55}.Debug|x86.ActiveCfg = Debug|Any CPU
		{42DFAFD4-E2C7-45E6-A561-7E7798D3FE55}.Release|Any CPU.ActiveCfg = Release|Any CPU
		{42DFAFD4-E2C7-45E6-A561-7E7798D3FE55}.Release|Any CPU.Build.0 = Release|Any CPU
		{42DFAFD4-E2C7-45E6-A561-7E7798D3FE55}.Release|Mixed Platforms.ActiveCfg = Release|Any CPU
		{42DFAFD4-E2C7-45E6-A561-7E7798D3FE55}.Release|Mixed Platforms.Build.0 = Release|Any CPU
		{42DFAFD4-E2C7-45E6-A561-7E7798D3FE55}.Release|x86.ActiveCfg = Release|Any CPU
		{3B57FECB-2C79-4D23-83EA-5247427B2442}.Debug|Any CPU.ActiveCfg = Debug|Any CPU
		{3B57FECB-2C79-4D23-83EA-5247427B2442}.Debug|Any CPU.Build.0 = Debug|Any CPU
		{3B57FECB-2C79-4D23-83EA-5247427B2442}.Debug|Mixed Platforms.ActiveCfg = Debug|Any CPU
		{3B57FECB-2C79-4D23-83EA-5247427B2442}.Debug|Mixed Platforms.Build.0 = Debug|Any CPU
		{3B57FECB-2C79-4D23-83EA-5247427B2442}.Debug|x86.ActiveCfg = Debug|Any CPU
		{3B57FECB-2C79-4D23-83EA-5247427B2442}.Release|Any CPU.ActiveCfg = Release|Any CPU
		{3B57FECB-2C79-4D23-83EA-5247427B2442}.Release|Any CPU.Build.0 = Release|Any CPU
		{3B57FECB-2C79-4D23-83EA-5247427B2442}.Release|Mixed Platforms.ActiveCfg = Release|Any CPU
		{3B57FECB-2C79-4D23-83EA-5247427B2442}.Release|Mixed Platforms.Build.0 = Release|Any CPU
		{3B57FECB-2C79-4D23-83EA-5247427B2442}.Release|x86.ActiveCfg = Release|Any CPU
		{28227DF3-62E5-46B2-BABB-C21684EA7425}.Debug|Any CPU.ActiveCfg = Debug|Any CPU
		{28227DF3-62E5-46B2-BABB-C21684EA7425}.Debug|Any CPU.Build.0 = Debug|Any CPU
		{28227DF3-62E5-46B2-BABB-C21684EA7425}.Debug|Mixed Platforms.ActiveCfg = Debug|Any CPU
		{28227DF3-62E5-46B2-BABB-C21684EA7425}.Debug|Mixed Platforms.Build.0 = Debug|Any CPU
		{28227DF3-62E5-46B2-BABB-C21684EA7425}.Debug|x86.ActiveCfg = Debug|Any CPU
		{28227DF3-62E5-46B2-BABB-C21684EA7425}.Release|Any CPU.ActiveCfg = Release|Any CPU
		{28227DF3-62E5-46B2-BABB-C21684EA7425}.Release|Any CPU.Build.0 = Release|Any CPU
		{28227DF3-62E5-46B2-BABB-C21684EA7425}.Release|Mixed Platforms.ActiveCfg = Release|Any CPU
		{28227DF3-62E5-46B2-BABB-C21684EA7425}.Release|Mixed Platforms.Build.0 = Release|Any CPU
		{28227DF3-62E5-46B2-BABB-C21684EA7425}.Release|x86.ActiveCfg = Release|Any CPU
		{90020027-AD6A-4052-820E-057BEBAA8E2E}.Debug|Any CPU.ActiveCfg = Debug|Any CPU
		{90020027-AD6A-4052-820E-057BEBAA8E2E}.Debug|Any CPU.Build.0 = Debug|Any CPU
		{90020027-AD6A-4052-820E-057BEBAA8E2E}.Debug|Mixed Platforms.ActiveCfg = Debug|Any CPU
		{90020027-AD6A-4052-820E-057BEBAA8E2E}.Debug|Mixed Platforms.Build.0 = Debug|Any CPU
		{90020027-AD6A-4052-820E-057BEBAA8E2E}.Debug|x86.ActiveCfg = Debug|Any CPU
		{90020027-AD6A-4052-820E-057BEBAA8E2E}.Release|Any CPU.ActiveCfg = Release|Any CPU
		{90020027-AD6A-4052-820E-057BEBAA8E2E}.Release|Any CPU.Build.0 = Release|Any CPU
		{90020027-AD6A-4052-820E-057BEBAA8E2E}.Release|Mixed Platforms.ActiveCfg = Release|Any CPU
		{90020027-AD6A-4052-820E-057BEBAA8E2E}.Release|Mixed Platforms.Build.0 = Release|Any CPU
		{90020027-AD6A-4052-820E-057BEBAA8E2E}.Release|x86.ActiveCfg = Release|Any CPU
		{42F597BE-AADB-4712-9EE8-AA79C5686D0F}.Debug|Any CPU.ActiveCfg = Debug|Any CPU
		{42F597BE-AADB-4712-9EE8-AA79C5686D0F}.Debug|Any CPU.Build.0 = Debug|Any CPU
		{42F597BE-AADB-4712-9EE8-AA79C5686D0F}.Debug|Mixed Platforms.ActiveCfg = Debug|Any CPU
		{42F597BE-AADB-4712-9EE8-AA79C5686D0F}.Debug|Mixed Platforms.Build.0 = Debug|Any CPU
		{42F597BE-AADB-4712-9EE8-AA79C5686D0F}.Debug|x86.ActiveCfg = Debug|Any CPU
		{42F597BE-AADB-4712-9EE8-AA79C5686D0F}.Release|Any CPU.ActiveCfg = Release|Any CPU
		{42F597BE-AADB-4712-9EE8-AA79C5686D0F}.Release|Any CPU.Build.0 = Release|Any CPU
		{42F597BE-AADB-4712-9EE8-AA79C5686D0F}.Release|Mixed Platforms.ActiveCfg = Release|Any CPU
		{42F597BE-AADB-4712-9EE8-AA79C5686D0F}.Release|Mixed Platforms.Build.0 = Release|Any CPU
		{42F597BE-AADB-4712-9EE8-AA79C5686D0F}.Release|x86.ActiveCfg = Release|Any CPU
		{270E7816-13EC-4D51-A27F-C959981B1275}.Debug|Any CPU.ActiveCfg = Debug|Any CPU
		{270E7816-13EC-4D51-A27F-C959981B1275}.Debug|Any CPU.Build.0 = Debug|Any CPU
		{270E7816-13EC-4D51-A27F-C959981B1275}.Debug|Mixed Platforms.ActiveCfg = Debug|Any CPU
		{270E7816-13EC-4D51-A27F-C959981B1275}.Debug|Mixed Platforms.Build.0 = Debug|Any CPU
		{270E7816-13EC-4D51-A27F-C959981B1275}.Debug|x86.ActiveCfg = Debug|Any CPU
		{270E7816-13EC-4D51-A27F-C959981B1275}.Release|Any CPU.ActiveCfg = Release|Any CPU
		{270E7816-13EC-4D51-A27F-C959981B1275}.Release|Any CPU.Build.0 = Release|Any CPU
		{270E7816-13EC-4D51-A27F-C959981B1275}.Release|Mixed Platforms.ActiveCfg = Release|Any CPU
		{270E7816-13EC-4D51-A27F-C959981B1275}.Release|Mixed Platforms.Build.0 = Release|Any CPU
		{270E7816-13EC-4D51-A27F-C959981B1275}.Release|x86.ActiveCfg = Release|Any CPU
		{C4C907E6-860C-4684-AFF3-26269BF193F3}.Debug|Any CPU.ActiveCfg = Debug|Any CPU
		{C4C907E6-860C-4684-AFF3-26269BF193F3}.Debug|Any CPU.Build.0 = Debug|Any CPU
		{C4C907E6-860C-4684-AFF3-26269BF193F3}.Debug|Mixed Platforms.ActiveCfg = Debug|Any CPU
		{C4C907E6-860C-4684-AFF3-26269BF193F3}.Debug|Mixed Platforms.Build.0 = Debug|Any CPU
		{C4C907E6-860C-4684-AFF3-26269BF193F3}.Debug|x86.ActiveCfg = Debug|Any CPU
		{C4C907E6-860C-4684-AFF3-26269BF193F3}.Release|Any CPU.ActiveCfg = Release|Any CPU
		{C4C907E6-860C-4684-AFF3-26269BF193F3}.Release|Any CPU.Build.0 = Release|Any CPU
		{C4C907E6-860C-4684-AFF3-26269BF193F3}.Release|Mixed Platforms.ActiveCfg = Release|Any CPU
		{C4C907E6-860C-4684-AFF3-26269BF193F3}.Release|Mixed Platforms.Build.0 = Release|Any CPU
		{C4C907E6-860C-4684-AFF3-26269BF193F3}.Release|x86.ActiveCfg = Release|Any CPU
		{4C512369-20F4-4D21-A18A-32018850B698}.Debug|Any CPU.ActiveCfg = Debug|x86
		{4C512369-20F4-4D21-A18A-32018850B698}.Debug|Mixed Platforms.ActiveCfg = Debug|x86
		{4C512369-20F4-4D21-A18A-32018850B698}.Debug|Mixed Platforms.Build.0 = Debug|x86
		{4C512369-20F4-4D21-A18A-32018850B698}.Debug|x86.ActiveCfg = Debug|x86
		{4C512369-20F4-4D21-A18A-32018850B698}.Debug|x86.Build.0 = Debug|x86
		{4C512369-20F4-4D21-A18A-32018850B698}.Release|Any CPU.ActiveCfg = Release|x86
		{4C512369-20F4-4D21-A18A-32018850B698}.Release|Mixed Platforms.ActiveCfg = Release|x86
		{4C512369-20F4-4D21-A18A-32018850B698}.Release|Mixed Platforms.Build.0 = Release|x86
		{4C512369-20F4-4D21-A18A-32018850B698}.Release|x86.ActiveCfg = Release|x86
		{4C512369-20F4-4D21-A18A-32018850B698}.Release|x86.Build.0 = Release|x86
	EndGlobalSection
	GlobalSection(SolutionProperties) = preSolution
		HideSolutionNode = FALSE
	EndGlobalSection
EndGlobal
